// !$*UTF8*$!
{
	archiveVersion = 1;
	classes = {
	};
	objectVersion = 70;
	objects = {

/* Begin PBXBuildFile section */
		C60700CD2AFE05D9009D202A /* ThemeService.swift in Sources */ = {isa = PBXBuildFile; fileRef = C60700CC2AFE05D9009D202A /* ThemeService.swift */; };
		C60700CF2AFE14F1009D202A /* ThemesViewModel.swift in Sources */ = {isa = PBXBuildFile; fileRef = C60700CE2AFE14F1009D202A /* ThemesViewModel.swift */; };
		C627C8CC2AE25831004D867B /* Color+Extension.swift in Sources */ = {isa = PBXBuildFile; fileRef = C627C8CB2AE25831004D867B /* Color+Extension.swift */; };
		C6336CF32AAF1AA0007355EC /* ImagePicker.swift in Sources */ = {isa = PBXBuildFile; fileRef = C6336CF22AAF1AA0007355EC /* ImagePicker.swift */; };
		C63DB3AC2B1188C50026B668 /* ReportService.swift in Sources */ = {isa = PBXBuildFile; fileRef = C63DB3AB2B1188C50026B668 /* ReportService.swift */; };
		C63DB3B02B118C280026B668 /* ReportViewModel.swift in Sources */ = {isa = PBXBuildFile; fileRef = C63DB3AF2B118C280026B668 /* ReportViewModel.swift */; };
		C65330352B02540300E6B283 /* FollowService.swift in Sources */ = {isa = PBXBuildFile; fileRef = C65330342B02540300E6B283 /* FollowService.swift */; };
		C667E97E2AC9DE7F006EE7A9 /* BookStoriesViewModel.swift in Sources */ = {isa = PBXBuildFile; fileRef = C667E97D2AC9DE7F006EE7A9 /* BookStoriesViewModel.swift */; };
		C667E9802ACA388C006EE7A9 /* UserViewModel.swift in Sources */ = {isa = PBXBuildFile; fileRef = C667E97F2ACA388C006EE7A9 /* UserViewModel.swift */; };
		C6691C522B04DA8C0083C678 /* FollowViewModel.swift in Sources */ = {isa = PBXBuildFile; fileRef = C6691C512B04DA8C0083C678 /* FollowViewModel.swift */; };
		C6691C5A2B0619C10083C678 /* UserSearchViewModel.swift in Sources */ = {isa = PBXBuildFile; fileRef = C6691C592B0619C10083C678 /* UserSearchViewModel.swift */; };
		C67AA3C92AE3839F00490DDE /* BookSearchService.swift in Sources */ = {isa = PBXBuildFile; fileRef = C67AA3C82AE3839F00490DDE /* BookSearchService.swift */; };
		C67AA3CB2AE389F500490DDE /* BookSearchViewModel.swift in Sources */ = {isa = PBXBuildFile; fileRef = C67AA3CA2AE389F500490DDE /* BookSearchViewModel.swift */; };
		C694A2DF2AC3FFBA00574D20 /* Alamofire in Frameworks */ = {isa = PBXBuildFile; productRef = C694A2DE2AC3FFBA00574D20 /* Alamofire */; };
		C694A2ED2AC5778400574D20 /* UserService.swift in Sources */ = {isa = PBXBuildFile; fileRef = C694A2EC2AC5778400574D20 /* UserService.swift */; };
		C697D0F82AC8F64400F0111B /* SDWebImageSwiftUI in Frameworks */ = {isa = PBXBuildFile; productRef = C697D0F72AC8F64400F0111B /* SDWebImageSwiftUI */; };
		C697D1002AC9535B00F0111B /* BookStoryService.swift in Sources */ = {isa = PBXBuildFile; fileRef = C697D0FF2AC9535B00F0111B /* BookStoryService.swift */; };
		C6B56FDD2AA8B60B003905C3 /* QuoteHubApp.swift in Sources */ = {isa = PBXBuildFile; fileRef = C6B56FDC2AA8B60B003905C3 /* QuoteHubApp.swift */; };
		C6B56FDF2AA8B60B003905C3 /* ContentView.swift in Sources */ = {isa = PBXBuildFile; fileRef = C6B56FDE2AA8B60B003905C3 /* ContentView.swift */; };
		C6B56FE12AA8B60D003905C3 /* Assets.xcassets in Resources */ = {isa = PBXBuildFile; fileRef = C6B56FE02AA8B60D003905C3 /* Assets.xcassets */; };
		C6B56FE42AA8B60D003905C3 /* Preview Assets.xcassets in Resources */ = {isa = PBXBuildFile; fileRef = C6B56FE32AA8B60D003905C3 /* Preview Assets.xcassets */; };
		C6D78A0A2AD03B2900F03FB8 /* APIEndpoint.swift in Sources */ = {isa = PBXBuildFile; fileRef = C6D78A092AD03B2900F03FB8 /* APIEndpoint.swift */; };
		C6DE7F512AF76B480020F5CB /* BookStoryCommentService.swift in Sources */ = {isa = PBXBuildFile; fileRef = C6DE7F502AF76B480020F5CB /* BookStoryCommentService.swift */; };
		C6DE7F562AF76EA30020F5CB /* TabBar in Frameworks */ = {isa = PBXBuildFile; productRef = C6DE7F552AF76EA30020F5CB /* TabBar */; };
		C6DE7F612AF7C2940020F5CB /* BookStoryCommentsViewModel.swift in Sources */ = {isa = PBXBuildFile; fileRef = C6DE7F602AF7C2940020F5CB /* BookStoryCommentsViewModel.swift */; };
		C6E465582ADEAB66002F5FA0 /* CheckboxStyle.swift in Sources */ = {isa = PBXBuildFile; fileRef = C6E465572ADEAB66002F5FA0 /* CheckboxStyle.swift */; };
		CE1100DB2E0275D6003C592E /* StoryBookView.swift in Sources */ = {isa = PBXBuildFile; fileRef = CE1100DA2E0275D6003C592E /* StoryBookView.swift */; };
		CE1100E62E0280C3003C592E /* LoadingViewModel.swift in Sources */ = {isa = PBXBuildFile; fileRef = CE1100E52E0280C3003C592E /* LoadingViewModel.swift */; };
		CE1100EC2E02816A003C592E /* CustomTextEditor.swift in Sources */ = {isa = PBXBuildFile; fileRef = CE1100E72E02816A003C592E /* CustomTextEditor.swift */; };
		CE1100ED2E02816A003C592E /* FeedbackView.swift in Sources */ = {isa = PBXBuildFile; fileRef = CE1100E82E02816A003C592E /* FeedbackView.swift */; };
		CE1100EE2E02816A003C592E /* StoryCharacterCountView.swift in Sources */ = {isa = PBXBuildFile; fileRef = CE1100E92E02816A003C592E /* StoryCharacterCountView.swift */; };
		CE1100EF2E02816A003C592E /* StoryCreateGuideSection.swift in Sources */ = {isa = PBXBuildFile; fileRef = CE1100EA2E02816A003C592E /* StoryCreateGuideSection.swift */; };
		CE1100F52E02816A003C592E /* HomeUserLevelBadge.swift in Sources */ = {isa = PBXBuildFile; fileRef = CE1100F02E02816A003C592E /* HomeUserLevelBadge.swift */; };
		CE1100F62E02816A003C592E /* ReadingLevel.swift in Sources */ = {isa = PBXBuildFile; fileRef = CE1100F12E02816A003C592E /* ReadingLevel.swift */; };
		CE1100F72E02816A003C592E /* ReadingLevelSection.swift in Sources */ = {isa = PBXBuildFile; fileRef = CE1100F22E02816A003C592E /* ReadingLevelSection.swift */; };
		CE1100F82E02816A003C592E /* ReadingProgressSection.swift in Sources */ = {isa = PBXBuildFile; fileRef = CE1100F32E02816A003C592E /* ReadingProgressSection.swift */; };
		CE1100FA2E028257003C592E /* BookSearchResultRowView.swift in Sources */ = {isa = PBXBuildFile; fileRef = CE1100F92E028257003C592E /* BookSearchResultRowView.swift */; };
		CE1100FC2E02F188003C592E /* RequestBody.swift in Sources */ = {isa = PBXBuildFile; fileRef = CE1100FB2E02F188003C592E /* RequestBody.swift */; };
		CE1100FE2E03D022003C592E /* ThemeEndpoints.swift in Sources */ = {isa = PBXBuildFile; fileRef = CE1100FD2E03D022003C592E /* ThemeEndpoints.swift */; };
		CE1101012E03D41F003C592E /* LoadType.swift in Sources */ = {isa = PBXBuildFile; fileRef = CE1101002E03D41F003C592E /* LoadType.swift */; };
		CE1101032E03E28E003C592E /* BookStoryCommentEndpoints.swift in Sources */ = {isa = PBXBuildFile; fileRef = CE1101022E03E28E003C592E /* BookStoryCommentEndpoints.swift */; };
		CE1101052E040217003C592E /* timeAgoString.swift in Sources */ = {isa = PBXBuildFile; fileRef = CE1101042E040217003C592E /* timeAgoString.swift */; };
		CE1101092E0475DC003C592E /* BookStoryDetailViewModel.swift in Sources */ = {isa = PBXBuildFile; fileRef = CE1101062E0475DC003C592E /* BookStoryDetailViewModel.swift */; };
		CE11010A2E0475DC003C592E /* StoryFormViewModel.swift in Sources */ = {isa = PBXBuildFile; fileRef = CE1101072E0475DC003C592E /* StoryFormViewModel.swift */; };
		CE11010C2E047608003C592E /* BlockReportService.swift in Sources */ = {isa = PBXBuildFile; fileRef = CE11010B2E047608003C592E /* BlockReportService.swift */; };
		CE11010E2E047641003C592E /* BlockReportEndpoints.swift in Sources */ = {isa = PBXBuildFile; fileRef = CE11010D2E047641003C592E /* BlockReportEndpoints.swift */; };
		CE1101102E04775D003C592E /* BlockReportViewModel.swift in Sources */ = {isa = PBXBuildFile; fileRef = CE11010F2E04775D003C592E /* BlockReportViewModel.swift */; };
		CE4FEF5B2DF925EE0072E8B9 /* RoundedCorner.swift in Sources */ = {isa = PBXBuildFile; fileRef = CE4FEF5A2DF925EE0072E8B9 /* RoundedCorner.swift */; };
		CE4FEF5D2DF93F260072E8B9 /* HiddenModifier.swift in Sources */ = {isa = PBXBuildFile; fileRef = CE4FEF5C2DF93F260072E8B9 /* HiddenModifier.swift */; };
		CE4FEF812DFA90D80072E8B9 /* AchievementBadgesView.swift in Sources */ = {isa = PBXBuildFile; fileRef = CE4FEF802DFA90D80072E8B9 /* AchievementBadgesView.swift */; };
		CE4FEF872DFB39080072E8B9 /* CarouselStoryQuotesDisplayView.swift in Sources */ = {isa = PBXBuildFile; fileRef = CE4FEF862DFB39080072E8B9 /* CarouselStoryQuotesDisplayView.swift */; };
		CE4FEF892DFB391F0072E8B9 /* ListStoryQuotesDisplayView.swift in Sources */ = {isa = PBXBuildFile; fileRef = CE4FEF882DFB391F0072E8B9 /* ListStoryQuotesDisplayView.swift */; };
		CE4FEF8B2DFB3EFC0072E8B9 /* CommonStoryDisplayView.swift in Sources */ = {isa = PBXBuildFile; fileRef = CE4FEF8A2DFB3EFC0072E8B9 /* CommonStoryDisplayView.swift */; };
		CE4FEFAA2DFDC0350072E8B9 /* TabController.swift in Sources */ = {isa = PBXBuildFile; fileRef = CE4FEFA92DFDC0350072E8B9 /* TabController.swift */; };
		CE4FEFAD2DFEABA20072E8B9 /* KeychainAccess in Frameworks */ = {isa = PBXBuildFile; productRef = CE4FEFAC2DFEABA20072E8B9 /* KeychainAccess */; };
		CE8C477F2DEA8D84003188ED /* LoginView.swift in Sources */ = {isa = PBXBuildFile; fileRef = CE8C47782DEA8D84003188ED /* LoginView.swift */; };
		CE8C47802DEA8D84003188ED /* OnboardingView.swift in Sources */ = {isa = PBXBuildFile; fileRef = CE8C47792DEA8D84003188ED /* OnboardingView.swift */; };
		CE8C47822DEA8D84003188ED /* KeyChainTokenManager.swift in Sources */ = {isa = PBXBuildFile; fileRef = CE8C477C2DEA8D84003188ED /* KeyChainTokenManager.swift */; };
		CE8C47832DEA8D84003188ED /* UserAuthenticationManager.swift in Sources */ = {isa = PBXBuildFile; fileRef = CE8C477D2DEA8D84003188ED /* UserAuthenticationManager.swift */; };
		CE8C478E2DEA8D93003188ED /* APIResponse.swift in Sources */ = {isa = PBXBuildFile; fileRef = CE8C47842DEA8D93003188ED /* APIResponse.swift */; };
		CE8C478F2DEA8D93003188ED /* Book.swift in Sources */ = {isa = PBXBuildFile; fileRef = CE8C47852DEA8D93003188ED /* Book.swift */; };
		CE8C47902DEA8D93003188ED /* BookStory.swift in Sources */ = {isa = PBXBuildFile; fileRef = CE8C47862DEA8D93003188ED /* BookStory.swift */; };
		CE8C47912DEA8D93003188ED /* BookStoryComment.swift in Sources */ = {isa = PBXBuildFile; fileRef = CE8C47872DEA8D93003188ED /* BookStoryComment.swift */; };
		CE8C47922DEA8D93003188ED /* Theme.swift in Sources */ = {isa = PBXBuildFile; fileRef = CE8C47882DEA8D93003188ED /* Theme.swift */; };
		CE8C47942DEA8D93003188ED /* Report.swift in Sources */ = {isa = PBXBuildFile; fileRef = CE8C478A2DEA8D93003188ED /* Report.swift */; };
		CE8C47952DEA8D93003188ED /* User.swift in Sources */ = {isa = PBXBuildFile; fileRef = CE8C478B2DEA8D93003188ED /* User.swift */; };
		CE8C479D2DEA8D97003188ED /* APIClient.swift in Sources */ = {isa = PBXBuildFile; fileRef = CE8C47962DEA8D97003188ED /* APIClient.swift */; };
		CE8C479E2DEA8D97003188ED /* AuthEndpoints.swift in Sources */ = {isa = PBXBuildFile; fileRef = CE8C47972DEA8D97003188ED /* AuthEndpoints.swift */; };
		CE8C479F2DEA8D97003188ED /* BookSearchEndpoints.swift in Sources */ = {isa = PBXBuildFile; fileRef = CE8C47982DEA8D97003188ED /* BookSearchEndpoints.swift */; };
		CE8C47A02DEA8D97003188ED /* EndpointProtocol.swift in Sources */ = {isa = PBXBuildFile; fileRef = CE8C47992DEA8D97003188ED /* EndpointProtocol.swift */; };
		CE8C47A12DEA8D97003188ED /* NetworkError.swift in Sources */ = {isa = PBXBuildFile; fileRef = CE8C479A2DEA8D97003188ED /* NetworkError.swift */; };
		CE8C47A22DEA8D97003188ED /* UserEndpoints.swift in Sources */ = {isa = PBXBuildFile; fileRef = CE8C479B2DEA8D97003188ED /* UserEndpoints.swift */; };
		CE8C481B2DEA8DAE003188ED /* HomeView.swift in Sources */ = {isa = PBXBuildFile; fileRef = CE8C47F02DEA8DAE003188ED /* HomeView.swift */; };
		CE8C481C2DEA8DAE003188ED /* PublicStoriesListView.swift in Sources */ = {isa = PBXBuildFile; fileRef = CE8C47F12DEA8DAE003188ED /* PublicStoriesListView.swift */; };
		CE8C481D2DEA8DAE003188ED /* PublicThemesListView.swift in Sources */ = {isa = PBXBuildFile; fileRef = CE8C47F22DEA8DAE003188ED /* PublicThemesListView.swift */; };
		CE8C481E2DEA8DAE003188ED /* UserSearchView.swift in Sources */ = {isa = PBXBuildFile; fileRef = CE8C47F32DEA8DAE003188ED /* UserSearchView.swift */; };
		CE8C48202DEA8DAE003188ED /* KeywordGroupedStoriesView.swift in Sources */ = {isa = PBXBuildFile; fileRef = CE8C47F62DEA8DAE003188ED /* KeywordGroupedStoriesView.swift */; };
		CE8C48222DEA8DAE003188ED /* MainView.swift in Sources */ = {isa = PBXBuildFile; fileRef = CE8C47F92DEA8DAE003188ED /* MainView.swift */; };
		CE8C48232DEA8DAE003188ED /* FollowListView.swift in Sources */ = {isa = PBXBuildFile; fileRef = CE8C47FB2DEA8DAE003188ED /* FollowListView.swift */; };
		CE8C48262DEA8DAE003188ED /* LibraryView.swift in Sources */ = {isa = PBXBuildFile; fileRef = CE8C47FE2DEA8DAE003188ED /* LibraryView.swift */; };
		CE8C482D2DEA8DAE003188ED /* BlockedListView.swift in Sources */ = {isa = PBXBuildFile; fileRef = CE8C48072DEA8DAE003188ED /* BlockedListView.swift */; };
		CE8C482E2DEA8DAE003188ED /* DeveloperInfoView.swift in Sources */ = {isa = PBXBuildFile; fileRef = CE8C48082DEA8DAE003188ED /* DeveloperInfoView.swift */; };
		CE8C482F2DEA8DAE003188ED /* ReportListView.swift in Sources */ = {isa = PBXBuildFile; fileRef = CE8C48092DEA8DAE003188ED /* ReportListView.swift */; };
		CE8C48302DEA8DAE003188ED /* SettingView.swift in Sources */ = {isa = PBXBuildFile; fileRef = CE8C480A2DEA8DAE003188ED /* SettingView.swift */; };
		CE8C48312DEA8DAE003188ED /* UpdateProfileView.swift in Sources */ = {isa = PBXBuildFile; fileRef = CE8C480B2DEA8DAE003188ED /* UpdateProfileView.swift */; };
		CE8C48322DEA8DAE003188ED /* VersionInfoView.swift in Sources */ = {isa = PBXBuildFile; fileRef = CE8C480C2DEA8DAE003188ED /* VersionInfoView.swift */; };
		CE8C48332DEA8DAE003188ED /* CommentView.swift in Sources */ = {isa = PBXBuildFile; fileRef = CE8C480E2DEA8DAE003188ED /* CommentView.swift */; };
		CE8C48342DEA8DAE003188ED /* BookStoryDetailView.swift in Sources */ = {isa = PBXBuildFile; fileRef = CE8C480F2DEA8DAE003188ED /* BookStoryDetailView.swift */; };
		CE8C48392DEA8DAE003188ED /* ThemeDetailView.swift in Sources */ = {isa = PBXBuildFile; fileRef = CE8C48152DEA8DAE003188ED /* ThemeDetailView.swift */; };
		CE8C483A2DEA8DAE003188ED /* UpdateThemaView.swift in Sources */ = {isa = PBXBuildFile; fileRef = CE8C48162DEA8DAE003188ED /* UpdateThemaView.swift */; };
		CE8C483B2DEA8DAE003188ED /* ReportSheetView.swift in Sources */ = {isa = PBXBuildFile; fileRef = CE8C48182DEA8DAE003188ED /* ReportSheetView.swift */; };
		CE8C483C2DEA8DAE003188ED /* WebView.swift in Sources */ = {isa = PBXBuildFile; fileRef = CE8C48192DEA8DAE003188ED /* WebView.swift */; };
		CE8C48402DEAB3FE003188ED /* AnimatedText.swift in Sources */ = {isa = PBXBuildFile; fileRef = CE8C483F2DEAB3FE003188ED /* AnimatedText.swift */; };
		CE8C48442DEAD467003188ED /* CustomTabbar.swift in Sources */ = {isa = PBXBuildFile; fileRef = CE8C48432DEAD467003188ED /* CustomTabbar.swift */; };
		CE8C48462DEAD67D003188ED /* FloatingActionOverlay.swift in Sources */ = {isa = PBXBuildFile; fileRef = CE8C48452DEAD67D003188ED /* FloatingActionOverlay.swift */; };
		CE8C48652DEAE2A9003188ED /* FontManager.swift in Sources */ = {isa = PBXBuildFile; fileRef = CE8C48642DEAE2A9003188ED /* FontManager.swift */; };
		CE8C48672DEB0F53003188ED /* ButtonStyle.swift in Sources */ = {isa = PBXBuildFile; fileRef = CE8C48662DEB0F53003188ED /* ButtonStyle.swift */; };
		CE8C48692DEB1972003188ED /* ThemeToggleButton.swift in Sources */ = {isa = PBXBuildFile; fileRef = CE8C48682DEB1972003188ED /* ThemeToggleButton.swift */; };
		CE8C486D2DEB2A62003188ED /* LaunchScreenView.swift in Sources */ = {isa = PBXBuildFile; fileRef = CE8C486C2DEB2A62003188ED /* LaunchScreenView.swift */; };
		CE8C486F2DEB2E39003188ED /* LibraryTabButtonView.swift in Sources */ = {isa = PBXBuildFile; fileRef = CE8C486E2DEB2E39003188ED /* LibraryTabButtonView.swift */; };
		CE8C48712DEB5190003188ED /* ProfileView.swift in Sources */ = {isa = PBXBuildFile; fileRef = CE8C48702DEB5190003188ED /* ProfileView.swift */; };
		CE8C48732DEBECAC003188ED /* Spacer.swift in Sources */ = {isa = PBXBuildFile; fileRef = CE8C48722DEBECAC003188ED /* Spacer.swift */; };
		CE8C48752DEBECED003188ED /* NavBarLogo.swift in Sources */ = {isa = PBXBuildFile; fileRef = CE8C48742DEBECED003188ED /* NavBarLogo.swift */; };
		CE8C48772DEBEDE0003188ED /* RandomBookListView.swift in Sources */ = {isa = PBXBuildFile; fileRef = CE8C48762DEBEDE0003188ED /* RandomBookListView.swift */; };
		CE8C487F2DEBF39D003188ED /* BookDetailView.swift in Sources */ = {isa = PBXBuildFile; fileRef = CE8C487A2DEBF39D003188ED /* BookDetailView.swift */; };
		CE8C48812DEBF39D003188ED /* SearchBookView.swift in Sources */ = {isa = PBXBuildFile; fileRef = CE8C487C2DEBF39D003188ED /* SearchBookView.swift */; };
		CE8C48822DEBF39D003188ED /* SetThemeView.swift in Sources */ = {isa = PBXBuildFile; fileRef = CE8C487D2DEBF39D003188ED /* SetThemeView.swift */; };
		CE8C48862DEBF39F003188ED /* CreateThemeView.swift in Sources */ = {isa = PBXBuildFile; fileRef = CE8C48832DEBF39F003188ED /* CreateThemeView.swift */; };
		CE8C488A2DEC3BF2003188ED /* LibraryThemesView(My+Friend).swift in Sources */ = {isa = PBXBuildFile; fileRef = CE8C48892DEC3BF2003188ED /* LibraryThemesView(My+Friend).swift */; };
		CE8C488C2DEC3E73003188ED /* LibraryStoriesView(My+Friend).swift in Sources */ = {isa = PBXBuildFile; fileRef = CE8C488B2DEC3E73003188ED /* LibraryStoriesView(My+Friend).swift */; };
		CE8C488E2DEC46E9003188ED /* TabIndicator.swift in Sources */ = {isa = PBXBuildFile; fileRef = CE8C488D2DEC46E9003188ED /* TabIndicator.swift */; };
		CE8C48902DEC96B6003188ED /* PhotoPickerAlertType.swift in Sources */ = {isa = PBXBuildFile; fileRef = CE8C488F2DEC96B6003188ED /* PhotoPickerAlertType.swift */; };
		CE8C48E12DF04BD8003188ED /* CustomProgressView.swift in Sources */ = {isa = PBXBuildFile; fileRef = CE8C48E02DF04BD8003188ED /* CustomProgressView.swift */; };
		CE8C48E42DF05290003188ED /* Lottie in Frameworks */ = {isa = PBXBuildFile; productRef = CE8C48E32DF05290003188ED /* Lottie */; };
		CE8C48ED2DF1134C003188ED /* RandomBooksViewModel.swift in Sources */ = {isa = PBXBuildFile; fileRef = CE8C48EC2DF1134C003188ED /* RandomBooksViewModel.swift */; };
		CE8C49192DF15FF9003188ED /* DraftStory.swift in Sources */ = {isa = PBXBuildFile; fileRef = CE8C49182DF15FF9003188ED /* DraftStory.swift */; };
		CE8C49452DF18B69003188ED /* ThemeGalleryGridView.swift in Sources */ = {isa = PBXBuildFile; fileRef = CE8C49442DF18B68003188ED /* ThemeGalleryGridView.swift */; };
		CE8C49472DF18B89003188ED /* ThemeGalleryListView.swift in Sources */ = {isa = PBXBuildFile; fileRef = CE8C49462DF18B89003188ED /* ThemeGalleryListView.swift */; };
		CE8C49712DF19111003188ED /* StoryGridCard.swift in Sources */ = {isa = PBXBuildFile; fileRef = CE8C49702DF19111003188ED /* StoryGridCard.swift */; };
		CE8C49732DF19133003188ED /* StoryListCard.swift in Sources */ = {isa = PBXBuildFile; fileRef = CE8C49722DF19133003188ED /* StoryListCard.swift */; };
		CE8C49772DF1D132003188ED /* StoryView.swift in Sources */ = {isa = PBXBuildFile; fileRef = CE8C49762DF1D132003188ED /* StoryView.swift */; };
		CE8C49792DF1DB4E003188ED /* ThemeView.swift in Sources */ = {isa = PBXBuildFile; fileRef = CE8C49782DF1DB4E003188ED /* ThemeView.swift */; };
		CE8C497F2DF1E874003188ED /* AppVersionManager.swift in Sources */ = {isa = PBXBuildFile; fileRef = CE8C497E2DF1E874003188ED /* AppVersionManager.swift */; };
		CEA554B82E003BFD0029A8A9 /* CarouselQuotesRecordView.swift in Sources */ = {isa = PBXBuildFile; fileRef = CEA554AE2E003BFD0029A8A9 /* CarouselQuotesRecordView.swift */; };
		CEA554BA2E003BFD0029A8A9 /* KeywordInputSection.swift in Sources */ = {isa = PBXBuildFile; fileRef = CEA554B02E003BFD0029A8A9 /* KeywordInputSection.swift */; };
		CEA554BB2E003BFD0029A8A9 /* ListQuotesRecordView.swift in Sources */ = {isa = PBXBuildFile; fileRef = CEA554B12E003BFD0029A8A9 /* ListQuotesRecordView.swift */; };
		CEA554BC2E003BFD0029A8A9 /* StoryQuotesRecordView.swift in Sources */ = {isa = PBXBuildFile; fileRef = CEA554B22E003BFD0029A8A9 /* StoryQuotesRecordView.swift */; };
		CEA554BD2E003BFD0029A8A9 /* StorySettingRecordView.swift in Sources */ = {isa = PBXBuildFile; fileRef = CEA554B32E003BFD0029A8A9 /* StorySettingRecordView.swift */; };
		CEA554BE2E003BFD0029A8A9 /* ThemeSelectionCard + PrivacyToggleCard.swift in Sources */ = {isa = PBXBuildFile; fileRef = CEA554B42E003BFD0029A8A9 /* ThemeSelectionCard + PrivacyToggleCard.swift */; };
		CEA554BF2E003BFD0029A8A9 /* ThoughtInputCard.swift in Sources */ = {isa = PBXBuildFile; fileRef = CEA554B52E003BFD0029A8A9 /* ThoughtInputCard.swift */; };
		CEA554C12E003C670029A8A9 /* CardHeader.swift in Sources */ = {isa = PBXBuildFile; fileRef = CEA554C02E003C670029A8A9 /* CardHeader.swift */; };
		CEA554CC2E01230D0029A8A9 /* UIImage+Extension.swift in Sources */ = {isa = PBXBuildFile; fileRef = CEA554CB2E01230D0029A8A9 /* UIImage+Extension.swift */; };
		CEA554CF2E018AF30029A8A9 /* DraftManager.swift in Sources */ = {isa = PBXBuildFile; fileRef = CEA554CD2E018AF30029A8A9 /* DraftManager.swift */; };
		CEA554D22E018AF50029A8A9 /* symbolExampleView.swift in Sources */ = {isa = PBXBuildFile; fileRef = CEA554D02E018AF50029A8A9 /* symbolExampleView.swift */; };
		CEA554D42E018D9C0029A8A9 /* View+Extensions.swift in Sources */ = {isa = PBXBuildFile; fileRef = CEA554D32E018D9C0029A8A9 /* View+Extensions.swift */; };
		CEA554D62E018E290029A8A9 /* GradientBackground.swift in Sources */ = {isa = PBXBuildFile; fileRef = CEA554D52E018E290029A8A9 /* GradientBackground.swift */; };
		CEA554DD2E01931F0029A8A9 /* ProfileImage.swift in Sources */ = {isa = PBXBuildFile; fileRef = CEA554DC2E01931F0029A8A9 /* ProfileImage.swift */; };
		CEA554E22E01B1660029A8A9 /* BookStoryEndpoints.swift in Sources */ = {isa = PBXBuildFile; fileRef = CEA554E12E01B1660029A8A9 /* BookStoryEndpoints.swift */; };
		CECBB4742E05B408004C7856 /* BookStoryNotifications.swift in Sources */ = {isa = PBXBuildFile; fileRef = CECBB4732E05B408004C7856 /* BookStoryNotifications.swift */; };
		CECBB4A22E079EA6004C7856 /* MyBookStoriesViewModel.swift in Sources */ = {isa = PBXBuildFile; fileRef = CECBB4982E079EA6004C7856 /* MyBookStoriesViewModel.swift */; };
		CECBB4A32E079EA6004C7856 /* MySearchBookStoriesViewModel.swift in Sources */ = {isa = PBXBuildFile; fileRef = CECBB4992E079EA6004C7856 /* MySearchBookStoriesViewModel.swift */; };
		CECBB4A42E079EA6004C7856 /* MyThemeBookStoriesViewModel.swift in Sources */ = {isa = PBXBuildFile; fileRef = CECBB49A2E079EA6004C7856 /* MyThemeBookStoriesViewModel.swift */; };
		CECBB4A52E079EA6004C7856 /* BookStoriesViewModelProtocols.swift in Sources */ = {isa = PBXBuildFile; fileRef = CECBB49C2E079EA6004C7856 /* BookStoriesViewModelProtocols.swift */; };
		CECBB4A62E079EA6004C7856 /* PublicBookStoriesViewModel.swift in Sources */ = {isa = PBXBuildFile; fileRef = CECBB49E2E079EA6004C7856 /* PublicBookStoriesViewModel.swift */; };
		CECBB4A72E079EA6004C7856 /* ReadOnlyBookStoriesViewModels.swift in Sources */ = {isa = PBXBuildFile; fileRef = CECBB49F2E079EA6004C7856 /* ReadOnlyBookStoriesViewModels.swift */; };
		CECBB4A92E07AAFE004C7856 /* MyLibraryView.swift in Sources */ = {isa = PBXBuildFile; fileRef = CECBB4A82E07AAFE004C7856 /* MyLibraryView.swift */; };
		CECBB4AB2E07ABD9004C7856 /* LibraryTab.swift in Sources */ = {isa = PBXBuildFile; fileRef = CECBB4AA2E07ABD9004C7856 /* LibraryTab.swift */; };
		CECBB4AD2E07B03D004C7856 /* FriendLibraryView.swift in Sources */ = {isa = PBXBuildFile; fileRef = CECBB4AC2E07B03D004C7856 /* FriendLibraryView.swift */; };
		CECBB4AF2E07B19E004C7856 /* LibraryBaseView.swift in Sources */ = {isa = PBXBuildFile; fileRef = CECBB4AE2E07B19E004C7856 /* LibraryBaseView.swift */; };
		CECBB4B12E07B399004C7856 /* LibraryProfileSection.swift in Sources */ = {isa = PBXBuildFile; fileRef = CECBB4B02E07B399004C7856 /* LibraryProfileSection.swift */; };
		CECBB4B32E07B3AF004C7856 /* LibraryTabSection.swift in Sources */ = {isa = PBXBuildFile; fileRef = CECBB4B22E07B3AF004C7856 /* LibraryTabSection.swift */; };
		CECBB4B52E07B410004C7856 /* LibraryContentSection.swift in Sources */ = {isa = PBXBuildFile; fileRef = CECBB4B42E07B410004C7856 /* LibraryContentSection.swift */; };
		CECBB4B72E07B420004C7856 /* LibraryNavigationItems.swift in Sources */ = {isa = PBXBuildFile; fileRef = CECBB4B62E07B420004C7856 /* LibraryNavigationItems.swift */; };
		CED3795D2DFEE902001CE700 /* AuthService.swift in Sources */ = {isa = PBXBuildFile; fileRef = CED3795C2DFEE902001CE700 /* AuthService.swift */; };
/* End PBXBuildFile section */

/* Begin PBXFileReference section */
		C60700CC2AFE05D9009D202A /* ThemeService.swift */ = {isa = PBXFileReference; lastKnownFileType = sourcecode.swift; path = ThemeService.swift; sourceTree = "<group>"; };
		C60700CE2AFE14F1009D202A /* ThemesViewModel.swift */ = {isa = PBXFileReference; lastKnownFileType = sourcecode.swift; path = ThemesViewModel.swift; sourceTree = "<group>"; };
		C627C8CB2AE25831004D867B /* Color+Extension.swift */ = {isa = PBXFileReference; lastKnownFileType = sourcecode.swift; path = "Color+Extension.swift"; sourceTree = "<group>"; };
		C6336CF22AAF1AA0007355EC /* ImagePicker.swift */ = {isa = PBXFileReference; lastKnownFileType = sourcecode.swift; path = ImagePicker.swift; sourceTree = "<group>"; };
		C63DB3AB2B1188C50026B668 /* ReportService.swift */ = {isa = PBXFileReference; lastKnownFileType = sourcecode.swift; path = ReportService.swift; sourceTree = "<group>"; };
		C63DB3AF2B118C280026B668 /* ReportViewModel.swift */ = {isa = PBXFileReference; lastKnownFileType = sourcecode.swift; path = ReportViewModel.swift; sourceTree = "<group>"; };
		C65330342B02540300E6B283 /* FollowService.swift */ = {isa = PBXFileReference; lastKnownFileType = sourcecode.swift; path = FollowService.swift; sourceTree = "<group>"; };
		C667E97D2AC9DE7F006EE7A9 /* BookStoriesViewModel.swift */ = {isa = PBXFileReference; lastKnownFileType = sourcecode.swift; path = BookStoriesViewModel.swift; sourceTree = "<group>"; };
		C667E97F2ACA388C006EE7A9 /* UserViewModel.swift */ = {isa = PBXFileReference; lastKnownFileType = sourcecode.swift; path = UserViewModel.swift; sourceTree = "<group>"; };
		C6691C512B04DA8C0083C678 /* FollowViewModel.swift */ = {isa = PBXFileReference; lastKnownFileType = sourcecode.swift; path = FollowViewModel.swift; sourceTree = "<group>"; };
		C6691C592B0619C10083C678 /* UserSearchViewModel.swift */ = {isa = PBXFileReference; lastKnownFileType = sourcecode.swift; path = UserSearchViewModel.swift; sourceTree = "<group>"; };
		C67AA3C82AE3839F00490DDE /* BookSearchService.swift */ = {isa = PBXFileReference; lastKnownFileType = sourcecode.swift; path = BookSearchService.swift; sourceTree = "<group>"; };
		C67AA3CA2AE389F500490DDE /* BookSearchViewModel.swift */ = {isa = PBXFileReference; lastKnownFileType = sourcecode.swift; path = BookSearchViewModel.swift; sourceTree = "<group>"; };
		C694A2EC2AC5778400574D20 /* UserService.swift */ = {isa = PBXFileReference; lastKnownFileType = sourcecode.swift; path = UserService.swift; sourceTree = "<group>"; };
		C697D0FF2AC9535B00F0111B /* BookStoryService.swift */ = {isa = PBXFileReference; lastKnownFileType = sourcecode.swift; path = BookStoryService.swift; sourceTree = "<group>"; };
		C6B56FD92AA8B60B003905C3 /* QuoteHub.app */ = {isa = PBXFileReference; explicitFileType = wrapper.application; includeInIndex = 0; path = QuoteHub.app; sourceTree = BUILT_PRODUCTS_DIR; };
		C6B56FDC2AA8B60B003905C3 /* QuoteHubApp.swift */ = {isa = PBXFileReference; lastKnownFileType = sourcecode.swift; path = QuoteHubApp.swift; sourceTree = "<group>"; };
		C6B56FDE2AA8B60B003905C3 /* ContentView.swift */ = {isa = PBXFileReference; lastKnownFileType = sourcecode.swift; path = ContentView.swift; sourceTree = "<group>"; };
		C6B56FE02AA8B60D003905C3 /* Assets.xcassets */ = {isa = PBXFileReference; lastKnownFileType = folder.assetcatalog; path = Assets.xcassets; sourceTree = "<group>"; };
		C6B56FE32AA8B60D003905C3 /* Preview Assets.xcassets */ = {isa = PBXFileReference; lastKnownFileType = folder.assetcatalog; path = "Preview Assets.xcassets"; sourceTree = "<group>"; };
		C6B56FFD2AA8CC1B003905C3 /* QuoteHub.entitlements */ = {isa = PBXFileReference; lastKnownFileType = text.plist.entitlements; path = QuoteHub.entitlements; sourceTree = "<group>"; };
		C6D78A092AD03B2900F03FB8 /* APIEndpoint.swift */ = {isa = PBXFileReference; lastKnownFileType = sourcecode.swift; path = APIEndpoint.swift; sourceTree = "<group>"; };
		C6DE7F502AF76B480020F5CB /* BookStoryCommentService.swift */ = {isa = PBXFileReference; lastKnownFileType = sourcecode.swift; path = BookStoryCommentService.swift; sourceTree = "<group>"; };
		C6DE7F602AF7C2940020F5CB /* BookStoryCommentsViewModel.swift */ = {isa = PBXFileReference; lastKnownFileType = sourcecode.swift; path = BookStoryCommentsViewModel.swift; sourceTree = "<group>"; };
		C6E465572ADEAB66002F5FA0 /* CheckboxStyle.swift */ = {isa = PBXFileReference; lastKnownFileType = sourcecode.swift; path = CheckboxStyle.swift; sourceTree = "<group>"; };
		CE1100DA2E0275D6003C592E /* StoryBookView.swift */ = {isa = PBXFileReference; lastKnownFileType = sourcecode.swift; path = StoryBookView.swift; sourceTree = "<group>"; };
		CE1100E52E0280C3003C592E /* LoadingViewModel.swift */ = {isa = PBXFileReference; lastKnownFileType = sourcecode.swift; path = LoadingViewModel.swift; sourceTree = "<group>"; };
		CE1100E72E02816A003C592E /* CustomTextEditor.swift */ = {isa = PBXFileReference; lastKnownFileType = sourcecode.swift; path = CustomTextEditor.swift; sourceTree = "<group>"; };
		CE1100E82E02816A003C592E /* FeedbackView.swift */ = {isa = PBXFileReference; lastKnownFileType = sourcecode.swift; path = FeedbackView.swift; sourceTree = "<group>"; };
		CE1100E92E02816A003C592E /* StoryCharacterCountView.swift */ = {isa = PBXFileReference; lastKnownFileType = sourcecode.swift; path = StoryCharacterCountView.swift; sourceTree = "<group>"; };
		CE1100EA2E02816A003C592E /* StoryCreateGuideSection.swift */ = {isa = PBXFileReference; lastKnownFileType = sourcecode.swift; path = StoryCreateGuideSection.swift; sourceTree = "<group>"; };
		CE1100F02E02816A003C592E /* HomeUserLevelBadge.swift */ = {isa = PBXFileReference; lastKnownFileType = sourcecode.swift; path = HomeUserLevelBadge.swift; sourceTree = "<group>"; };
		CE1100F12E02816A003C592E /* ReadingLevel.swift */ = {isa = PBXFileReference; lastKnownFileType = sourcecode.swift; path = ReadingLevel.swift; sourceTree = "<group>"; };
		CE1100F22E02816A003C592E /* ReadingLevelSection.swift */ = {isa = PBXFileReference; lastKnownFileType = sourcecode.swift; path = ReadingLevelSection.swift; sourceTree = "<group>"; };
		CE1100F32E02816A003C592E /* ReadingProgressSection.swift */ = {isa = PBXFileReference; lastKnownFileType = sourcecode.swift; path = ReadingProgressSection.swift; sourceTree = "<group>"; };
		CE1100F92E028257003C592E /* BookSearchResultRowView.swift */ = {isa = PBXFileReference; lastKnownFileType = sourcecode.swift; path = BookSearchResultRowView.swift; sourceTree = "<group>"; };
		CE1100FB2E02F188003C592E /* RequestBody.swift */ = {isa = PBXFileReference; lastKnownFileType = sourcecode.swift; path = RequestBody.swift; sourceTree = "<group>"; };
		CE1100FD2E03D022003C592E /* ThemeEndpoints.swift */ = {isa = PBXFileReference; lastKnownFileType = sourcecode.swift; path = ThemeEndpoints.swift; sourceTree = "<group>"; };
		CE1101002E03D41F003C592E /* LoadType.swift */ = {isa = PBXFileReference; lastKnownFileType = sourcecode.swift; path = LoadType.swift; sourceTree = "<group>"; };
		CE1101022E03E28E003C592E /* BookStoryCommentEndpoints.swift */ = {isa = PBXFileReference; lastKnownFileType = sourcecode.swift; path = BookStoryCommentEndpoints.swift; sourceTree = "<group>"; };
		CE1101042E040217003C592E /* timeAgoString.swift */ = {isa = PBXFileReference; lastKnownFileType = sourcecode.swift; path = timeAgoString.swift; sourceTree = "<group>"; };
		CE1101062E0475DC003C592E /* BookStoryDetailViewModel.swift */ = {isa = PBXFileReference; lastKnownFileType = sourcecode.swift; path = BookStoryDetailViewModel.swift; sourceTree = "<group>"; };
		CE1101072E0475DC003C592E /* StoryFormViewModel.swift */ = {isa = PBXFileReference; lastKnownFileType = sourcecode.swift; path = StoryFormViewModel.swift; sourceTree = "<group>"; };
		CE11010B2E047608003C592E /* BlockReportService.swift */ = {isa = PBXFileReference; lastKnownFileType = sourcecode.swift; path = BlockReportService.swift; sourceTree = "<group>"; };
		CE11010D2E047641003C592E /* BlockReportEndpoints.swift */ = {isa = PBXFileReference; lastKnownFileType = sourcecode.swift; path = BlockReportEndpoints.swift; sourceTree = "<group>"; };
		CE11010F2E04775D003C592E /* BlockReportViewModel.swift */ = {isa = PBXFileReference; lastKnownFileType = sourcecode.swift; path = BlockReportViewModel.swift; sourceTree = "<group>"; };
		CE4FEF5A2DF925EE0072E8B9 /* RoundedCorner.swift */ = {isa = PBXFileReference; lastKnownFileType = sourcecode.swift; path = RoundedCorner.swift; sourceTree = "<group>"; };
		CE4FEF5C2DF93F260072E8B9 /* HiddenModifier.swift */ = {isa = PBXFileReference; lastKnownFileType = sourcecode.swift; path = HiddenModifier.swift; sourceTree = "<group>"; };
		CE4FEF802DFA90D80072E8B9 /* AchievementBadgesView.swift */ = {isa = PBXFileReference; lastKnownFileType = sourcecode.swift; path = AchievementBadgesView.swift; sourceTree = "<group>"; };
		CE4FEF862DFB39080072E8B9 /* CarouselStoryQuotesDisplayView.swift */ = {isa = PBXFileReference; lastKnownFileType = sourcecode.swift; path = CarouselStoryQuotesDisplayView.swift; sourceTree = "<group>"; };
		CE4FEF882DFB391F0072E8B9 /* ListStoryQuotesDisplayView.swift */ = {isa = PBXFileReference; lastKnownFileType = sourcecode.swift; path = ListStoryQuotesDisplayView.swift; sourceTree = "<group>"; };
		CE4FEF8A2DFB3EFC0072E8B9 /* CommonStoryDisplayView.swift */ = {isa = PBXFileReference; lastKnownFileType = sourcecode.swift; path = CommonStoryDisplayView.swift; sourceTree = "<group>"; };
		CE4FEFA92DFDC0350072E8B9 /* TabController.swift */ = {isa = PBXFileReference; lastKnownFileType = sourcecode.swift; path = TabController.swift; sourceTree = "<group>"; };
		CE8C47782DEA8D84003188ED /* LoginView.swift */ = {isa = PBXFileReference; lastKnownFileType = sourcecode.swift; path = LoginView.swift; sourceTree = "<group>"; };
		CE8C47792DEA8D84003188ED /* OnboardingView.swift */ = {isa = PBXFileReference; lastKnownFileType = sourcecode.swift; path = OnboardingView.swift; sourceTree = "<group>"; };
		CE8C477C2DEA8D84003188ED /* KeyChainTokenManager.swift */ = {isa = PBXFileReference; lastKnownFileType = sourcecode.swift; path = KeyChainTokenManager.swift; sourceTree = "<group>"; };
		CE8C477D2DEA8D84003188ED /* UserAuthenticationManager.swift */ = {isa = PBXFileReference; lastKnownFileType = sourcecode.swift; path = UserAuthenticationManager.swift; sourceTree = "<group>"; };
		CE8C47842DEA8D93003188ED /* APIResponse.swift */ = {isa = PBXFileReference; lastKnownFileType = sourcecode.swift; path = APIResponse.swift; sourceTree = "<group>"; };
		CE8C47852DEA8D93003188ED /* Book.swift */ = {isa = PBXFileReference; lastKnownFileType = sourcecode.swift; path = Book.swift; sourceTree = "<group>"; };
		CE8C47862DEA8D93003188ED /* BookStory.swift */ = {isa = PBXFileReference; lastKnownFileType = sourcecode.swift; path = BookStory.swift; sourceTree = "<group>"; };
		CE8C47872DEA8D93003188ED /* BookStoryComment.swift */ = {isa = PBXFileReference; lastKnownFileType = sourcecode.swift; path = BookStoryComment.swift; sourceTree = "<group>"; };
		CE8C47882DEA8D93003188ED /* Theme.swift */ = {isa = PBXFileReference; lastKnownFileType = sourcecode.swift; path = Theme.swift; sourceTree = "<group>"; };
		CE8C478A2DEA8D93003188ED /* Report.swift */ = {isa = PBXFileReference; lastKnownFileType = sourcecode.swift; path = Report.swift; sourceTree = "<group>"; };
		CE8C478B2DEA8D93003188ED /* User.swift */ = {isa = PBXFileReference; lastKnownFileType = sourcecode.swift; path = User.swift; sourceTree = "<group>"; };
		CE8C47962DEA8D97003188ED /* APIClient.swift */ = {isa = PBXFileReference; lastKnownFileType = sourcecode.swift; path = APIClient.swift; sourceTree = "<group>"; };
		CE8C47972DEA8D97003188ED /* AuthEndpoints.swift */ = {isa = PBXFileReference; lastKnownFileType = sourcecode.swift; path = AuthEndpoints.swift; sourceTree = "<group>"; };
		CE8C47982DEA8D97003188ED /* BookSearchEndpoints.swift */ = {isa = PBXFileReference; lastKnownFileType = sourcecode.swift; path = BookSearchEndpoints.swift; sourceTree = "<group>"; };
		CE8C47992DEA8D97003188ED /* EndpointProtocol.swift */ = {isa = PBXFileReference; lastKnownFileType = sourcecode.swift; path = EndpointProtocol.swift; sourceTree = "<group>"; };
		CE8C479A2DEA8D97003188ED /* NetworkError.swift */ = {isa = PBXFileReference; lastKnownFileType = sourcecode.swift; path = NetworkError.swift; sourceTree = "<group>"; };
		CE8C479B2DEA8D97003188ED /* UserEndpoints.swift */ = {isa = PBXFileReference; lastKnownFileType = sourcecode.swift; path = UserEndpoints.swift; sourceTree = "<group>"; };
		CE8C47F02DEA8DAE003188ED /* HomeView.swift */ = {isa = PBXFileReference; lastKnownFileType = sourcecode.swift; path = HomeView.swift; sourceTree = "<group>"; };
		CE8C47F12DEA8DAE003188ED /* PublicStoriesListView.swift */ = {isa = PBXFileReference; lastKnownFileType = sourcecode.swift; path = PublicStoriesListView.swift; sourceTree = "<group>"; };
		CE8C47F22DEA8DAE003188ED /* PublicThemesListView.swift */ = {isa = PBXFileReference; lastKnownFileType = sourcecode.swift; path = PublicThemesListView.swift; sourceTree = "<group>"; };
		CE8C47F32DEA8DAE003188ED /* UserSearchView.swift */ = {isa = PBXFileReference; lastKnownFileType = sourcecode.swift; path = UserSearchView.swift; sourceTree = "<group>"; };
		CE8C47F62DEA8DAE003188ED /* KeywordGroupedStoriesView.swift */ = {isa = PBXFileReference; lastKnownFileType = sourcecode.swift; path = KeywordGroupedStoriesView.swift; sourceTree = "<group>"; };
		CE8C47F92DEA8DAE003188ED /* MainView.swift */ = {isa = PBXFileReference; lastKnownFileType = sourcecode.swift; path = MainView.swift; sourceTree = "<group>"; };
		CE8C47FB2DEA8DAE003188ED /* FollowListView.swift */ = {isa = PBXFileReference; lastKnownFileType = sourcecode.swift; path = FollowListView.swift; sourceTree = "<group>"; };
		CE8C47FE2DEA8DAE003188ED /* LibraryView.swift */ = {isa = PBXFileReference; lastKnownFileType = sourcecode.swift; path = LibraryView.swift; sourceTree = "<group>"; };
		CE8C48072DEA8DAE003188ED /* BlockedListView.swift */ = {isa = PBXFileReference; lastKnownFileType = sourcecode.swift; path = BlockedListView.swift; sourceTree = "<group>"; };
		CE8C48082DEA8DAE003188ED /* DeveloperInfoView.swift */ = {isa = PBXFileReference; lastKnownFileType = sourcecode.swift; path = DeveloperInfoView.swift; sourceTree = "<group>"; };
		CE8C48092DEA8DAE003188ED /* ReportListView.swift */ = {isa = PBXFileReference; lastKnownFileType = sourcecode.swift; path = ReportListView.swift; sourceTree = "<group>"; };
		CE8C480A2DEA8DAE003188ED /* SettingView.swift */ = {isa = PBXFileReference; lastKnownFileType = sourcecode.swift; path = SettingView.swift; sourceTree = "<group>"; };
		CE8C480B2DEA8DAE003188ED /* UpdateProfileView.swift */ = {isa = PBXFileReference; lastKnownFileType = sourcecode.swift; path = UpdateProfileView.swift; sourceTree = "<group>"; };
		CE8C480C2DEA8DAE003188ED /* VersionInfoView.swift */ = {isa = PBXFileReference; lastKnownFileType = sourcecode.swift; path = VersionInfoView.swift; sourceTree = "<group>"; };
		CE8C480E2DEA8DAE003188ED /* CommentView.swift */ = {isa = PBXFileReference; lastKnownFileType = sourcecode.swift; path = CommentView.swift; sourceTree = "<group>"; };
		CE8C480F2DEA8DAE003188ED /* BookStoryDetailView.swift */ = {isa = PBXFileReference; lastKnownFileType = sourcecode.swift; path = BookStoryDetailView.swift; sourceTree = "<group>"; };
		CE8C48152DEA8DAE003188ED /* ThemeDetailView.swift */ = {isa = PBXFileReference; lastKnownFileType = sourcecode.swift; path = ThemeDetailView.swift; sourceTree = "<group>"; };
		CE8C48162DEA8DAE003188ED /* UpdateThemaView.swift */ = {isa = PBXFileReference; lastKnownFileType = sourcecode.swift; path = UpdateThemaView.swift; sourceTree = "<group>"; };
		CE8C48182DEA8DAE003188ED /* ReportSheetView.swift */ = {isa = PBXFileReference; lastKnownFileType = sourcecode.swift; path = ReportSheetView.swift; sourceTree = "<group>"; };
		CE8C48192DEA8DAE003188ED /* WebView.swift */ = {isa = PBXFileReference; lastKnownFileType = sourcecode.swift; path = WebView.swift; sourceTree = "<group>"; };
		CE8C483F2DEAB3FE003188ED /* AnimatedText.swift */ = {isa = PBXFileReference; lastKnownFileType = sourcecode.swift; path = AnimatedText.swift; sourceTree = "<group>"; };
		CE8C48432DEAD467003188ED /* CustomTabbar.swift */ = {isa = PBXFileReference; lastKnownFileType = sourcecode.swift; path = CustomTabbar.swift; sourceTree = "<group>"; };
		CE8C48452DEAD67D003188ED /* FloatingActionOverlay.swift */ = {isa = PBXFileReference; lastKnownFileType = sourcecode.swift; path = FloatingActionOverlay.swift; sourceTree = "<group>"; };
		CE8C48642DEAE2A9003188ED /* FontManager.swift */ = {isa = PBXFileReference; lastKnownFileType = sourcecode.swift; path = FontManager.swift; sourceTree = "<group>"; };
		CE8C48662DEB0F53003188ED /* ButtonStyle.swift */ = {isa = PBXFileReference; lastKnownFileType = sourcecode.swift; path = ButtonStyle.swift; sourceTree = "<group>"; };
		CE8C48682DEB1972003188ED /* ThemeToggleButton.swift */ = {isa = PBXFileReference; lastKnownFileType = sourcecode.swift; path = ThemeToggleButton.swift; sourceTree = "<group>"; };
		CE8C486C2DEB2A62003188ED /* LaunchScreenView.swift */ = {isa = PBXFileReference; lastKnownFileType = sourcecode.swift; path = LaunchScreenView.swift; sourceTree = "<group>"; };
		CE8C486E2DEB2E39003188ED /* LibraryTabButtonView.swift */ = {isa = PBXFileReference; lastKnownFileType = sourcecode.swift; path = LibraryTabButtonView.swift; sourceTree = "<group>"; };
		CE8C48702DEB5190003188ED /* ProfileView.swift */ = {isa = PBXFileReference; lastKnownFileType = sourcecode.swift; path = ProfileView.swift; sourceTree = "<group>"; };
		CE8C48722DEBECAC003188ED /* Spacer.swift */ = {isa = PBXFileReference; lastKnownFileType = sourcecode.swift; path = Spacer.swift; sourceTree = "<group>"; };
		CE8C48742DEBECED003188ED /* NavBarLogo.swift */ = {isa = PBXFileReference; lastKnownFileType = sourcecode.swift; path = NavBarLogo.swift; sourceTree = "<group>"; };
		CE8C48762DEBEDE0003188ED /* RandomBookListView.swift */ = {isa = PBXFileReference; lastKnownFileType = sourcecode.swift; path = RandomBookListView.swift; sourceTree = "<group>"; };
		CE8C487A2DEBF39D003188ED /* BookDetailView.swift */ = {isa = PBXFileReference; lastKnownFileType = sourcecode.swift; path = BookDetailView.swift; sourceTree = "<group>"; };
		CE8C487C2DEBF39D003188ED /* SearchBookView.swift */ = {isa = PBXFileReference; lastKnownFileType = sourcecode.swift; path = SearchBookView.swift; sourceTree = "<group>"; };
		CE8C487D2DEBF39D003188ED /* SetThemeView.swift */ = {isa = PBXFileReference; lastKnownFileType = sourcecode.swift; path = SetThemeView.swift; sourceTree = "<group>"; };
		CE8C48832DEBF39F003188ED /* CreateThemeView.swift */ = {isa = PBXFileReference; lastKnownFileType = sourcecode.swift; path = CreateThemeView.swift; sourceTree = "<group>"; };
		CE8C48892DEC3BF2003188ED /* LibraryThemesView(My+Friend).swift */ = {isa = PBXFileReference; lastKnownFileType = sourcecode.swift; path = "LibraryThemesView(My+Friend).swift"; sourceTree = "<group>"; };
		CE8C488B2DEC3E73003188ED /* LibraryStoriesView(My+Friend).swift */ = {isa = PBXFileReference; lastKnownFileType = sourcecode.swift; path = "LibraryStoriesView(My+Friend).swift"; sourceTree = "<group>"; };
		CE8C488D2DEC46E9003188ED /* TabIndicator.swift */ = {isa = PBXFileReference; lastKnownFileType = sourcecode.swift; path = TabIndicator.swift; sourceTree = "<group>"; };
		CE8C488F2DEC96B6003188ED /* PhotoPickerAlertType.swift */ = {isa = PBXFileReference; lastKnownFileType = sourcecode.swift; path = PhotoPickerAlertType.swift; sourceTree = "<group>"; };
		CE8C48E02DF04BD8003188ED /* CustomProgressView.swift */ = {isa = PBXFileReference; lastKnownFileType = sourcecode.swift; path = CustomProgressView.swift; sourceTree = "<group>"; };
		CE8C48EC2DF1134C003188ED /* RandomBooksViewModel.swift */ = {isa = PBXFileReference; lastKnownFileType = sourcecode.swift; path = RandomBooksViewModel.swift; sourceTree = "<group>"; };
		CE8C49182DF15FF9003188ED /* DraftStory.swift */ = {isa = PBXFileReference; lastKnownFileType = sourcecode.swift; path = DraftStory.swift; sourceTree = "<group>"; };
		CE8C49442DF18B68003188ED /* ThemeGalleryGridView.swift */ = {isa = PBXFileReference; lastKnownFileType = sourcecode.swift; path = ThemeGalleryGridView.swift; sourceTree = "<group>"; };
		CE8C49462DF18B89003188ED /* ThemeGalleryListView.swift */ = {isa = PBXFileReference; lastKnownFileType = sourcecode.swift; path = ThemeGalleryListView.swift; sourceTree = "<group>"; };
		CE8C49702DF19111003188ED /* StoryGridCard.swift */ = {isa = PBXFileReference; lastKnownFileType = sourcecode.swift; path = StoryGridCard.swift; sourceTree = "<group>"; };
		CE8C49722DF19133003188ED /* StoryListCard.swift */ = {isa = PBXFileReference; lastKnownFileType = sourcecode.swift; path = StoryListCard.swift; sourceTree = "<group>"; };
		CE8C49762DF1D132003188ED /* StoryView.swift */ = {isa = PBXFileReference; lastKnownFileType = sourcecode.swift; path = StoryView.swift; sourceTree = "<group>"; };
		CE8C49782DF1DB4E003188ED /* ThemeView.swift */ = {isa = PBXFileReference; lastKnownFileType = sourcecode.swift; path = ThemeView.swift; sourceTree = "<group>"; };
		CE8C497E2DF1E874003188ED /* AppVersionManager.swift */ = {isa = PBXFileReference; lastKnownFileType = sourcecode.swift; path = AppVersionManager.swift; sourceTree = "<group>"; };
		CEA554AE2E003BFD0029A8A9 /* CarouselQuotesRecordView.swift */ = {isa = PBXFileReference; lastKnownFileType = sourcecode.swift; path = CarouselQuotesRecordView.swift; sourceTree = "<group>"; };
		CEA554B02E003BFD0029A8A9 /* KeywordInputSection.swift */ = {isa = PBXFileReference; lastKnownFileType = sourcecode.swift; path = KeywordInputSection.swift; sourceTree = "<group>"; };
		CEA554B12E003BFD0029A8A9 /* ListQuotesRecordView.swift */ = {isa = PBXFileReference; lastKnownFileType = sourcecode.swift; path = ListQuotesRecordView.swift; sourceTree = "<group>"; };
		CEA554B22E003BFD0029A8A9 /* StoryQuotesRecordView.swift */ = {isa = PBXFileReference; lastKnownFileType = sourcecode.swift; path = StoryQuotesRecordView.swift; sourceTree = "<group>"; };
		CEA554B32E003BFD0029A8A9 /* StorySettingRecordView.swift */ = {isa = PBXFileReference; lastKnownFileType = sourcecode.swift; path = StorySettingRecordView.swift; sourceTree = "<group>"; };
		CEA554B42E003BFD0029A8A9 /* ThemeSelectionCard + PrivacyToggleCard.swift */ = {isa = PBXFileReference; lastKnownFileType = sourcecode.swift; path = "ThemeSelectionCard + PrivacyToggleCard.swift"; sourceTree = "<group>"; };
		CEA554B52E003BFD0029A8A9 /* ThoughtInputCard.swift */ = {isa = PBXFileReference; lastKnownFileType = sourcecode.swift; path = ThoughtInputCard.swift; sourceTree = "<group>"; };
		CEA554C02E003C670029A8A9 /* CardHeader.swift */ = {isa = PBXFileReference; lastKnownFileType = sourcecode.swift; path = CardHeader.swift; sourceTree = "<group>"; };
		CEA554CB2E01230D0029A8A9 /* UIImage+Extension.swift */ = {isa = PBXFileReference; lastKnownFileType = sourcecode.swift; path = "UIImage+Extension.swift"; sourceTree = "<group>"; };
		CEA554CD2E018AF30029A8A9 /* DraftManager.swift */ = {isa = PBXFileReference; lastKnownFileType = sourcecode.swift; path = DraftManager.swift; sourceTree = "<group>"; };
		CEA554D02E018AF50029A8A9 /* symbolExampleView.swift */ = {isa = PBXFileReference; lastKnownFileType = sourcecode.swift; path = symbolExampleView.swift; sourceTree = "<group>"; };
		CEA554D32E018D9C0029A8A9 /* View+Extensions.swift */ = {isa = PBXFileReference; lastKnownFileType = sourcecode.swift; path = "View+Extensions.swift"; sourceTree = "<group>"; };
		CEA554D52E018E290029A8A9 /* GradientBackground.swift */ = {isa = PBXFileReference; lastKnownFileType = sourcecode.swift; path = GradientBackground.swift; sourceTree = "<group>"; };
		CEA554DC2E01931F0029A8A9 /* ProfileImage.swift */ = {isa = PBXFileReference; lastKnownFileType = sourcecode.swift; path = ProfileImage.swift; sourceTree = "<group>"; };
		CEA554E12E01B1660029A8A9 /* BookStoryEndpoints.swift */ = {isa = PBXFileReference; lastKnownFileType = sourcecode.swift; path = BookStoryEndpoints.swift; sourceTree = "<group>"; };
		CECBB4732E05B408004C7856 /* BookStoryNotifications.swift */ = {isa = PBXFileReference; lastKnownFileType = sourcecode.swift; path = BookStoryNotifications.swift; sourceTree = "<group>"; };
		CECBB4982E079EA6004C7856 /* MyBookStoriesViewModel.swift */ = {isa = PBXFileReference; lastKnownFileType = sourcecode.swift; path = MyBookStoriesViewModel.swift; sourceTree = "<group>"; };
		CECBB4992E079EA6004C7856 /* MySearchBookStoriesViewModel.swift */ = {isa = PBXFileReference; lastKnownFileType = sourcecode.swift; path = MySearchBookStoriesViewModel.swift; sourceTree = "<group>"; };
		CECBB49A2E079EA6004C7856 /* MyThemeBookStoriesViewModel.swift */ = {isa = PBXFileReference; lastKnownFileType = sourcecode.swift; path = MyThemeBookStoriesViewModel.swift; sourceTree = "<group>"; };
		CECBB49C2E079EA6004C7856 /* BookStoriesViewModelProtocols.swift */ = {isa = PBXFileReference; lastKnownFileType = sourcecode.swift; path = BookStoriesViewModelProtocols.swift; sourceTree = "<group>"; };
		CECBB49E2E079EA6004C7856 /* PublicBookStoriesViewModel.swift */ = {isa = PBXFileReference; lastKnownFileType = sourcecode.swift; path = PublicBookStoriesViewModel.swift; sourceTree = "<group>"; };
		CECBB49F2E079EA6004C7856 /* ReadOnlyBookStoriesViewModels.swift */ = {isa = PBXFileReference; lastKnownFileType = sourcecode.swift; path = ReadOnlyBookStoriesViewModels.swift; sourceTree = "<group>"; };
		CECBB4A82E07AAFE004C7856 /* MyLibraryView.swift */ = {isa = PBXFileReference; lastKnownFileType = sourcecode.swift; path = MyLibraryView.swift; sourceTree = "<group>"; };
		CECBB4AA2E07ABD9004C7856 /* LibraryTab.swift */ = {isa = PBXFileReference; lastKnownFileType = sourcecode.swift; path = LibraryTab.swift; sourceTree = "<group>"; };
		CECBB4AC2E07B03D004C7856 /* FriendLibraryView.swift */ = {isa = PBXFileReference; lastKnownFileType = sourcecode.swift; path = FriendLibraryView.swift; sourceTree = "<group>"; };
		CECBB4AE2E07B19E004C7856 /* LibraryBaseView.swift */ = {isa = PBXFileReference; lastKnownFileType = sourcecode.swift; path = LibraryBaseView.swift; sourceTree = "<group>"; };
		CECBB4B02E07B399004C7856 /* LibraryProfileSection.swift */ = {isa = PBXFileReference; lastKnownFileType = sourcecode.swift; path = LibraryProfileSection.swift; sourceTree = "<group>"; };
		CECBB4B22E07B3AF004C7856 /* LibraryTabSection.swift */ = {isa = PBXFileReference; lastKnownFileType = sourcecode.swift; path = LibraryTabSection.swift; sourceTree = "<group>"; };
		CECBB4B42E07B410004C7856 /* LibraryContentSection.swift */ = {isa = PBXFileReference; lastKnownFileType = sourcecode.swift; path = LibraryContentSection.swift; sourceTree = "<group>"; };
		CECBB4B62E07B420004C7856 /* LibraryNavigationItems.swift */ = {isa = PBXFileReference; lastKnownFileType = sourcecode.swift; path = LibraryNavigationItems.swift; sourceTree = "<group>"; };
		CED3795C2DFEE902001CE700 /* AuthService.swift */ = {isa = PBXFileReference; lastKnownFileType = sourcecode.swift; path = AuthService.swift; sourceTree = "<group>"; };
/* End PBXFileReference section */

/* Begin PBXFileSystemSynchronizedRootGroup section */
		CE8C48472DEADAAC003188ED /* Font */ = {isa = PBXFileSystemSynchronizedRootGroup; explicitFileTypes = {}; explicitFolders = (); path = Font; sourceTree = "<group>"; };
		CE8C48E92DF05884003188ED /* Lottie */ = {isa = PBXFileSystemSynchronizedRootGroup; explicitFileTypes = {}; explicitFolders = (); path = Lottie; sourceTree = "<group>"; };
/* End PBXFileSystemSynchronizedRootGroup section */

/* Begin PBXFrameworksBuildPhase section */
		C6B56FD62AA8B60B003905C3 /* Frameworks */ = {
			isa = PBXFrameworksBuildPhase;
			buildActionMask = 2147483647;
			files = (
				C6DE7F562AF76EA30020F5CB /* TabBar in Frameworks */,
				C697D0F82AC8F64400F0111B /* SDWebImageSwiftUI in Frameworks */,
				C694A2DF2AC3FFBA00574D20 /* Alamofire in Frameworks */,
				CE8C48E42DF05290003188ED /* Lottie in Frameworks */,
				CE4FEFAD2DFEABA20072E8B9 /* KeychainAccess in Frameworks */,
			);
			runOnlyForDeploymentPostprocessing = 0;
		};
/* End PBXFrameworksBuildPhase section */

/* Begin PBXGroup section */
		C6336CF12AAF1A91007355EC /* Extension */ = {
			isa = PBXGroup;
			children = (
				C627C8CB2AE25831004D867B /* Color+Extension.swift */,
				CEA554CB2E01230D0029A8A9 /* UIImage+Extension.swift */,
				CEA554D32E018D9C0029A8A9 /* View+Extensions.swift */,
				CE4FEF5C2DF93F260072E8B9 /* HiddenModifier.swift */,
			);
			path = Extension;
			sourceTree = "<group>";
		};
		C676F5252AAC02CB00EC7241 /* ViewModel */ = {
			isa = PBXGroup;
			children = (
				CECBB4A12E079EA6004C7856 /* BookStory */,
				CE1101082E0475DC003C592E /* DetailViewModel */,
				C667E97F2ACA388C006EE7A9 /* UserViewModel.swift */,
				CE11010F2E04775D003C592E /* BlockReportViewModel.swift */,
				C6691C592B0619C10083C678 /* UserSearchViewModel.swift */,
				C667E97D2AC9DE7F006EE7A9 /* BookStoriesViewModel.swift */,
				C60700CE2AFE14F1009D202A /* ThemesViewModel.swift */,
				C6DE7F602AF7C2940020F5CB /* BookStoryCommentsViewModel.swift */,
				C67AA3CA2AE389F500490DDE /* BookSearchViewModel.swift */,
				CE8C48EC2DF1134C003188ED /* RandomBooksViewModel.swift */,
			);
			path = ViewModel;
			sourceTree = "<group>";
		};
		C6B56FD02AA8B60B003905C3 = {
			isa = PBXGroup;
			children = (
				C6B56FDB2AA8B60B003905C3 /* QuoteHub */,
				C6B56FDA2AA8B60B003905C3 /* Products */,
			);
			sourceTree = "<group>";
		};
		C6B56FDA2AA8B60B003905C3 /* Products */ = {
			isa = PBXGroup;
			children = (
				C6B56FD92AA8B60B003905C3 /* QuoteHub.app */,
			);
			name = Products;
			sourceTree = "<group>";
		};
		C6B56FDB2AA8B60B003905C3 /* QuoteHub */ = {
			isa = PBXGroup;
			children = (
				C6B56FFD2AA8CC1B003905C3 /* QuoteHub.entitlements */,
				CE8C478C2DEA8D93003188ED /* Models */,
				CE8C47772DEA8D01003188ED /* APP */,
				CE8C477E2DEA8D84003188ED /* Auth */,
				CE8C479C2DEA8D97003188ED /* Network */,
				CE8C481A2DEA8DAE003188ED /* Views */,
				C676F5252AAC02CB00EC7241 /* ViewModel */,
				C6336CF12AAF1A91007355EC /* Extension */,
				CE8C483E2DEAB3EA003188ED /* Components */,
				CEA554D12E018AF50029A8A9 /* Legacy */,
				CEA554CE2E018AF30029A8A9 /* Utils */,
				CE8C48E82DF0586A003188ED /* Resources */,
				C6B56FE22AA8B60D003905C3 /* Preview Content */,
			);
			path = QuoteHub;
			sourceTree = "<group>";
		};
		C6B56FE22AA8B60D003905C3 /* Preview Content */ = {
			isa = PBXGroup;
			children = (
				C6B56FE32AA8B60D003905C3 /* Preview Assets.xcassets */,
			);
			path = "Preview Content";
			sourceTree = "<group>";
		};
		CE1100EB2E02816A003C592E /* Record */ = {
			isa = PBXGroup;
			children = (
				CEA554B52E003BFD0029A8A9 /* ThoughtInputCard.swift */,
				CEA554AE2E003BFD0029A8A9 /* CarouselQuotesRecordView.swift */,
				CEA554B42E003BFD0029A8A9 /* ThemeSelectionCard + PrivacyToggleCard.swift */,
				CEA554B12E003BFD0029A8A9 /* ListQuotesRecordView.swift */,
				CEA554B02E003BFD0029A8A9 /* KeywordInputSection.swift */,
				CE1100E72E02816A003C592E /* CustomTextEditor.swift */,
				CE1100E82E02816A003C592E /* FeedbackView.swift */,
				CE1100E92E02816A003C592E /* StoryCharacterCountView.swift */,
				CE1100EA2E02816A003C592E /* StoryCreateGuideSection.swift */,
			);
			path = Record;
			sourceTree = "<group>";
		};
		CE1100F42E02816A003C592E /* LevelBadge */ = {
			isa = PBXGroup;
			children = (
				CE1100F02E02816A003C592E /* HomeUserLevelBadge.swift */,
				CE1100F12E02816A003C592E /* ReadingLevel.swift */,
				CE1100F22E02816A003C592E /* ReadingLevelSection.swift */,
				CE1100F32E02816A003C592E /* ReadingProgressSection.swift */,
			);
			path = LevelBadge;
			sourceTree = "<group>";
		};
		CE1101082E0475DC003C592E /* DetailViewModel */ = {
			isa = PBXGroup;
			children = (
				CE1101062E0475DC003C592E /* BookStoryDetailViewModel.swift */,
				CE1101072E0475DC003C592E /* StoryFormViewModel.swift */,
			);
			path = DetailViewModel;
			sourceTree = "<group>";
		};
		CE8C47772DEA8D01003188ED /* APP */ = {
			isa = PBXGroup;
			children = (
				C6B56FDC2AA8B60B003905C3 /* QuoteHubApp.swift */,
				C6B56FDE2AA8B60B003905C3 /* ContentView.swift */,
				CE8C486C2DEB2A62003188ED /* LaunchScreenView.swift */,
				CE8C497E2DF1E874003188ED /* AppVersionManager.swift */,
			);
			path = APP;
			sourceTree = "<group>";
		};
		CE8C477B2DEA8D84003188ED /* Login */ = {
			isa = PBXGroup;
			children = (
				CE8C47792DEA8D84003188ED /* OnboardingView.swift */,
				CE8C47782DEA8D84003188ED /* LoginView.swift */,
			);
			path = Login;
			sourceTree = "<group>";
		};
		CE8C477E2DEA8D84003188ED /* Auth */ = {
			isa = PBXGroup;
			children = (
				CE8C477B2DEA8D84003188ED /* Login */,
				CE8C477C2DEA8D84003188ED /* KeyChainTokenManager.swift */,
				CE8C477D2DEA8D84003188ED /* UserAuthenticationManager.swift */,
			);
			path = Auth;
			sourceTree = "<group>";
		};
		CE8C478C2DEA8D93003188ED /* Models */ = {
			isa = PBXGroup;
			children = (
				CE8C47842DEA8D93003188ED /* APIResponse.swift */,
				CECBB4732E05B408004C7856 /* BookStoryNotifications.swift */,
				CE1101002E03D41F003C592E /* LoadType.swift */,
				CE8C47852DEA8D93003188ED /* Book.swift */,
				CE8C47862DEA8D93003188ED /* BookStory.swift */,
				CE8C49182DF15FF9003188ED /* DraftStory.swift */,
				CE8C47872DEA8D93003188ED /* BookStoryComment.swift */,
				CE8C47882DEA8D93003188ED /* Theme.swift */,
				CE8C478A2DEA8D93003188ED /* Report.swift */,
				CE8C478B2DEA8D93003188ED /* User.swift */,
			);
			path = Models;
			sourceTree = "<group>";
		};
		CE8C479C2DEA8D97003188ED /* Network */ = {
			isa = PBXGroup;
			children = (
				CE8C47962DEA8D97003188ED /* APIClient.swift */,
				CE8C479A2DEA8D97003188ED /* NetworkError.swift */,
				CE1100FB2E02F188003C592E /* RequestBody.swift */,
				CEA554DF2E019FBD0029A8A9 /* Services */,
				CEA554E02E01A08D0029A8A9 /* Endpoints */,
			);
			path = Network;
			sourceTree = "<group>";
		};
		CE8C47F42DEA8DAE003188ED /* Home */ = {
			isa = PBXGroup;
			children = (
				CE8C47F02DEA8DAE003188ED /* HomeView.swift */,
				CE8C48762DEBEDE0003188ED /* RandomBookListView.swift */,
				CE8C47F12DEA8DAE003188ED /* PublicStoriesListView.swift */,
				CE8C47F22DEA8DAE003188ED /* PublicThemesListView.swift */,
				CE8C47F32DEA8DAE003188ED /* UserSearchView.swift */,
			);
			path = Home;
			sourceTree = "<group>";
		};
		CE8C47F82DEA8DAE003188ED /* Keyword */ = {
			isa = PBXGroup;
			children = (
				CE8C47F62DEA8DAE003188ED /* KeywordGroupedStoriesView.swift */,
			);
			path = Keyword;
			sourceTree = "<group>";
		};
		CE8C47FA2DEA8DAE003188ED /* Main */ = {
			isa = PBXGroup;
			children = (
				CE8C47F92DEA8DAE003188ED /* MainView.swift */,
				CE8C48452DEAD67D003188ED /* FloatingActionOverlay.swift */,
				CE8C48432DEAD467003188ED /* CustomTabbar.swift */,
			);
			path = Main;
			sourceTree = "<group>";
		};
		CE8C47FF2DEA8DAE003188ED /* Libarary */ = {
			isa = PBXGroup;
			children = (
				CE8C47FE2DEA8DAE003188ED /* LibraryView.swift */,
				CECBB4A82E07AAFE004C7856 /* MyLibraryView.swift */,
				CECBB4AC2E07B03D004C7856 /* FriendLibraryView.swift */,
				CECBB4AE2E07B19E004C7856 /* LibraryBaseView.swift */,
				CECBB4B02E07B399004C7856 /* LibraryProfileSection.swift */,
				CECBB4B42E07B410004C7856 /* LibraryContentSection.swift */,
				CECBB4B62E07B420004C7856 /* LibraryNavigationItems.swift */,
				CECBB4AA2E07ABD9004C7856 /* LibraryTab.swift */,
				CECBB4B22E07B3AF004C7856 /* LibraryTabSection.swift */,
				CE8C48702DEB5190003188ED /* ProfileView.swift */,
				CE4FEF802DFA90D80072E8B9 /* AchievementBadgesView.swift */,
				CE8C486E2DEB2E39003188ED /* LibraryTabButtonView.swift */,
				CE8C48892DEC3BF2003188ED /* LibraryThemesView(My+Friend).swift */,
				CE8C488B2DEC3E73003188ED /* LibraryStoriesView(My+Friend).swift */,
				CE1100DA2E0275D6003C592E /* StoryBookView.swift */,
			);
			path = Libarary;
			sourceTree = "<group>";
		};
		CE8C48062DEA8DAE003188ED /* Record */ = {
			isa = PBXGroup;
			children = (
				CEA554AB2E003BE10029A8A9 /* Book */,
				CE8C487E2DEBF39D003188ED /* BookStoryRecord */,
				CE8C48852DEBF39F003188ED /* ThemeRecord */,
			);
			path = Record;
			sourceTree = "<group>";
		};
		CE8C480D2DEA8DAE003188ED /* Setting */ = {
			isa = PBXGroup;
			children = (
				CE8C48072DEA8DAE003188ED /* BlockedListView.swift */,
				CE8C48082DEA8DAE003188ED /* DeveloperInfoView.swift */,
				CE8C48092DEA8DAE003188ED /* ReportListView.swift */,
				CE8C480A2DEA8DAE003188ED /* SettingView.swift */,
				CE8C480B2DEA8DAE003188ED /* UpdateProfileView.swift */,
				CE8C480C2DEA8DAE003188ED /* VersionInfoView.swift */,
			);
			path = Setting;
			sourceTree = "<group>";
		};
		CE8C48122DEA8DAE003188ED /* BookStoryView */ = {
			isa = PBXGroup;
			children = (
				CE8C480F2DEA8DAE003188ED /* BookStoryDetailView.swift */,
				CE4FEF862DFB39080072E8B9 /* CarouselStoryQuotesDisplayView.swift */,
				CE4FEF882DFB391F0072E8B9 /* ListStoryQuotesDisplayView.swift */,
				CE4FEF8A2DFB3EFC0072E8B9 /* CommonStoryDisplayView.swift */,
				CE8C480E2DEA8DAE003188ED /* CommentView.swift */,
				CE8C49762DF1D132003188ED /* StoryView.swift */,
			);
			path = BookStoryView;
			sourceTree = "<group>";
		};
		CE8C48172DEA8DAE003188ED /* ThemeView */ = {
			isa = PBXGroup;
			children = (
				CE8C48152DEA8DAE003188ED /* ThemeDetailView.swift */,
				CE8C49442DF18B68003188ED /* ThemeGalleryGridView.swift */,
				CE8C49462DF18B89003188ED /* ThemeGalleryListView.swift */,
				CE8C49702DF19111003188ED /* StoryGridCard.swift */,
				CE8C49722DF19133003188ED /* StoryListCard.swift */,
				CE8C49782DF1DB4E003188ED /* ThemeView.swift */,
				CE8C48162DEA8DAE003188ED /* UpdateThemaView.swift */,
			);
			path = ThemeView;
			sourceTree = "<group>";
		};
		CE8C481A2DEA8DAE003188ED /* Views */ = {
			isa = PBXGroup;
			children = (
				CE8C47FA2DEA8DAE003188ED /* Main */,
				CE8C47FF2DEA8DAE003188ED /* Libarary */,
				CE8C47F42DEA8DAE003188ED /* Home */,
				CE8C47F82DEA8DAE003188ED /* Keyword */,
				CE8C48062DEA8DAE003188ED /* Record */,
				CE8C480D2DEA8DAE003188ED /* Setting */,
				CE8C48122DEA8DAE003188ED /* BookStoryView */,
				CE8C48172DEA8DAE003188ED /* ThemeView */,
				CE8C48182DEA8DAE003188ED /* ReportSheetView.swift */,
				CE8C48192DEA8DAE003188ED /* WebView.swift */,
			);
			path = Views;
			sourceTree = "<group>";
		};
		CE8C483E2DEAB3EA003188ED /* Components */ = {
			isa = PBXGroup;
			children = (
				CE1100EB2E02816A003C592E /* Record */,
				CE1100F42E02816A003C592E /* LevelBadge */,
				CE8C483F2DEAB3FE003188ED /* AnimatedText.swift */,
				C6E465572ADEAB66002F5FA0 /* CheckboxStyle.swift */,
				CEA554C02E003C670029A8A9 /* CardHeader.swift */,
				CEA554D52E018E290029A8A9 /* GradientBackground.swift */,
				CE8C488D2DEC46E9003188ED /* TabIndicator.swift */,
				CE8C48E02DF04BD8003188ED /* CustomProgressView.swift */,
				CE8C48722DEBECAC003188ED /* Spacer.swift */,
				CE8C48742DEBECED003188ED /* NavBarLogo.swift */,
				CE8C48662DEB0F53003188ED /* ButtonStyle.swift */,
				CE1101042E040217003C592E /* timeAgoString.swift */,
				CE8C488F2DEC96B6003188ED /* PhotoPickerAlertType.swift */,
				CE8C48682DEB1972003188ED /* ThemeToggleButton.swift */,
				CE4FEF5A2DF925EE0072E8B9 /* RoundedCorner.swift */,
				CEA554DC2E01931F0029A8A9 /* ProfileImage.swift */,
			);
			path = Components;
			sourceTree = "<group>";
		};
		CE8C487E2DEBF39D003188ED /* BookStoryRecord */ = {
			isa = PBXGroup;
			children = (
				CEA554B22E003BFD0029A8A9 /* StoryQuotesRecordView.swift */,
				CEA554B32E003BFD0029A8A9 /* StorySettingRecordView.swift */,
			);
			path = BookStoryRecord;
			sourceTree = "<group>";
		};
		CE8C48852DEBF39F003188ED /* ThemeRecord */ = {
			isa = PBXGroup;
			children = (
				CE8C48832DEBF39F003188ED /* CreateThemeView.swift */,
				CE8C487D2DEBF39D003188ED /* SetThemeView.swift */,
			);
			path = ThemeRecord;
			sourceTree = "<group>";
		};
		CE8C48E82DF0586A003188ED /* Resources */ = {
			isa = PBXGroup;
			children = (
				C6B56FE02AA8B60D003905C3 /* Assets.xcassets */,
				CE8C48E92DF05884003188ED /* Lottie */,
				CE8C48472DEADAAC003188ED /* Font */,
			);
			path = Resources;
			sourceTree = "<group>";
		};
		CEA554AB2E003BE10029A8A9 /* Book */ = {
			isa = PBXGroup;
			children = (
				CE8C487C2DEBF39D003188ED /* SearchBookView.swift */,
				CE1100F92E028257003C592E /* BookSearchResultRowView.swift */,
				CE8C487A2DEBF39D003188ED /* BookDetailView.swift */,
			);
			path = Book;
			sourceTree = "<group>";
		};
		CEA554CE2E018AF30029A8A9 /* Utils */ = {
			isa = PBXGroup;
			children = (
				C6336CF22AAF1AA0007355EC /* ImagePicker.swift */,
				CE1100E52E0280C3003C592E /* LoadingViewModel.swift */,
				CEA554CD2E018AF30029A8A9 /* DraftManager.swift */,
				CE8C48642DEAE2A9003188ED /* FontManager.swift */,
				CE4FEFA92DFDC0350072E8B9 /* TabController.swift */,
			);
			path = Utils;
			sourceTree = "<group>";
		};
		CEA554D12E018AF50029A8A9 /* Legacy */ = {
			isa = PBXGroup;
			children = (
				C6D78A092AD03B2900F03FB8 /* APIEndpoint.swift */,
				CEA554D02E018AF50029A8A9 /* symbolExampleView.swift */,
				C65330342B02540300E6B283 /* FollowService.swift */,
				C63DB3AF2B118C280026B668 /* ReportViewModel.swift */,
				C63DB3AB2B1188C50026B668 /* ReportService.swift */,
				C6691C512B04DA8C0083C678 /* FollowViewModel.swift */,
				CE8C47FB2DEA8DAE003188ED /* FollowListView.swift */,
			);
			path = Legacy;
			sourceTree = "<group>";
		};
		CEA554DF2E019FBD0029A8A9 /* Services */ = {
			isa = PBXGroup;
			children = (
				CED3795C2DFEE902001CE700 /* AuthService.swift */,
				C694A2EC2AC5778400574D20 /* UserService.swift */,
				C697D0FF2AC9535B00F0111B /* BookStoryService.swift */,
				C67AA3C82AE3839F00490DDE /* BookSearchService.swift */,
				C60700CC2AFE05D9009D202A /* ThemeService.swift */,
				C6DE7F502AF76B480020F5CB /* BookStoryCommentService.swift */,
				CE11010B2E047608003C592E /* BlockReportService.swift */,
			);
			path = Services;
			sourceTree = "<group>";
		};
		CEA554E02E01A08D0029A8A9 /* Endpoints */ = {
			isa = PBXGroup;
			children = (
				CE8C47992DEA8D97003188ED /* EndpointProtocol.swift */,
				CE1101022E03E28E003C592E /* BookStoryCommentEndpoints.swift */,
				CE8C47972DEA8D97003188ED /* AuthEndpoints.swift */,
				CE8C479B2DEA8D97003188ED /* UserEndpoints.swift */,
				CE8C47982DEA8D97003188ED /* BookSearchEndpoints.swift */,
				CE11010D2E047641003C592E /* BlockReportEndpoints.swift */,
				CEA554E12E01B1660029A8A9 /* BookStoryEndpoints.swift */,
				CE1100FD2E03D022003C592E /* ThemeEndpoints.swift */,
			);
			path = Endpoints;
			sourceTree = "<group>";
		};
		CECBB49B2E079EA6004C7856 /* MyBookStory */ = {
			isa = PBXGroup;
			children = (
				CECBB4982E079EA6004C7856 /* MyBookStoriesViewModel.swift */,
				CECBB4992E079EA6004C7856 /* MySearchBookStoriesViewModel.swift */,
				CECBB49A2E079EA6004C7856 /* MyThemeBookStoriesViewModel.swift */,
			);
			path = MyBookStory;
			sourceTree = "<group>";
		};
		CECBB49D2E079EA6004C7856 /* Protocol */ = {
			isa = PBXGroup;
			children = (
				CECBB49C2E079EA6004C7856 /* BookStoriesViewModelProtocols.swift */,
			);
			path = Protocol;
			sourceTree = "<group>";
		};
		CECBB4A02E079EA6004C7856 /* PublicBookStory */ = {
			isa = PBXGroup;
			children = (
				CECBB49E2E079EA6004C7856 /* PublicBookStoriesViewModel.swift */,
				CECBB49F2E079EA6004C7856 /* ReadOnlyBookStoriesViewModels.swift */,
			);
			path = PublicBookStory;
			sourceTree = "<group>";
		};
		CECBB4A12E079EA6004C7856 /* BookStory */ = {
			isa = PBXGroup;
			children = (
				CECBB49D2E079EA6004C7856 /* Protocol */,
				CECBB49B2E079EA6004C7856 /* MyBookStory */,
				CECBB4A02E079EA6004C7856 /* PublicBookStory */,
			);
			path = BookStory;
			sourceTree = "<group>";
		};
/* End PBXGroup section */

/* Begin PBXNativeTarget section */
		C6B56FD82AA8B60B003905C3 /* QuoteHub */ = {
			isa = PBXNativeTarget;
			buildConfigurationList = C6B56FE72AA8B60D003905C3 /* Build configuration list for PBXNativeTarget "QuoteHub" */;
			buildPhases = (
				C6B56FD52AA8B60B003905C3 /* Sources */,
				C6B56FD62AA8B60B003905C3 /* Frameworks */,
				C6B56FD72AA8B60B003905C3 /* Resources */,
			);
			buildRules = (
			);
			dependencies = (
			);
			fileSystemSynchronizedGroups = (
				CE8C48472DEADAAC003188ED /* Font */,
				CE8C48E92DF05884003188ED /* Lottie */,
			);
			name = QuoteHub;
			packageProductDependencies = (
				C694A2DE2AC3FFBA00574D20 /* Alamofire */,
				C697D0F72AC8F64400F0111B /* SDWebImageSwiftUI */,
				C6DE7F552AF76EA30020F5CB /* TabBar */,
				CE8C48E32DF05290003188ED /* Lottie */,
				CE4FEFAC2DFEABA20072E8B9 /* KeychainAccess */,
			);
			productName = QuoteHub;
			productReference = C6B56FD92AA8B60B003905C3 /* QuoteHub.app */;
			productType = "com.apple.product-type.application";
		};
/* End PBXNativeTarget section */

/* Begin PBXProject section */
		C6B56FD12AA8B60B003905C3 /* Project object */ = {
			isa = PBXProject;
			attributes = {
				BuildIndependentTargetsInParallel = 1;
				LastSwiftUpdateCheck = 1430;
				LastUpgradeCheck = 1540;
				TargetAttributes = {
					C6B56FD82AA8B60B003905C3 = {
						CreatedOnToolsVersion = 14.3;
					};
				};
			};
			buildConfigurationList = C6B56FD42AA8B60B003905C3 /* Build configuration list for PBXProject "QuoteHub" */;
			compatibilityVersion = "Xcode 14.0";
			developmentRegion = ko;
			hasScannedForEncodings = 0;
			knownRegions = (
				Base,
				ko,
			);
			mainGroup = C6B56FD02AA8B60B003905C3;
			packageReferences = (
				C694A2DD2AC3FFBA00574D20 /* XCRemoteSwiftPackageReference "Alamofire" */,
				C697D0F62AC8F64400F0111B /* XCRemoteSwiftPackageReference "SDWebImageSwiftUI" */,
				C6DE7F542AF76EA30020F5CB /* XCRemoteSwiftPackageReference "TabBar" */,
				CE8C48E22DF05290003188ED /* XCRemoteSwiftPackageReference "lottie-ios" */,
				CE4FEFAB2DFEABA20072E8B9 /* XCRemoteSwiftPackageReference "KeychainAccess" */,
			);
			productRefGroup = C6B56FDA2AA8B60B003905C3 /* Products */;
			projectDirPath = "";
			projectRoot = "";
			targets = (
				C6B56FD82AA8B60B003905C3 /* QuoteHub */,
			);
		};
/* End PBXProject section */

/* Begin PBXResourcesBuildPhase section */
		C6B56FD72AA8B60B003905C3 /* Resources */ = {
			isa = PBXResourcesBuildPhase;
			buildActionMask = 2147483647;
			files = (
				C6B56FE42AA8B60D003905C3 /* Preview Assets.xcassets in Resources */,
				C6B56FE12AA8B60D003905C3 /* Assets.xcassets in Resources */,
			);
			runOnlyForDeploymentPostprocessing = 0;
		};
/* End PBXResourcesBuildPhase section */

/* Begin PBXSourcesBuildPhase section */
		C6B56FD52AA8B60B003905C3 /* Sources */ = {
			isa = PBXSourcesBuildPhase;
			buildActionMask = 2147483647;
			files = (
				CECBB4B32E07B3AF004C7856 /* LibraryTabSection.swift in Sources */,
				C63DB3B02B118C280026B668 /* ReportViewModel.swift in Sources */,
				C65330352B02540300E6B283 /* FollowService.swift in Sources */,
				C667E97E2AC9DE7F006EE7A9 /* BookStoriesViewModel.swift in Sources */,
				CE8C49772DF1D132003188ED /* StoryView.swift in Sources */,
				CE1101102E04775D003C592E /* BlockReportViewModel.swift in Sources */,
				C6B56FDF2AA8B60B003905C3 /* ContentView.swift in Sources */,
				CE4FEF5D2DF93F260072E8B9 /* HiddenModifier.swift in Sources */,
				CE1100EC2E02816A003C592E /* CustomTextEditor.swift in Sources */,
				CE1100ED2E02816A003C592E /* FeedbackView.swift in Sources */,
				CE1100EE2E02816A003C592E /* StoryCharacterCountView.swift in Sources */,
				CE1100EF2E02816A003C592E /* StoryCreateGuideSection.swift in Sources */,
				C6DE7F512AF76B480020F5CB /* BookStoryCommentService.swift in Sources */,
				CE1101012E03D41F003C592E /* LoadType.swift in Sources */,
				CEA554D22E018AF50029A8A9 /* symbolExampleView.swift in Sources */,
				CEA554D42E018D9C0029A8A9 /* View+Extensions.swift in Sources */,
				CE1100F52E02816A003C592E /* HomeUserLevelBadge.swift in Sources */,
				CE1100F62E02816A003C592E /* ReadingLevel.swift in Sources */,
				CE1100F72E02816A003C592E /* ReadingLevelSection.swift in Sources */,
				CE1100FE2E03D022003C592E /* ThemeEndpoints.swift in Sources */,
				CE1100F82E02816A003C592E /* ReadingProgressSection.swift in Sources */,
				CECBB4A92E07AAFE004C7856 /* MyLibraryView.swift in Sources */,
				CE8C478E2DEA8D93003188ED /* APIResponse.swift in Sources */,
				CE8C478F2DEA8D93003188ED /* Book.swift in Sources */,
				CE8C47902DEA8D93003188ED /* BookStory.swift in Sources */,
				CE11010E2E047641003C592E /* BlockReportEndpoints.swift in Sources */,
				CE8C47912DEA8D93003188ED /* BookStoryComment.swift in Sources */,
				CE8C47922DEA8D93003188ED /* Theme.swift in Sources */,
				CE8C48652DEAE2A9003188ED /* FontManager.swift in Sources */,
				CE8C48ED2DF1134C003188ED /* RandomBooksViewModel.swift in Sources */,
				CE8C488C2DEC3E73003188ED /* LibraryStoriesView(My+Friend).swift in Sources */,
				CE8C49192DF15FF9003188ED /* DraftStory.swift in Sources */,
				CE8C47942DEA8D93003188ED /* Report.swift in Sources */,
				CE8C47952DEA8D93003188ED /* User.swift in Sources */,
				C67AA3CB2AE389F500490DDE /* BookSearchViewModel.swift in Sources */,
				C694A2ED2AC5778400574D20 /* UserService.swift in Sources */,
				C60700CF2AFE14F1009D202A /* ThemesViewModel.swift in Sources */,
				CE8C481B2DEA8DAE003188ED /* HomeView.swift in Sources */,
				CE8C481C2DEA8DAE003188ED /* PublicStoriesListView.swift in Sources */,
				CE1100E62E0280C3003C592E /* LoadingViewModel.swift in Sources */,
				CE8C481D2DEA8DAE003188ED /* PublicThemesListView.swift in Sources */,
				CE1100DB2E0275D6003C592E /* StoryBookView.swift in Sources */,
				CE8C481E2DEA8DAE003188ED /* UserSearchView.swift in Sources */,
				CE8C48202DEA8DAE003188ED /* KeywordGroupedStoriesView.swift in Sources */,
				CE8C49452DF18B69003188ED /* ThemeGalleryGridView.swift in Sources */,
				CE1101052E040217003C592E /* timeAgoString.swift in Sources */,
				CE8C48222DEA8DAE003188ED /* MainView.swift in Sources */,
				CE8C49712DF19111003188ED /* StoryGridCard.swift in Sources */,
				CE8C48232DEA8DAE003188ED /* FollowListView.swift in Sources */,
				CE8C486D2DEB2A62003188ED /* LaunchScreenView.swift in Sources */,
				CE8C48262DEA8DAE003188ED /* LibraryView.swift in Sources */,
				CE8C48772DEBEDE0003188ED /* RandomBookListView.swift in Sources */,
				CE4FEF5B2DF925EE0072E8B9 /* RoundedCorner.swift in Sources */,
				CE8C48692DEB1972003188ED /* ThemeToggleButton.swift in Sources */,
				CE8C488A2DEC3BF2003188ED /* LibraryThemesView(My+Friend).swift in Sources */,
				CE8C48732DEBECAC003188ED /* Spacer.swift in Sources */,
				CEA554CC2E01230D0029A8A9 /* UIImage+Extension.swift in Sources */,
				CE8C482D2DEA8DAE003188ED /* BlockedListView.swift in Sources */,
				CECBB4AB2E07ABD9004C7856 /* LibraryTab.swift in Sources */,
				CE8C482E2DEA8DAE003188ED /* DeveloperInfoView.swift in Sources */,
				CE8C482F2DEA8DAE003188ED /* ReportListView.swift in Sources */,
				CE1101092E0475DC003C592E /* BookStoryDetailViewModel.swift in Sources */,
				CE11010A2E0475DC003C592E /* StoryFormViewModel.swift in Sources */,
				CE8C48462DEAD67D003188ED /* FloatingActionOverlay.swift in Sources */,
				CE8C48302DEA8DAE003188ED /* SettingView.swift in Sources */,
				CECBB4AF2E07B19E004C7856 /* LibraryBaseView.swift in Sources */,
				CECBB4B12E07B399004C7856 /* LibraryProfileSection.swift in Sources */,
				CE8C48312DEA8DAE003188ED /* UpdateProfileView.swift in Sources */,
				CE8C48322DEA8DAE003188ED /* VersionInfoView.swift in Sources */,
				CE8C48332DEA8DAE003188ED /* CommentView.swift in Sources */,
				CE8C48E12DF04BD8003188ED /* CustomProgressView.swift in Sources */,
				CE4FEFAA2DFDC0350072E8B9 /* TabController.swift in Sources */,
				CE4FEF8B2DFB3EFC0072E8B9 /* CommonStoryDisplayView.swift in Sources */,
				CE8C48712DEB5190003188ED /* ProfileView.swift in Sources */,
				CE8C48342DEA8DAE003188ED /* BookStoryDetailView.swift in Sources */,
				CE8C487F2DEBF39D003188ED /* BookDetailView.swift in Sources */,
				CEA554D62E018E290029A8A9 /* GradientBackground.swift in Sources */,
				CEA554DD2E01931F0029A8A9 /* ProfileImage.swift in Sources */,
				CE8C49472DF18B89003188ED /* ThemeGalleryListView.swift in Sources */,
				CE8C48812DEBF39D003188ED /* SearchBookView.swift in Sources */,
				CE1101032E03E28E003C592E /* BookStoryCommentEndpoints.swift in Sources */,
				CECBB4B72E07B420004C7856 /* LibraryNavigationItems.swift in Sources */,
				CE8C48822DEBF39D003188ED /* SetThemeView.swift in Sources */,
				CE8C48392DEA8DAE003188ED /* ThemeDetailView.swift in Sources */,
				CEA554C12E003C670029A8A9 /* CardHeader.swift in Sources */,
				CE8C483A2DEA8DAE003188ED /* UpdateThemaView.swift in Sources */,
				CE8C483B2DEA8DAE003188ED /* ReportSheetView.swift in Sources */,
				CE8C483C2DEA8DAE003188ED /* WebView.swift in Sources */,
				C67AA3C92AE3839F00490DDE /* BookSearchService.swift in Sources */,
				CE1100FA2E028257003C592E /* BookSearchResultRowView.swift in Sources */,
				CE1100FC2E02F188003C592E /* RequestBody.swift in Sources */,
				C6DE7F612AF7C2940020F5CB /* BookStoryCommentsViewModel.swift in Sources */,
				C697D1002AC9535B00F0111B /* BookStoryService.swift in Sources */,
				CE8C48672DEB0F53003188ED /* ButtonStyle.swift in Sources */,
				CE4FEF872DFB39080072E8B9 /* CarouselStoryQuotesDisplayView.swift in Sources */,
				CE8C48752DEBECED003188ED /* NavBarLogo.swift in Sources */,
				C6B56FDD2AA8B60B003905C3 /* QuoteHubApp.swift in Sources */,
				CE8C497F2DF1E874003188ED /* AppVersionManager.swift in Sources */,
				C63DB3AC2B1188C50026B668 /* ReportService.swift in Sources */,
				C6D78A0A2AD03B2900F03FB8 /* APIEndpoint.swift in Sources */,
				CE4FEF812DFA90D80072E8B9 /* AchievementBadgesView.swift in Sources */,
				CE8C488E2DEC46E9003188ED /* TabIndicator.swift in Sources */,
				C6691C5A2B0619C10083C678 /* UserSearchViewModel.swift in Sources */,
				CE8C486F2DEB2E39003188ED /* LibraryTabButtonView.swift in Sources */,
				CE8C477F2DEA8D84003188ED /* LoginView.swift in Sources */,
				CE8C49732DF19133003188ED /* StoryListCard.swift in Sources */,
				CE8C47802DEA8D84003188ED /* OnboardingView.swift in Sources */,
				CE8C47822DEA8D84003188ED /* KeyChainTokenManager.swift in Sources */,
				CE8C47832DEA8D84003188ED /* UserAuthenticationManager.swift in Sources */,
				CE4FEF892DFB391F0072E8B9 /* ListStoryQuotesDisplayView.swift in Sources */,
				CE8C479D2DEA8D97003188ED /* APIClient.swift in Sources */,
				CEA554E22E01B1660029A8A9 /* BookStoryEndpoints.swift in Sources */,
				CE8C48402DEAB3FE003188ED /* AnimatedText.swift in Sources */,
				CE8C48442DEAD467003188ED /* CustomTabbar.swift in Sources */,
				CE8C479E2DEA8D97003188ED /* AuthEndpoints.swift in Sources */,
				CE8C479F2DEA8D97003188ED /* BookSearchEndpoints.swift in Sources */,
				CE11010C2E047608003C592E /* BlockReportService.swift in Sources */,
				CEA554B82E003BFD0029A8A9 /* CarouselQuotesRecordView.swift in Sources */,
				CEA554BA2E003BFD0029A8A9 /* KeywordInputSection.swift in Sources */,
				CEA554BB2E003BFD0029A8A9 /* ListQuotesRecordView.swift in Sources */,
				CEA554CF2E018AF30029A8A9 /* DraftManager.swift in Sources */,
				CEA554BC2E003BFD0029A8A9 /* StoryQuotesRecordView.swift in Sources */,
				CEA554BD2E003BFD0029A8A9 /* StorySettingRecordView.swift in Sources */,
				CEA554BE2E003BFD0029A8A9 /* ThemeSelectionCard + PrivacyToggleCard.swift in Sources */,
				CEA554BF2E003BFD0029A8A9 /* ThoughtInputCard.swift in Sources */,
				CE8C47A02DEA8D97003188ED /* EndpointProtocol.swift in Sources */,
				CED3795D2DFEE902001CE700 /* AuthService.swift in Sources */,
				CECBB4742E05B408004C7856 /* BookStoryNotifications.swift in Sources */,
				CE8C47A12DEA8D97003188ED /* NetworkError.swift in Sources */,
				CE8C47A22DEA8D97003188ED /* UserEndpoints.swift in Sources */,
				C60700CD2AFE05D9009D202A /* ThemeService.swift in Sources */,
				CECBB4A22E079EA6004C7856 /* MyBookStoriesViewModel.swift in Sources */,
				CECBB4A32E079EA6004C7856 /* MySearchBookStoriesViewModel.swift in Sources */,
				CECBB4A42E079EA6004C7856 /* MyThemeBookStoriesViewModel.swift in Sources */,
				CECBB4B52E07B410004C7856 /* LibraryContentSection.swift in Sources */,
				CECBB4A52E079EA6004C7856 /* BookStoriesViewModelProtocols.swift in Sources */,
				CECBB4A62E079EA6004C7856 /* PublicBookStoriesViewModel.swift in Sources */,
				CECBB4A72E079EA6004C7856 /* ReadOnlyBookStoriesViewModels.swift in Sources */,
				C667E9802ACA388C006EE7A9 /* UserViewModel.swift in Sources */,
				CE8C48862DEBF39F003188ED /* CreateThemeView.swift in Sources */,
				CE8C48902DEC96B6003188ED /* PhotoPickerAlertType.swift in Sources */,
				CE8C49792DF1DB4E003188ED /* ThemeView.swift in Sources */,
				C6336CF32AAF1AA0007355EC /* ImagePicker.swift in Sources */,
				CECBB4AD2E07B03D004C7856 /* FriendLibraryView.swift in Sources */,
				C627C8CC2AE25831004D867B /* Color+Extension.swift in Sources */,
				C6691C522B04DA8C0083C678 /* FollowViewModel.swift in Sources */,
				C6E465582ADEAB66002F5FA0 /* CheckboxStyle.swift in Sources */,
			);
			runOnlyForDeploymentPostprocessing = 0;
		};
/* End PBXSourcesBuildPhase section */

/* Begin XCBuildConfiguration section */
		C6B56FE52AA8B60D003905C3 /* Debug */ = {
			isa = XCBuildConfiguration;
			buildSettings = {
				ALWAYS_SEARCH_USER_PATHS = NO;
				CLANG_ANALYZER_NONNULL = YES;
				CLANG_ANALYZER_NUMBER_OBJECT_CONVERSION = YES_AGGRESSIVE;
				CLANG_CXX_LANGUAGE_STANDARD = "gnu++20";
				CLANG_ENABLE_MODULES = YES;
				CLANG_ENABLE_OBJC_ARC = YES;
				CLANG_ENABLE_OBJC_WEAK = YES;
				CLANG_WARN_BLOCK_CAPTURE_AUTORELEASING = YES;
				CLANG_WARN_BOOL_CONVERSION = YES;
				CLANG_WARN_COMMA = YES;
				CLANG_WARN_CONSTANT_CONVERSION = YES;
				CLANG_WARN_DEPRECATED_OBJC_IMPLEMENTATIONS = YES;
				CLANG_WARN_DIRECT_OBJC_ISA_USAGE = YES_ERROR;
				CLANG_WARN_DOCUMENTATION_COMMENTS = YES;
				CLANG_WARN_EMPTY_BODY = YES;
				CLANG_WARN_ENUM_CONVERSION = YES;
				CLANG_WARN_INFINITE_RECURSION = YES;
				CLANG_WARN_INT_CONVERSION = YES;
				CLANG_WARN_NON_LITERAL_NULL_CONVERSION = YES;
				CLANG_WARN_OBJC_IMPLICIT_RETAIN_SELF = YES;
				CLANG_WARN_OBJC_LITERAL_CONVERSION = YES;
				CLANG_WARN_OBJC_ROOT_CLASS = YES_ERROR;
				CLANG_WARN_QUOTED_INCLUDE_IN_FRAMEWORK_HEADER = YES;
				CLANG_WARN_RANGE_LOOP_ANALYSIS = YES;
				CLANG_WARN_STRICT_PROTOTYPES = YES;
				CLANG_WARN_SUSPICIOUS_MOVE = YES;
				CLANG_WARN_UNGUARDED_AVAILABILITY = YES_AGGRESSIVE;
				CLANG_WARN_UNREACHABLE_CODE = YES;
				CLANG_WARN__DUPLICATE_METHOD_MATCH = YES;
				COPY_PHASE_STRIP = NO;
				DEBUG_INFORMATION_FORMAT = dwarf;
				ENABLE_STRICT_OBJC_MSGSEND = YES;
				ENABLE_TESTABILITY = YES;
				ENABLE_USER_SCRIPT_SANDBOXING = YES;
				GCC_C_LANGUAGE_STANDARD = gnu11;
				GCC_DYNAMIC_NO_PIC = NO;
				GCC_NO_COMMON_BLOCKS = YES;
				GCC_OPTIMIZATION_LEVEL = 0;
				GCC_PREPROCESSOR_DEFINITIONS = (
					"DEBUG=1",
					"$(inherited)",
				);
				GCC_WARN_64_TO_32_BIT_CONVERSION = YES;
				GCC_WARN_ABOUT_RETURN_TYPE = YES_ERROR;
				GCC_WARN_UNDECLARED_SELECTOR = YES;
				GCC_WARN_UNINITIALIZED_AUTOS = YES_AGGRESSIVE;
				GCC_WARN_UNUSED_FUNCTION = YES;
				GCC_WARN_UNUSED_VARIABLE = YES;
				IPHONEOS_DEPLOYMENT_TARGET = 16.4;
				MTL_ENABLE_DEBUG_INFO = INCLUDE_SOURCE;
				MTL_FAST_MATH = YES;
				ONLY_ACTIVE_ARCH = YES;
				SDKROOT = iphoneos;
				SWIFT_ACTIVE_COMPILATION_CONDITIONS = DEBUG;
				SWIFT_OPTIMIZATION_LEVEL = "-Onone";
			};
			name = Debug;
		};
		C6B56FE62AA8B60D003905C3 /* Release */ = {
			isa = XCBuildConfiguration;
			buildSettings = {
				ALWAYS_SEARCH_USER_PATHS = NO;
				CLANG_ANALYZER_NONNULL = YES;
				CLANG_ANALYZER_NUMBER_OBJECT_CONVERSION = YES_AGGRESSIVE;
				CLANG_CXX_LANGUAGE_STANDARD = "gnu++20";
				CLANG_ENABLE_MODULES = YES;
				CLANG_ENABLE_OBJC_ARC = YES;
				CLANG_ENABLE_OBJC_WEAK = YES;
				CLANG_WARN_BLOCK_CAPTURE_AUTORELEASING = YES;
				CLANG_WARN_BOOL_CONVERSION = YES;
				CLANG_WARN_COMMA = YES;
				CLANG_WARN_CONSTANT_CONVERSION = YES;
				CLANG_WARN_DEPRECATED_OBJC_IMPLEMENTATIONS = YES;
				CLANG_WARN_DIRECT_OBJC_ISA_USAGE = YES_ERROR;
				CLANG_WARN_DOCUMENTATION_COMMENTS = YES;
				CLANG_WARN_EMPTY_BODY = YES;
				CLANG_WARN_ENUM_CONVERSION = YES;
				CLANG_WARN_INFINITE_RECURSION = YES;
				CLANG_WARN_INT_CONVERSION = YES;
				CLANG_WARN_NON_LITERAL_NULL_CONVERSION = YES;
				CLANG_WARN_OBJC_IMPLICIT_RETAIN_SELF = YES;
				CLANG_WARN_OBJC_LITERAL_CONVERSION = YES;
				CLANG_WARN_OBJC_ROOT_CLASS = YES_ERROR;
				CLANG_WARN_QUOTED_INCLUDE_IN_FRAMEWORK_HEADER = YES;
				CLANG_WARN_RANGE_LOOP_ANALYSIS = YES;
				CLANG_WARN_STRICT_PROTOTYPES = YES;
				CLANG_WARN_SUSPICIOUS_MOVE = YES;
				CLANG_WARN_UNGUARDED_AVAILABILITY = YES_AGGRESSIVE;
				CLANG_WARN_UNREACHABLE_CODE = YES;
				CLANG_WARN__DUPLICATE_METHOD_MATCH = YES;
				COPY_PHASE_STRIP = NO;
				DEBUG_INFORMATION_FORMAT = "dwarf-with-dsym";
				ENABLE_NS_ASSERTIONS = NO;
				ENABLE_STRICT_OBJC_MSGSEND = YES;
				ENABLE_USER_SCRIPT_SANDBOXING = YES;
				GCC_C_LANGUAGE_STANDARD = gnu11;
				GCC_NO_COMMON_BLOCKS = YES;
				GCC_WARN_64_TO_32_BIT_CONVERSION = YES;
				GCC_WARN_ABOUT_RETURN_TYPE = YES_ERROR;
				GCC_WARN_UNDECLARED_SELECTOR = YES;
				GCC_WARN_UNINITIALIZED_AUTOS = YES_AGGRESSIVE;
				GCC_WARN_UNUSED_FUNCTION = YES;
				GCC_WARN_UNUSED_VARIABLE = YES;
				IPHONEOS_DEPLOYMENT_TARGET = 16.4;
				MTL_ENABLE_DEBUG_INFO = NO;
				MTL_FAST_MATH = YES;
				SDKROOT = iphoneos;
				SWIFT_COMPILATION_MODE = wholemodule;
				SWIFT_OPTIMIZATION_LEVEL = "-O";
				VALIDATE_PRODUCT = YES;
			};
			name = Release;
		};
		C6B56FE82AA8B60D003905C3 /* Debug */ = {
			isa = XCBuildConfiguration;
			buildSettings = {
				ASSETCATALOG_COMPILER_ALTERNATE_APPICON_NAMES = "";
				ASSETCATALOG_COMPILER_APPICON_NAME = AppIcon;
				ASSETCATALOG_COMPILER_GLOBAL_ACCENT_COLOR_NAME = AccentColor;
				CODE_SIGN_ENTITLEMENTS = QuoteHub/QuoteHub.entitlements;
				CODE_SIGN_IDENTITY = "Apple Development";
				"CODE_SIGN_IDENTITY[sdk=iphoneos*]" = "iPhone Developer";
				CODE_SIGN_STYLE = Manual;
				CURRENT_PROJECT_VERSION = 2;
				DEBUG_INFORMATION_FORMAT = dwarf;
				DEPLOYMENT_POSTPROCESSING = NO;
				DEVELOPMENT_ASSET_PATHS = "\"QuoteHub/Preview Content\"";
				DEVELOPMENT_TEAM = "";
				"DEVELOPMENT_TEAM[sdk=iphoneos*]" = 285ZKW5MPR;
				ENABLE_DEBUG_DYLIB = YES;
				ENABLE_PREVIEWS = YES;
				GENERATE_INFOPLIST_FILE = YES;
				INFOPLIST_FILE = QuoteHub/Info.plist;
				INFOPLIST_KEY_CFBundleDisplayName = "문장모아";
				INFOPLIST_KEY_LSApplicationCategoryType = "public.app-category.social-networking";
				INFOPLIST_KEY_NSCameraUsageDescription = "이 앱은 사용자가 새로운 사진을 촬영하여 게시물로 바로 사용할 수 있도록 카메라 접근 권한을 요청합니다. 이 권한을 허용하면, 앱 내에서 직접 카메라를 활성화하여 새로운 이미지를 촬영하고 업로드할 수 있습니다. 카메라 권한은 오직 이 목적으로만 사용됩니다.";
				INFOPLIST_KEY_NSPhotoLibraryAddUsageDescription = "앱에서 촬영한 사진을 저장하려면 권한이 필요합니다.";
				INFOPLIST_KEY_NSPhotoLibraryUsageDescription = "앱에서 게시물에 사용할 사진을 선택하려면 사진 라이브러리 접근 권한이 필요합니다. 이 권한을 허용하면, 귀하의 기기에 저장된 사진들 중에서 원하는 이미지를 선택하여 앱 내에서 업로드하고 공유할 수 있습니다.";
				INFOPLIST_KEY_UIApplicationSceneManifest_Generation = YES;
				INFOPLIST_KEY_UIApplicationSupportsIndirectInputEvents = YES;
				INFOPLIST_KEY_UILaunchStoryboardName = "Launch Screen";
				INFOPLIST_KEY_UISupportedInterfaceOrientations = UIInterfaceOrientationPortrait;
				INFOPLIST_KEY_UISupportedInterfaceOrientations_iPad = "UIInterfaceOrientationLandscapeRight UIInterfaceOrientationPortrait";
				IPHONEOS_DEPLOYMENT_TARGET = 17.6;
				LD_RUNPATH_SEARCH_PATHS = (
					"$(inherited)",
					"@executable_path/Frameworks",
				);
				MARKETING_VERSION = 1.01;
				PRODUCT_BUNDLE_IDENTIFIER = com.yungui.QuoteHub;
				PRODUCT_NAME = "$(TARGET_NAME)";
				PROVISIONING_PROFILE_SPECIFIER = "";
				"PROVISIONING_PROFILE_SPECIFIER[sdk=iphoneos*]" = "quote hub_doc";
				SUPPORTED_PLATFORMS = "iphoneos iphonesimulator";
				SUPPORTS_MACCATALYST = NO;
				SWIFT_EMIT_LOC_STRINGS = YES;
				SWIFT_VERSION = 5.0;
				TARGETED_DEVICE_FAMILY = 1;
			};
			name = Debug;
		};
		C6B56FE92AA8B60D003905C3 /* Release */ = {
			isa = XCBuildConfiguration;
			buildSettings = {
				ASSETCATALOG_COMPILER_APPICON_NAME = AppIcon;
				ASSETCATALOG_COMPILER_GLOBAL_ACCENT_COLOR_NAME = AccentColor;
				CODE_SIGN_ENTITLEMENTS = QuoteHub/QuoteHub.entitlements;
				CODE_SIGN_IDENTITY = "Apple Development";
				"CODE_SIGN_IDENTITY[sdk=iphoneos*]" = "iPhone Distribution";
				CODE_SIGN_STYLE = Manual;
				CURRENT_PROJECT_VERSION = 2;
				DEBUG_INFORMATION_FORMAT = "dwarf-with-dsym";
				DEPLOYMENT_POSTPROCESSING = NO;
				DEVELOPMENT_ASSET_PATHS = "\"QuoteHub/Preview Content\"";
				DEVELOPMENT_TEAM = "";
				"DEVELOPMENT_TEAM[sdk=iphoneos*]" = 285ZKW5MPR;
				ENABLE_DEBUG_DYLIB = YES;
				ENABLE_PREVIEWS = YES;
				GENERATE_INFOPLIST_FILE = YES;
				INFOPLIST_FILE = QuoteHub/Info.plist;
				INFOPLIST_KEY_CFBundleDisplayName = "문장모아";
				INFOPLIST_KEY_LSApplicationCategoryType = "public.app-category.social-networking";
				INFOPLIST_KEY_NSCameraUsageDescription = "이 앱은 사용자가 새로운 사진을 촬영하여 게시물로 바로 사용할 수 있도록 카메라 접근 권한을 요청합니다. 이 권한을 허용하면, 앱 내에서 직접 카메라를 활성화하여 새로운 이미지를 촬영하고 업로드할 수 있습니다. 카메라 권한은 오직 이 목적으로만 사용됩니다.";
				INFOPLIST_KEY_NSPhotoLibraryAddUsageDescription = "앱에서 촬영한 사진을 저장하려면 권한이 필요합니다.";
				INFOPLIST_KEY_NSPhotoLibraryUsageDescription = "앱에서 게시물에 사용할 사진을 선택하려면 사진 라이브러리 접근 권한이 필요합니다. 이 권한을 허용하면, 귀하의 기기에 저장된 사진들 중에서 원하는 이미지를 선택하여 앱 내에서 업로드하고 공유할 수 있습니다.";
				INFOPLIST_KEY_UIApplicationSceneManifest_Generation = YES;
				INFOPLIST_KEY_UIApplicationSupportsIndirectInputEvents = YES;
				INFOPLIST_KEY_UILaunchStoryboardName = "Launch Screen";
				INFOPLIST_KEY_UISupportedInterfaceOrientations = UIInterfaceOrientationPortrait;
				INFOPLIST_KEY_UISupportedInterfaceOrientations_iPad = "UIInterfaceOrientationLandscapeRight UIInterfaceOrientationPortrait";
				IPHONEOS_DEPLOYMENT_TARGET = 17.6;
				LD_RUNPATH_SEARCH_PATHS = (
					"$(inherited)",
					"@executable_path/Frameworks",
				);
				MARKETING_VERSION = 1.01;
				PRODUCT_BUNDLE_IDENTIFIER = com.yungui.QuoteHub;
				PRODUCT_NAME = "$(TARGET_NAME)";
				PROVISIONING_PROFILE_SPECIFIER = "";
				"PROVISIONING_PROFILE_SPECIFIER[sdk=iphoneos*]" = "quote hub_adhoc";
				SUPPORTED_PLATFORMS = "iphoneos iphonesimulator";
				SUPPORTS_MACCATALYST = NO;
				SWIFT_EMIT_LOC_STRINGS = YES;
				SWIFT_VERSION = 5.0;
				TARGETED_DEVICE_FAMILY = 1;
			};
			name = Release;
		};
/* End XCBuildConfiguration section */

/* Begin XCConfigurationList section */
		C6B56FD42AA8B60B003905C3 /* Build configuration list for PBXProject "QuoteHub" */ = {
			isa = XCConfigurationList;
			buildConfigurations = (
				C6B56FE52AA8B60D003905C3 /* Debug */,
				C6B56FE62AA8B60D003905C3 /* Release */,
			);
			defaultConfigurationIsVisible = 0;
			defaultConfigurationName = Release;
		};
		C6B56FE72AA8B60D003905C3 /* Build configuration list for PBXNativeTarget "QuoteHub" */ = {
			isa = XCConfigurationList;
			buildConfigurations = (
				C6B56FE82AA8B60D003905C3 /* Debug */,
				C6B56FE92AA8B60D003905C3 /* Release */,
			);
			defaultConfigurationIsVisible = 0;
			defaultConfigurationName = Release;
		};
/* End XCConfigurationList section */

/* Begin XCRemoteSwiftPackageReference section */
		C694A2DD2AC3FFBA00574D20 /* XCRemoteSwiftPackageReference "Alamofire" */ = {
			isa = XCRemoteSwiftPackageReference;
			repositoryURL = "https://github.com/Alamofire/Alamofire.git";
			requirement = {
				kind = upToNextMajorVersion;
				minimumVersion = 5.0.0;
			};
		};
		C697D0F62AC8F64400F0111B /* XCRemoteSwiftPackageReference "SDWebImageSwiftUI" */ = {
			isa = XCRemoteSwiftPackageReference;
			repositoryURL = "https://github.com/SDWebImage/SDWebImageSwiftUI.git";
			requirement = {
				kind = upToNextMajorVersion;
				minimumVersion = 2.0.0;
			};
		};
		C6DE7F542AF76EA30020F5CB /* XCRemoteSwiftPackageReference "TabBar" */ = {
			isa = XCRemoteSwiftPackageReference;
			repositoryURL = "https://github.com/onl1ner/TabBar.git";
			requirement = {
				kind = upToNextMajorVersion;
				minimumVersion = 1.3.0;
			};
		};
		CE4FEFAB2DFEABA20072E8B9 /* XCRemoteSwiftPackageReference "KeychainAccess" */ = {
			isa = XCRemoteSwiftPackageReference;
			repositoryURL = "https://github.com/kishikawakatsumi/KeychainAccess.git";
			requirement = {
				branch = master;
				kind = branch;
			};
		};
		CE8C48E22DF05290003188ED /* XCRemoteSwiftPackageReference "lottie-ios" */ = {
			isa = XCRemoteSwiftPackageReference;
			repositoryURL = "https://github.com/airbnb/lottie-ios";
			requirement = {
				kind = upToNextMajorVersion;
				minimumVersion = 4.5.2;
			};
		};
/* End XCRemoteSwiftPackageReference section */

/* Begin XCSwiftPackageProductDependency section */
		C694A2DE2AC3FFBA00574D20 /* Alamofire */ = {
			isa = XCSwiftPackageProductDependency;
			package = C694A2DD2AC3FFBA00574D20 /* XCRemoteSwiftPackageReference "Alamofire" */;
			productName = Alamofire;
		};
		C697D0F72AC8F64400F0111B /* SDWebImageSwiftUI */ = {
			isa = XCSwiftPackageProductDependency;
			package = C697D0F62AC8F64400F0111B /* XCRemoteSwiftPackageReference "SDWebImageSwiftUI" */;
			productName = SDWebImageSwiftUI;
		};
		C6DE7F552AF76EA30020F5CB /* TabBar */ = {
			isa = XCSwiftPackageProductDependency;
			package = C6DE7F542AF76EA30020F5CB /* XCRemoteSwiftPackageReference "TabBar" */;
			productName = TabBar;
		};
		CE4FEFAC2DFEABA20072E8B9 /* KeychainAccess */ = {
			isa = XCSwiftPackageProductDependency;
			package = CE4FEFAB2DFEABA20072E8B9 /* XCRemoteSwiftPackageReference "KeychainAccess" */;
			productName = KeychainAccess;
		};
		CE8C48E32DF05290003188ED /* Lottie */ = {
			isa = XCSwiftPackageProductDependency;
			package = CE8C48E22DF05290003188ED /* XCRemoteSwiftPackageReference "lottie-ios" */;
			productName = Lottie;
		};
/* End XCSwiftPackageProductDependency section */
	};
	rootObject = C6B56FD12AA8B60B003905C3 /* Project object */;
}
