// !$*UTF8*$!
{
	archiveVersion = 1;
	classes = {
	};
	objectVersion = 70;
	objects = {

/* Begin PBXBuildFile section */
		C60700CD2AFE05D9009D202A /* FolderService.swift in Sources */ = {isa = PBXBuildFile; fileRef = C60700CC2AFE05D9009D202A /* FolderService.swift */; };
		C60700CF2AFE14F1009D202A /* ThemeViewModel.swift in Sources */ = {isa = PBXBuildFile; fileRef = C60700CE2AFE14F1009D202A /* ThemeViewModel.swift */; };
		C627C8CC2AE25831004D867B /* ColorExtension.swift in Sources */ = {isa = PBXBuildFile; fileRef = C627C8CB2AE25831004D867B /* ColorExtension.swift */; };
		C6336CF32AAF1AA0007355EC /* ImagePicker.swift in Sources */ = {isa = PBXBuildFile; fileRef = C6336CF22AAF1AA0007355EC /* ImagePicker.swift */; };
		C63DB3AC2B1188C50026B668 /* ReportService.swift in Sources */ = {isa = PBXBuildFile; fileRef = C63DB3AB2B1188C50026B668 /* ReportService.swift */; };
		C63DB3B02B118C280026B668 /* ReportViewModel.swift in Sources */ = {isa = PBXBuildFile; fileRef = C63DB3AF2B118C280026B668 /* ReportViewModel.swift */; };
		C65330352B02540300E6B283 /* FollowService.swift in Sources */ = {isa = PBXBuildFile; fileRef = C65330342B02540300E6B283 /* FollowService.swift */; };
		C667E97E2AC9DE7F006EE7A9 /* BookStoriesViewModel.swift in Sources */ = {isa = PBXBuildFile; fileRef = C667E97D2AC9DE7F006EE7A9 /* BookStoriesViewModel.swift */; };
		C667E9802ACA388C006EE7A9 /* UserViewModel.swift in Sources */ = {isa = PBXBuildFile; fileRef = C667E97F2ACA388C006EE7A9 /* UserViewModel.swift */; };
		C6691C522B04DA8C0083C678 /* FollowViewModel.swift in Sources */ = {isa = PBXBuildFile; fileRef = C6691C512B04DA8C0083C678 /* FollowViewModel.swift */; };
		C6691C5A2B0619C10083C678 /* UserSearchViewModel.swift in Sources */ = {isa = PBXBuildFile; fileRef = C6691C592B0619C10083C678 /* UserSearchViewModel.swift */; };
		C67AA3C92AE3839F00490DDE /* BookSearchService.swift in Sources */ = {isa = PBXBuildFile; fileRef = C67AA3C82AE3839F00490DDE /* BookSearchService.swift */; };
		C67AA3CB2AE389F500490DDE /* BooksViewModel.swift in Sources */ = {isa = PBXBuildFile; fileRef = C67AA3CA2AE389F500490DDE /* BooksViewModel.swift */; };
		C694A2DF2AC3FFBA00574D20 /* Alamofire in Frameworks */ = {isa = PBXBuildFile; productRef = C694A2DE2AC3FFBA00574D20 /* Alamofire */; };
		C694A2ED2AC5778400574D20 /* UserService.swift in Sources */ = {isa = PBXBuildFile; fileRef = C694A2EC2AC5778400574D20 /* UserService.swift */; };
		C697D0F82AC8F64400F0111B /* SDWebImageSwiftUI in Frameworks */ = {isa = PBXBuildFile; productRef = C697D0F72AC8F64400F0111B /* SDWebImageSwiftUI */; };
		C697D1002AC9535B00F0111B /* BookStoryService.swift in Sources */ = {isa = PBXBuildFile; fileRef = C697D0FF2AC9535B00F0111B /* BookStoryService.swift */; };
		C6B56FDD2AA8B60B003905C3 /* QuoteHubApp.swift in Sources */ = {isa = PBXBuildFile; fileRef = C6B56FDC2AA8B60B003905C3 /* QuoteHubApp.swift */; };
		C6B56FDF2AA8B60B003905C3 /* ContentView.swift in Sources */ = {isa = PBXBuildFile; fileRef = C6B56FDE2AA8B60B003905C3 /* ContentView.swift */; };
		C6B56FE12AA8B60D003905C3 /* Assets.xcassets in Resources */ = {isa = PBXBuildFile; fileRef = C6B56FE02AA8B60D003905C3 /* Assets.xcassets */; };
		C6B56FE42AA8B60D003905C3 /* Preview Assets.xcassets in Resources */ = {isa = PBXBuildFile; fileRef = C6B56FE32AA8B60D003905C3 /* Preview Assets.xcassets */; };
		C6D78A0A2AD03B2900F03FB8 /* APIEndpoint.swift in Sources */ = {isa = PBXBuildFile; fileRef = C6D78A092AD03B2900F03FB8 /* APIEndpoint.swift */; };
		C6DE7F512AF76B480020F5CB /* StoryCommentService.swift in Sources */ = {isa = PBXBuildFile; fileRef = C6DE7F502AF76B480020F5CB /* StoryCommentService.swift */; };
		C6DE7F562AF76EA30020F5CB /* TabBar in Frameworks */ = {isa = PBXBuildFile; productRef = C6DE7F552AF76EA30020F5CB /* TabBar */; };
		C6DE7F612AF7C2940020F5CB /* CommentViewModel.swift in Sources */ = {isa = PBXBuildFile; fileRef = C6DE7F602AF7C2940020F5CB /* CommentViewModel.swift */; };
		C6E465582ADEAB66002F5FA0 /* CheckboxStyle.swift in Sources */ = {isa = PBXBuildFile; fileRef = C6E465572ADEAB66002F5FA0 /* CheckboxStyle.swift */; };
		CE8C477F2DEA8D84003188ED /* LoginView.swift in Sources */ = {isa = PBXBuildFile; fileRef = CE8C47782DEA8D84003188ED /* LoginView.swift */; };
		CE8C47802DEA8D84003188ED /* OnboardingView.swift in Sources */ = {isa = PBXBuildFile; fileRef = CE8C47792DEA8D84003188ED /* OnboardingView.swift */; };
		CE8C47812DEA8D84003188ED /* SignInWithAppleView.swift in Sources */ = {isa = PBXBuildFile; fileRef = CE8C477A2DEA8D84003188ED /* SignInWithAppleView.swift */; };
		CE8C47822DEA8D84003188ED /* KeyChain.swift in Sources */ = {isa = PBXBuildFile; fileRef = CE8C477C2DEA8D84003188ED /* KeyChain.swift */; };
		CE8C47832DEA8D84003188ED /* UserAuthenticationManager.swift in Sources */ = {isa = PBXBuildFile; fileRef = CE8C477D2DEA8D84003188ED /* UserAuthenticationManager.swift */; };
		CE8C478E2DEA8D93003188ED /* APIResponse.swift in Sources */ = {isa = PBXBuildFile; fileRef = CE8C47842DEA8D93003188ED /* APIResponse.swift */; };
		CE8C478F2DEA8D93003188ED /* Book.swift in Sources */ = {isa = PBXBuildFile; fileRef = CE8C47852DEA8D93003188ED /* Book.swift */; };
		CE8C47902DEA8D93003188ED /* BookStory.swift in Sources */ = {isa = PBXBuildFile; fileRef = CE8C47862DEA8D93003188ED /* BookStory.swift */; };
		CE8C47912DEA8D93003188ED /* BookStoryComment.swift in Sources */ = {isa = PBXBuildFile; fileRef = CE8C47872DEA8D93003188ED /* BookStoryComment.swift */; };
		CE8C47922DEA8D93003188ED /* Folder.swift in Sources */ = {isa = PBXBuildFile; fileRef = CE8C47882DEA8D93003188ED /* Folder.swift */; };
		CE8C47932DEA8D93003188ED /* Follow.swift in Sources */ = {isa = PBXBuildFile; fileRef = CE8C47892DEA8D93003188ED /* Follow.swift */; };
		CE8C47942DEA8D93003188ED /* ReportDataModel.swift in Sources */ = {isa = PBXBuildFile; fileRef = CE8C478A2DEA8D93003188ED /* ReportDataModel.swift */; };
		CE8C47952DEA8D93003188ED /* User.swift in Sources */ = {isa = PBXBuildFile; fileRef = CE8C478B2DEA8D93003188ED /* User.swift */; };
		CE8C479D2DEA8D97003188ED /* APIClient.swift in Sources */ = {isa = PBXBuildFile; fileRef = CE8C47962DEA8D97003188ED /* APIClient.swift */; };
		CE8C479E2DEA8D97003188ED /* AuthEndpoints.swift in Sources */ = {isa = PBXBuildFile; fileRef = CE8C47972DEA8D97003188ED /* AuthEndpoints.swift */; };
		CE8C479F2DEA8D97003188ED /* BookEndpoints.swift in Sources */ = {isa = PBXBuildFile; fileRef = CE8C47982DEA8D97003188ED /* BookEndpoints.swift */; };
		CE8C47A02DEA8D97003188ED /* EndpointProtocol.swift in Sources */ = {isa = PBXBuildFile; fileRef = CE8C47992DEA8D97003188ED /* EndpointProtocol.swift */; };
		CE8C47A12DEA8D97003188ED /* NetworkError.swift in Sources */ = {isa = PBXBuildFile; fileRef = CE8C479A2DEA8D97003188ED /* NetworkError.swift */; };
		CE8C47A22DEA8D97003188ED /* UserEndpoints.swift in Sources */ = {isa = PBXBuildFile; fileRef = CE8C479B2DEA8D97003188ED /* UserEndpoints.swift */; };
		CE8C481B2DEA8DAE003188ED /* HomeView.swift in Sources */ = {isa = PBXBuildFile; fileRef = CE8C47F02DEA8DAE003188ED /* HomeView.swift */; };
		CE8C481C2DEA8DAE003188ED /* PublicStoriesListView.swift in Sources */ = {isa = PBXBuildFile; fileRef = CE8C47F12DEA8DAE003188ED /* PublicStoriesListView.swift */; };
		CE8C481D2DEA8DAE003188ED /* ThemeListView.swift in Sources */ = {isa = PBXBuildFile; fileRef = CE8C47F22DEA8DAE003188ED /* ThemeListView.swift */; };
		CE8C481E2DEA8DAE003188ED /* UserSearchView.swift in Sources */ = {isa = PBXBuildFile; fileRef = CE8C47F32DEA8DAE003188ED /* UserSearchView.swift */; };
		CE8C481F2DEA8DAE003188ED /* FriendSearchKeywordView.swift in Sources */ = {isa = PBXBuildFile; fileRef = CE8C47F52DEA8DAE003188ED /* FriendSearchKeywordView.swift */; };
		CE8C48202DEA8DAE003188ED /* MySearchKeywordView.swift in Sources */ = {isa = PBXBuildFile; fileRef = CE8C47F62DEA8DAE003188ED /* MySearchKeywordView.swift */; };
		CE8C48212DEA8DAE003188ED /* SearchKeywordView.swift in Sources */ = {isa = PBXBuildFile; fileRef = CE8C47F72DEA8DAE003188ED /* SearchKeywordView.swift */; };
		CE8C48222DEA8DAE003188ED /* MainView.swift in Sources */ = {isa = PBXBuildFile; fileRef = CE8C47F92DEA8DAE003188ED /* MainView.swift */; };
		CE8C48232DEA8DAE003188ED /* FollowersListView.swift in Sources */ = {isa = PBXBuildFile; fileRef = CE8C47FB2DEA8DAE003188ED /* FollowersListView.swift */; };
		CE8C48242DEA8DAE003188ED /* FollowingListView.swift in Sources */ = {isa = PBXBuildFile; fileRef = CE8C47FC2DEA8DAE003188ED /* FollowingListView.swift */; };
		CE8C48252DEA8DAE003188ED /* FriendLibraryView.swift in Sources */ = {isa = PBXBuildFile; fileRef = CE8C47FD2DEA8DAE003188ED /* FriendLibraryView.swift */; };
		CE8C48262DEA8DAE003188ED /* LibraryView.swift in Sources */ = {isa = PBXBuildFile; fileRef = CE8C47FE2DEA8DAE003188ED /* LibraryView.swift */; };
		CE8C48272DEA8DAE003188ED /* BookDetailView.swift in Sources */ = {isa = PBXBuildFile; fileRef = CE8C48002DEA8DAE003188ED /* BookDetailView.swift */; };
		CE8C48282DEA8DAE003188ED /* MakeThemaView.swift in Sources */ = {isa = PBXBuildFile; fileRef = CE8C48012DEA8DAE003188ED /* MakeThemaView.swift */; };
		CE8C48292DEA8DAE003188ED /* RecordView.swift in Sources */ = {isa = PBXBuildFile; fileRef = CE8C48022DEA8DAE003188ED /* RecordView.swift */; };
		CE8C482A2DEA8DAE003188ED /* SearchBookView.swift in Sources */ = {isa = PBXBuildFile; fileRef = CE8C48032DEA8DAE003188ED /* SearchBookView.swift */; };
		CE8C482B2DEA8DAE003188ED /* SetAndMakeThemaView.swift in Sources */ = {isa = PBXBuildFile; fileRef = CE8C48042DEA8DAE003188ED /* SetAndMakeThemaView.swift */; };
		CE8C482C2DEA8DAE003188ED /* SetThemaView.swift in Sources */ = {isa = PBXBuildFile; fileRef = CE8C48052DEA8DAE003188ED /* SetThemaView.swift */; };
		CE8C482D2DEA8DAE003188ED /* BlockedListView.swift in Sources */ = {isa = PBXBuildFile; fileRef = CE8C48072DEA8DAE003188ED /* BlockedListView.swift */; };
		CE8C482E2DEA8DAE003188ED /* DeveloperInfoView.swift in Sources */ = {isa = PBXBuildFile; fileRef = CE8C48082DEA8DAE003188ED /* DeveloperInfoView.swift */; };
		CE8C482F2DEA8DAE003188ED /* ReportListView.swift in Sources */ = {isa = PBXBuildFile; fileRef = CE8C48092DEA8DAE003188ED /* ReportListView.swift */; };
		CE8C48302DEA8DAE003188ED /* SettingView.swift in Sources */ = {isa = PBXBuildFile; fileRef = CE8C480A2DEA8DAE003188ED /* SettingView.swift */; };
		CE8C48312DEA8DAE003188ED /* UserProfileView.swift in Sources */ = {isa = PBXBuildFile; fileRef = CE8C480B2DEA8DAE003188ED /* UserProfileView.swift */; };
		CE8C48322DEA8DAE003188ED /* VersionInfoView.swift in Sources */ = {isa = PBXBuildFile; fileRef = CE8C480C2DEA8DAE003188ED /* VersionInfoView.swift */; };
		CE8C48332DEA8DAE003188ED /* CommentView.swift in Sources */ = {isa = PBXBuildFile; fileRef = CE8C480E2DEA8DAE003188ED /* CommentView.swift */; };
		CE8C48342DEA8DAE003188ED /* BookStoryDetailView.swift in Sources */ = {isa = PBXBuildFile; fileRef = CE8C480F2DEA8DAE003188ED /* BookStoryDetailView.swift */; };
		CE8C48352DEA8DAE003188ED /* myBookStoryView.swift in Sources */ = {isa = PBXBuildFile; fileRef = CE8C48102DEA8DAE003188ED /* myBookStoryView.swift */; };
		CE8C48362DEA8DAE003188ED /* UpdateStoryView.swift in Sources */ = {isa = PBXBuildFile; fileRef = CE8C48112DEA8DAE003188ED /* UpdateStoryView.swift */; };
		CE8C48372DEA8DAE003188ED /* FriendThemaView.swift in Sources */ = {isa = PBXBuildFile; fileRef = CE8C48132DEA8DAE003188ED /* FriendThemaView.swift */; };
		CE8C48382DEA8DAE003188ED /* PublicThemaView.swift in Sources */ = {isa = PBXBuildFile; fileRef = CE8C48142DEA8DAE003188ED /* PublicThemaView.swift */; };
		CE8C48392DEA8DAE003188ED /* ThemaView.swift in Sources */ = {isa = PBXBuildFile; fileRef = CE8C48152DEA8DAE003188ED /* ThemaView.swift */; };
		CE8C483A2DEA8DAE003188ED /* UpdateThemaView.swift in Sources */ = {isa = PBXBuildFile; fileRef = CE8C48162DEA8DAE003188ED /* UpdateThemaView.swift */; };
		CE8C483B2DEA8DAE003188ED /* ReportSheetView.swift in Sources */ = {isa = PBXBuildFile; fileRef = CE8C48182DEA8DAE003188ED /* ReportSheetView.swift */; };
		CE8C483C2DEA8DAE003188ED /* WebView.swift in Sources */ = {isa = PBXBuildFile; fileRef = CE8C48192DEA8DAE003188ED /* WebView.swift */; };
		CE8C48402DEAB3FE003188ED /* AnimatedText.swift in Sources */ = {isa = PBXBuildFile; fileRef = CE8C483F2DEAB3FE003188ED /* AnimatedText.swift */; };
		CE8C48442DEAD467003188ED /* CustomTabbar.swift in Sources */ = {isa = PBXBuildFile; fileRef = CE8C48432DEAD467003188ED /* CustomTabbar.swift */; };
		CE8C48462DEAD67D003188ED /* FloatingActionOverlay.swift in Sources */ = {isa = PBXBuildFile; fileRef = CE8C48452DEAD67D003188ED /* FloatingActionOverlay.swift */; };
		CE8C48652DEAE2A9003188ED /* FontManager.swift in Sources */ = {isa = PBXBuildFile; fileRef = CE8C48642DEAE2A9003188ED /* FontManager.swift */; };
		CE8C48672DEB0F53003188ED /* CardButtonStyle.swift in Sources */ = {isa = PBXBuildFile; fileRef = CE8C48662DEB0F53003188ED /* CardButtonStyle.swift */; };
		CE8C48692DEB1972003188ED /* ThemeToggleButton.swift in Sources */ = {isa = PBXBuildFile; fileRef = CE8C48682DEB1972003188ED /* ThemeToggleButton.swift */; };
		CE8C486D2DEB2A62003188ED /* LaunchScreenView.swift in Sources */ = {isa = PBXBuildFile; fileRef = CE8C486C2DEB2A62003188ED /* LaunchScreenView.swift */; };
		CE8C486F2DEB2E39003188ED /* LibraryTabButtonView.swift in Sources */ = {isa = PBXBuildFile; fileRef = CE8C486E2DEB2E39003188ED /* LibraryTabButtonView.swift */; };
		CE8C48712DEB5190003188ED /* ProfileView.swift in Sources */ = {isa = PBXBuildFile; fileRef = CE8C48702DEB5190003188ED /* ProfileView.swift */; };
		CE8C48732DEBECAC003188ED /* Spacer.swift in Sources */ = {isa = PBXBuildFile; fileRef = CE8C48722DEBECAC003188ED /* Spacer.swift */; };
		CE8C48752DEBECED003188ED /* navBarLogo.swift in Sources */ = {isa = PBXBuildFile; fileRef = CE8C48742DEBECED003188ED /* navBarLogo.swift */; };
		CE8C48772DEBEDE0003188ED /* RandomBookListView.swift in Sources */ = {isa = PBXBuildFile; fileRef = CE8C48762DEBEDE0003188ED /* RandomBookListView.swift */; };
/* End PBXBuildFile section */

/* Begin PBXFileReference section */
		C60700CC2AFE05D9009D202A /* FolderService.swift */ = {isa = PBXFileReference; lastKnownFileType = sourcecode.swift; path = FolderService.swift; sourceTree = "<group>"; };
		C60700CE2AFE14F1009D202A /* ThemeViewModel.swift */ = {isa = PBXFileReference; lastKnownFileType = sourcecode.swift; path = ThemeViewModel.swift; sourceTree = "<group>"; };
		C627C8CB2AE25831004D867B /* ColorExtension.swift */ = {isa = PBXFileReference; lastKnownFileType = sourcecode.swift; path = ColorExtension.swift; sourceTree = "<group>"; };
		C6336CF22AAF1AA0007355EC /* ImagePicker.swift */ = {isa = PBXFileReference; lastKnownFileType = sourcecode.swift; path = ImagePicker.swift; sourceTree = "<group>"; };
		C63DB3AB2B1188C50026B668 /* ReportService.swift */ = {isa = PBXFileReference; lastKnownFileType = sourcecode.swift; path = ReportService.swift; sourceTree = "<group>"; };
		C63DB3AF2B118C280026B668 /* ReportViewModel.swift */ = {isa = PBXFileReference; lastKnownFileType = sourcecode.swift; path = ReportViewModel.swift; sourceTree = "<group>"; };
		C65330342B02540300E6B283 /* FollowService.swift */ = {isa = PBXFileReference; lastKnownFileType = sourcecode.swift; path = FollowService.swift; sourceTree = "<group>"; };
		C667E97D2AC9DE7F006EE7A9 /* BookStoriesViewModel.swift */ = {isa = PBXFileReference; lastKnownFileType = sourcecode.swift; path = BookStoriesViewModel.swift; sourceTree = "<group>"; };
		C667E97F2ACA388C006EE7A9 /* UserViewModel.swift */ = {isa = PBXFileReference; lastKnownFileType = sourcecode.swift; path = UserViewModel.swift; sourceTree = "<group>"; };
		C6691C512B04DA8C0083C678 /* FollowViewModel.swift */ = {isa = PBXFileReference; lastKnownFileType = sourcecode.swift; path = FollowViewModel.swift; sourceTree = "<group>"; };
		C6691C592B0619C10083C678 /* UserSearchViewModel.swift */ = {isa = PBXFileReference; lastKnownFileType = sourcecode.swift; path = UserSearchViewModel.swift; sourceTree = "<group>"; };
		C67AA3C82AE3839F00490DDE /* BookSearchService.swift */ = {isa = PBXFileReference; lastKnownFileType = sourcecode.swift; path = BookSearchService.swift; sourceTree = "<group>"; };
		C67AA3CA2AE389F500490DDE /* BooksViewModel.swift */ = {isa = PBXFileReference; lastKnownFileType = sourcecode.swift; path = BooksViewModel.swift; sourceTree = "<group>"; };
		C694A2EC2AC5778400574D20 /* UserService.swift */ = {isa = PBXFileReference; lastKnownFileType = sourcecode.swift; path = UserService.swift; sourceTree = "<group>"; };
		C697D0FF2AC9535B00F0111B /* BookStoryService.swift */ = {isa = PBXFileReference; lastKnownFileType = sourcecode.swift; path = BookStoryService.swift; sourceTree = "<group>"; };
		C6B56FD92AA8B60B003905C3 /* QuoteHub.app */ = {isa = PBXFileReference; explicitFileType = wrapper.application; includeInIndex = 0; path = QuoteHub.app; sourceTree = BUILT_PRODUCTS_DIR; };
		C6B56FDC2AA8B60B003905C3 /* QuoteHubApp.swift */ = {isa = PBXFileReference; lastKnownFileType = sourcecode.swift; path = QuoteHubApp.swift; sourceTree = "<group>"; };
		C6B56FDE2AA8B60B003905C3 /* ContentView.swift */ = {isa = PBXFileReference; lastKnownFileType = sourcecode.swift; path = ContentView.swift; sourceTree = "<group>"; };
		C6B56FE02AA8B60D003905C3 /* Assets.xcassets */ = {isa = PBXFileReference; lastKnownFileType = folder.assetcatalog; path = Assets.xcassets; sourceTree = "<group>"; };
		C6B56FE32AA8B60D003905C3 /* Preview Assets.xcassets */ = {isa = PBXFileReference; lastKnownFileType = folder.assetcatalog; path = "Preview Assets.xcassets"; sourceTree = "<group>"; };
		C6B56FFD2AA8CC1B003905C3 /* QuoteHub.entitlements */ = {isa = PBXFileReference; lastKnownFileType = text.plist.entitlements; path = QuoteHub.entitlements; sourceTree = "<group>"; };
		C6D78A092AD03B2900F03FB8 /* APIEndpoint.swift */ = {isa = PBXFileReference; lastKnownFileType = sourcecode.swift; path = APIEndpoint.swift; sourceTree = "<group>"; };
		C6DE7F502AF76B480020F5CB /* StoryCommentService.swift */ = {isa = PBXFileReference; lastKnownFileType = sourcecode.swift; path = StoryCommentService.swift; sourceTree = "<group>"; };
		C6DE7F602AF7C2940020F5CB /* CommentViewModel.swift */ = {isa = PBXFileReference; lastKnownFileType = sourcecode.swift; path = CommentViewModel.swift; sourceTree = "<group>"; };
		C6E465572ADEAB66002F5FA0 /* CheckboxStyle.swift */ = {isa = PBXFileReference; lastKnownFileType = sourcecode.swift; path = CheckboxStyle.swift; sourceTree = "<group>"; };
		CE8C47782DEA8D84003188ED /* LoginView.swift */ = {isa = PBXFileReference; lastKnownFileType = sourcecode.swift; path = LoginView.swift; sourceTree = "<group>"; };
		CE8C47792DEA8D84003188ED /* OnboardingView.swift */ = {isa = PBXFileReference; lastKnownFileType = sourcecode.swift; path = OnboardingView.swift; sourceTree = "<group>"; };
		CE8C477A2DEA8D84003188ED /* SignInWithAppleView.swift */ = {isa = PBXFileReference; lastKnownFileType = sourcecode.swift; path = SignInWithAppleView.swift; sourceTree = "<group>"; };
		CE8C477C2DEA8D84003188ED /* KeyChain.swift */ = {isa = PBXFileReference; lastKnownFileType = sourcecode.swift; path = KeyChain.swift; sourceTree = "<group>"; };
		CE8C477D2DEA8D84003188ED /* UserAuthenticationManager.swift */ = {isa = PBXFileReference; lastKnownFileType = sourcecode.swift; path = UserAuthenticationManager.swift; sourceTree = "<group>"; };
		CE8C47842DEA8D93003188ED /* APIResponse.swift */ = {isa = PBXFileReference; lastKnownFileType = sourcecode.swift; path = APIResponse.swift; sourceTree = "<group>"; };
		CE8C47852DEA8D93003188ED /* Book.swift */ = {isa = PBXFileReference; lastKnownFileType = sourcecode.swift; path = Book.swift; sourceTree = "<group>"; };
		CE8C47862DEA8D93003188ED /* BookStory.swift */ = {isa = PBXFileReference; lastKnownFileType = sourcecode.swift; path = BookStory.swift; sourceTree = "<group>"; };
		CE8C47872DEA8D93003188ED /* BookStoryComment.swift */ = {isa = PBXFileReference; lastKnownFileType = sourcecode.swift; path = BookStoryComment.swift; sourceTree = "<group>"; };
		CE8C47882DEA8D93003188ED /* Folder.swift */ = {isa = PBXFileReference; lastKnownFileType = sourcecode.swift; path = Folder.swift; sourceTree = "<group>"; };
		CE8C47892DEA8D93003188ED /* Follow.swift */ = {isa = PBXFileReference; lastKnownFileType = sourcecode.swift; path = Follow.swift; sourceTree = "<group>"; };
		CE8C478A2DEA8D93003188ED /* ReportDataModel.swift */ = {isa = PBXFileReference; lastKnownFileType = sourcecode.swift; path = ReportDataModel.swift; sourceTree = "<group>"; };
		CE8C478B2DEA8D93003188ED /* User.swift */ = {isa = PBXFileReference; lastKnownFileType = sourcecode.swift; path = User.swift; sourceTree = "<group>"; };
		CE8C47962DEA8D97003188ED /* APIClient.swift */ = {isa = PBXFileReference; lastKnownFileType = sourcecode.swift; path = APIClient.swift; sourceTree = "<group>"; };
		CE8C47972DEA8D97003188ED /* AuthEndpoints.swift */ = {isa = PBXFileReference; lastKnownFileType = sourcecode.swift; path = AuthEndpoints.swift; sourceTree = "<group>"; };
		CE8C47982DEA8D97003188ED /* BookEndpoints.swift */ = {isa = PBXFileReference; lastKnownFileType = sourcecode.swift; path = BookEndpoints.swift; sourceTree = "<group>"; };
		CE8C47992DEA8D97003188ED /* EndpointProtocol.swift */ = {isa = PBXFileReference; lastKnownFileType = sourcecode.swift; path = EndpointProtocol.swift; sourceTree = "<group>"; };
		CE8C479A2DEA8D97003188ED /* NetworkError.swift */ = {isa = PBXFileReference; lastKnownFileType = sourcecode.swift; path = NetworkError.swift; sourceTree = "<group>"; };
		CE8C479B2DEA8D97003188ED /* UserEndpoints.swift */ = {isa = PBXFileReference; lastKnownFileType = sourcecode.swift; path = UserEndpoints.swift; sourceTree = "<group>"; };
		CE8C47F02DEA8DAE003188ED /* HomeView.swift */ = {isa = PBXFileReference; lastKnownFileType = sourcecode.swift; path = HomeView.swift; sourceTree = "<group>"; };
		CE8C47F12DEA8DAE003188ED /* PublicStoriesListView.swift */ = {isa = PBXFileReference; lastKnownFileType = sourcecode.swift; path = PublicStoriesListView.swift; sourceTree = "<group>"; };
		CE8C47F22DEA8DAE003188ED /* ThemeListView.swift */ = {isa = PBXFileReference; lastKnownFileType = sourcecode.swift; path = ThemeListView.swift; sourceTree = "<group>"; };
		CE8C47F32DEA8DAE003188ED /* UserSearchView.swift */ = {isa = PBXFileReference; lastKnownFileType = sourcecode.swift; path = UserSearchView.swift; sourceTree = "<group>"; };
		CE8C47F52DEA8DAE003188ED /* FriendSearchKeywordView.swift */ = {isa = PBXFileReference; lastKnownFileType = sourcecode.swift; path = FriendSearchKeywordView.swift; sourceTree = "<group>"; };
		CE8C47F62DEA8DAE003188ED /* MySearchKeywordView.swift */ = {isa = PBXFileReference; lastKnownFileType = sourcecode.swift; path = MySearchKeywordView.swift; sourceTree = "<group>"; };
		CE8C47F72DEA8DAE003188ED /* SearchKeywordView.swift */ = {isa = PBXFileReference; lastKnownFileType = sourcecode.swift; path = SearchKeywordView.swift; sourceTree = "<group>"; };
		CE8C47F92DEA8DAE003188ED /* MainView.swift */ = {isa = PBXFileReference; lastKnownFileType = sourcecode.swift; path = MainView.swift; sourceTree = "<group>"; };
		CE8C47FB2DEA8DAE003188ED /* FollowersListView.swift */ = {isa = PBXFileReference; lastKnownFileType = sourcecode.swift; path = FollowersListView.swift; sourceTree = "<group>"; };
		CE8C47FC2DEA8DAE003188ED /* FollowingListView.swift */ = {isa = PBXFileReference; lastKnownFileType = sourcecode.swift; path = FollowingListView.swift; sourceTree = "<group>"; };
		CE8C47FD2DEA8DAE003188ED /* FriendLibraryView.swift */ = {isa = PBXFileReference; lastKnownFileType = sourcecode.swift; path = FriendLibraryView.swift; sourceTree = "<group>"; };
		CE8C47FE2DEA8DAE003188ED /* LibraryView.swift */ = {isa = PBXFileReference; lastKnownFileType = sourcecode.swift; path = LibraryView.swift; sourceTree = "<group>"; };
		CE8C48002DEA8DAE003188ED /* BookDetailView.swift */ = {isa = PBXFileReference; lastKnownFileType = sourcecode.swift; path = BookDetailView.swift; sourceTree = "<group>"; };
		CE8C48012DEA8DAE003188ED /* MakeThemaView.swift */ = {isa = PBXFileReference; lastKnownFileType = sourcecode.swift; path = MakeThemaView.swift; sourceTree = "<group>"; };
		CE8C48022DEA8DAE003188ED /* RecordView.swift */ = {isa = PBXFileReference; lastKnownFileType = sourcecode.swift; path = RecordView.swift; sourceTree = "<group>"; };
		CE8C48032DEA8DAE003188ED /* SearchBookView.swift */ = {isa = PBXFileReference; lastKnownFileType = sourcecode.swift; path = SearchBookView.swift; sourceTree = "<group>"; };
		CE8C48042DEA8DAE003188ED /* SetAndMakeThemaView.swift */ = {isa = PBXFileReference; lastKnownFileType = sourcecode.swift; path = SetAndMakeThemaView.swift; sourceTree = "<group>"; };
		CE8C48052DEA8DAE003188ED /* SetThemaView.swift */ = {isa = PBXFileReference; lastKnownFileType = sourcecode.swift; path = SetThemaView.swift; sourceTree = "<group>"; };
		CE8C48072DEA8DAE003188ED /* BlockedListView.swift */ = {isa = PBXFileReference; lastKnownFileType = sourcecode.swift; path = BlockedListView.swift; sourceTree = "<group>"; };
		CE8C48082DEA8DAE003188ED /* DeveloperInfoView.swift */ = {isa = PBXFileReference; lastKnownFileType = sourcecode.swift; path = DeveloperInfoView.swift; sourceTree = "<group>"; };
		CE8C48092DEA8DAE003188ED /* ReportListView.swift */ = {isa = PBXFileReference; lastKnownFileType = sourcecode.swift; path = ReportListView.swift; sourceTree = "<group>"; };
		CE8C480A2DEA8DAE003188ED /* SettingView.swift */ = {isa = PBXFileReference; lastKnownFileType = sourcecode.swift; path = SettingView.swift; sourceTree = "<group>"; };
		CE8C480B2DEA8DAE003188ED /* UserProfileView.swift */ = {isa = PBXFileReference; lastKnownFileType = sourcecode.swift; path = UserProfileView.swift; sourceTree = "<group>"; };
		CE8C480C2DEA8DAE003188ED /* VersionInfoView.swift */ = {isa = PBXFileReference; lastKnownFileType = sourcecode.swift; path = VersionInfoView.swift; sourceTree = "<group>"; };
		CE8C480E2DEA8DAE003188ED /* CommentView.swift */ = {isa = PBXFileReference; lastKnownFileType = sourcecode.swift; path = CommentView.swift; sourceTree = "<group>"; };
		CE8C480F2DEA8DAE003188ED /* BookStoryDetailView.swift */ = {isa = PBXFileReference; lastKnownFileType = sourcecode.swift; path = BookStoryDetailView.swift; sourceTree = "<group>"; };
		CE8C48102DEA8DAE003188ED /* myBookStoryView.swift */ = {isa = PBXFileReference; lastKnownFileType = sourcecode.swift; path = myBookStoryView.swift; sourceTree = "<group>"; };
		CE8C48112DEA8DAE003188ED /* UpdateStoryView.swift */ = {isa = PBXFileReference; lastKnownFileType = sourcecode.swift; path = UpdateStoryView.swift; sourceTree = "<group>"; };
		CE8C48132DEA8DAE003188ED /* FriendThemaView.swift */ = {isa = PBXFileReference; lastKnownFileType = sourcecode.swift; path = FriendThemaView.swift; sourceTree = "<group>"; };
		CE8C48142DEA8DAE003188ED /* PublicThemaView.swift */ = {isa = PBXFileReference; lastKnownFileType = sourcecode.swift; path = PublicThemaView.swift; sourceTree = "<group>"; };
		CE8C48152DEA8DAE003188ED /* ThemaView.swift */ = {isa = PBXFileReference; lastKnownFileType = sourcecode.swift; path = ThemaView.swift; sourceTree = "<group>"; };
		CE8C48162DEA8DAE003188ED /* UpdateThemaView.swift */ = {isa = PBXFileReference; lastKnownFileType = sourcecode.swift; path = UpdateThemaView.swift; sourceTree = "<group>"; };
		CE8C48182DEA8DAE003188ED /* ReportSheetView.swift */ = {isa = PBXFileReference; lastKnownFileType = sourcecode.swift; path = ReportSheetView.swift; sourceTree = "<group>"; };
		CE8C48192DEA8DAE003188ED /* WebView.swift */ = {isa = PBXFileReference; lastKnownFileType = sourcecode.swift; path = WebView.swift; sourceTree = "<group>"; };
		CE8C483F2DEAB3FE003188ED /* AnimatedText.swift */ = {isa = PBXFileReference; lastKnownFileType = sourcecode.swift; path = AnimatedText.swift; sourceTree = "<group>"; };
		CE8C48432DEAD467003188ED /* CustomTabbar.swift */ = {isa = PBXFileReference; lastKnownFileType = sourcecode.swift; path = CustomTabbar.swift; sourceTree = "<group>"; };
		CE8C48452DEAD67D003188ED /* FloatingActionOverlay.swift */ = {isa = PBXFileReference; lastKnownFileType = sourcecode.swift; path = FloatingActionOverlay.swift; sourceTree = "<group>"; };
		CE8C48642DEAE2A9003188ED /* FontManager.swift */ = {isa = PBXFileReference; lastKnownFileType = sourcecode.swift; path = FontManager.swift; sourceTree = "<group>"; };
		CE8C48662DEB0F53003188ED /* CardButtonStyle.swift */ = {isa = PBXFileReference; lastKnownFileType = sourcecode.swift; path = CardButtonStyle.swift; sourceTree = "<group>"; };
		CE8C48682DEB1972003188ED /* ThemeToggleButton.swift */ = {isa = PBXFileReference; lastKnownFileType = sourcecode.swift; path = ThemeToggleButton.swift; sourceTree = "<group>"; };
		CE8C486C2DEB2A62003188ED /* LaunchScreenView.swift */ = {isa = PBXFileReference; lastKnownFileType = sourcecode.swift; path = LaunchScreenView.swift; sourceTree = "<group>"; };
		CE8C486E2DEB2E39003188ED /* LibraryTabButtonView.swift */ = {isa = PBXFileReference; lastKnownFileType = sourcecode.swift; path = LibraryTabButtonView.swift; sourceTree = "<group>"; };
		CE8C48702DEB5190003188ED /* ProfileView.swift */ = {isa = PBXFileReference; lastKnownFileType = sourcecode.swift; path = ProfileView.swift; sourceTree = "<group>"; };
		CE8C48722DEBECAC003188ED /* Spacer.swift */ = {isa = PBXFileReference; lastKnownFileType = sourcecode.swift; path = Spacer.swift; sourceTree = "<group>"; };
		CE8C48742DEBECED003188ED /* navBarLogo.swift */ = {isa = PBXFileReference; lastKnownFileType = sourcecode.swift; path = navBarLogo.swift; sourceTree = "<group>"; };
		CE8C48762DEBEDE0003188ED /* RandomBookListView.swift */ = {isa = PBXFileReference; lastKnownFileType = sourcecode.swift; path = RandomBookListView.swift; sourceTree = "<group>"; };
/* End PBXFileReference section */

/* Begin PBXFileSystemSynchronizedRootGroup section */
		CE8C48472DEADAAC003188ED /* Font */ = {isa = PBXFileSystemSynchronizedRootGroup; explicitFileTypes = {}; explicitFolders = (); path = Font; sourceTree = "<group>"; };
/* End PBXFileSystemSynchronizedRootGroup section */

/* Begin PBXFrameworksBuildPhase section */
		C6B56FD62AA8B60B003905C3 /* Frameworks */ = {
			isa = PBXFrameworksBuildPhase;
			buildActionMask = 2147483647;
			files = (
				C6DE7F562AF76EA30020F5CB /* TabBar in Frameworks */,
				C697D0F82AC8F64400F0111B /* SDWebImageSwiftUI in Frameworks */,
				C694A2DF2AC3FFBA00574D20 /* Alamofire in Frameworks */,
			);
			runOnlyForDeploymentPostprocessing = 0;
		};
/* End PBXFrameworksBuildPhase section */

/* Begin PBXGroup section */
		C6336CF12AAF1A91007355EC /* Extension */ = {
			isa = PBXGroup;
			children = (
				C6336CF22AAF1AA0007355EC /* ImagePicker.swift */,
				C627C8CB2AE25831004D867B /* ColorExtension.swift */,
				C6E465572ADEAB66002F5FA0 /* CheckboxStyle.swift */,
			);
			path = Extension;
			sourceTree = "<group>";
		};
		C676F5252AAC02CB00EC7241 /* ViewModel */ = {
			isa = PBXGroup;
			children = (
				C667E97F2ACA388C006EE7A9 /* UserViewModel.swift */,
				C6691C592B0619C10083C678 /* UserSearchViewModel.swift */,
				C67AA3CA2AE389F500490DDE /* BooksViewModel.swift */,
				C667E97D2AC9DE7F006EE7A9 /* BookStoriesViewModel.swift */,
				C60700CE2AFE14F1009D202A /* ThemeViewModel.swift */,
				C6DE7F602AF7C2940020F5CB /* CommentViewModel.swift */,
				C6691C512B04DA8C0083C678 /* FollowViewModel.swift */,
				C63DB3AF2B118C280026B668 /* ReportViewModel.swift */,
			);
			path = ViewModel;
			sourceTree = "<group>";
		};
		C676F5422AAC443500EC7241 /* API */ = {
			isa = PBXGroup;
			children = (
				C6D78A092AD03B2900F03FB8 /* APIEndpoint.swift */,
				C694A2EC2AC5778400574D20 /* UserService.swift */,
				C697D0FF2AC9535B00F0111B /* BookStoryService.swift */,
				C6DE7F502AF76B480020F5CB /* StoryCommentService.swift */,
				C60700CC2AFE05D9009D202A /* FolderService.swift */,
				C65330342B02540300E6B283 /* FollowService.swift */,
				C67AA3C82AE3839F00490DDE /* BookSearchService.swift */,
				C63DB3AB2B1188C50026B668 /* ReportService.swift */,
			);
			path = API;
			sourceTree = "<group>";
		};
		C6B56FD02AA8B60B003905C3 = {
			isa = PBXGroup;
			children = (
				C6B56FDB2AA8B60B003905C3 /* QuoteHub */,
				C6B56FDA2AA8B60B003905C3 /* Products */,
			);
			sourceTree = "<group>";
		};
		C6B56FDA2AA8B60B003905C3 /* Products */ = {
			isa = PBXGroup;
			children = (
				C6B56FD92AA8B60B003905C3 /* QuoteHub.app */,
			);
			name = Products;
			sourceTree = "<group>";
		};
		C6B56FDB2AA8B60B003905C3 /* QuoteHub */ = {
			isa = PBXGroup;
			children = (
				CE8C48472DEADAAC003188ED /* Font */,
				C6B56FFD2AA8CC1B003905C3 /* QuoteHub.entitlements */,
				CE8C483E2DEAB3EA003188ED /* Common */,
				CE8C47772DEA8D01003188ED /* APP */,
				CE8C477E2DEA8D84003188ED /* Auth */,
				CE8C478D2DEA8D93003188ED /* Data */,
				CE8C479C2DEA8D97003188ED /* Network */,
				CE8C481A2DEA8DAE003188ED /* Views */,
				C676F5422AAC443500EC7241 /* API */,
				C676F5252AAC02CB00EC7241 /* ViewModel */,
				C6B56FE02AA8B60D003905C3 /* Assets.xcassets */,
				C6336CF12AAF1A91007355EC /* Extension */,
				C6B56FE22AA8B60D003905C3 /* Preview Content */,
			);
			path = QuoteHub;
			sourceTree = "<group>";
		};
		C6B56FE22AA8B60D003905C3 /* Preview Content */ = {
			isa = PBXGroup;
			children = (
				C6B56FE32AA8B60D003905C3 /* Preview Assets.xcassets */,
			);
			path = "Preview Content";
			sourceTree = "<group>";
		};
		CE8C47772DEA8D01003188ED /* APP */ = {
			isa = PBXGroup;
			children = (
				C6B56FDC2AA8B60B003905C3 /* QuoteHubApp.swift */,
				C6B56FDE2AA8B60B003905C3 /* ContentView.swift */,
				CE8C486C2DEB2A62003188ED /* LaunchScreenView.swift */,
			);
			path = APP;
			sourceTree = "<group>";
		};
		CE8C477B2DEA8D84003188ED /* Login */ = {
			isa = PBXGroup;
			children = (
				CE8C47782DEA8D84003188ED /* LoginView.swift */,
				CE8C47792DEA8D84003188ED /* OnboardingView.swift */,
				CE8C477A2DEA8D84003188ED /* SignInWithAppleView.swift */,
			);
			path = Login;
			sourceTree = "<group>";
		};
		CE8C477E2DEA8D84003188ED /* Auth */ = {
			isa = PBXGroup;
			children = (
				CE8C477B2DEA8D84003188ED /* Login */,
				CE8C477C2DEA8D84003188ED /* KeyChain.swift */,
				CE8C477D2DEA8D84003188ED /* UserAuthenticationManager.swift */,
			);
			path = Auth;
			sourceTree = "<group>";
		};
		CE8C478C2DEA8D93003188ED /* Models */ = {
			isa = PBXGroup;
			children = (
				CE8C47842DEA8D93003188ED /* APIResponse.swift */,
				CE8C47852DEA8D93003188ED /* Book.swift */,
				CE8C47862DEA8D93003188ED /* BookStory.swift */,
				CE8C47872DEA8D93003188ED /* BookStoryComment.swift */,
				CE8C47882DEA8D93003188ED /* Folder.swift */,
				CE8C47892DEA8D93003188ED /* Follow.swift */,
				CE8C478A2DEA8D93003188ED /* ReportDataModel.swift */,
				CE8C478B2DEA8D93003188ED /* User.swift */,
			);
			path = Models;
			sourceTree = "<group>";
		};
		CE8C478D2DEA8D93003188ED /* Data */ = {
			isa = PBXGroup;
			children = (
				CE8C478C2DEA8D93003188ED /* Models */,
			);
			path = Data;
			sourceTree = "<group>";
		};
		CE8C479C2DEA8D97003188ED /* Network */ = {
			isa = PBXGroup;
			children = (
				CE8C47962DEA8D97003188ED /* APIClient.swift */,
				CE8C47972DEA8D97003188ED /* AuthEndpoints.swift */,
				CE8C47982DEA8D97003188ED /* BookEndpoints.swift */,
				CE8C47992DEA8D97003188ED /* EndpointProtocol.swift */,
				CE8C479A2DEA8D97003188ED /* NetworkError.swift */,
				CE8C479B2DEA8D97003188ED /* UserEndpoints.swift */,
			);
			path = Network;
			sourceTree = "<group>";
		};
		CE8C47F42DEA8DAE003188ED /* Home */ = {
			isa = PBXGroup;
			children = (
				CE8C47F02DEA8DAE003188ED /* HomeView.swift */,
				CE8C48762DEBEDE0003188ED /* RandomBookListView.swift */,
				CE8C48682DEB1972003188ED /* ThemeToggleButton.swift */,
				CE8C47F12DEA8DAE003188ED /* PublicStoriesListView.swift */,
				CE8C47F22DEA8DAE003188ED /* ThemeListView.swift */,
				CE8C47F32DEA8DAE003188ED /* UserSearchView.swift */,
			);
			path = Home;
			sourceTree = "<group>";
		};
		CE8C47F82DEA8DAE003188ED /* Keyword */ = {
			isa = PBXGroup;
			children = (
				CE8C47F52DEA8DAE003188ED /* FriendSearchKeywordView.swift */,
				CE8C47F62DEA8DAE003188ED /* MySearchKeywordView.swift */,
				CE8C47F72DEA8DAE003188ED /* SearchKeywordView.swift */,
			);
			path = Keyword;
			sourceTree = "<group>";
		};
		CE8C47FA2DEA8DAE003188ED /* Main */ = {
			isa = PBXGroup;
			children = (
				CE8C47F92DEA8DAE003188ED /* MainView.swift */,
				CE8C48452DEAD67D003188ED /* FloatingActionOverlay.swift */,
				CE8C48432DEAD467003188ED /* CustomTabbar.swift */,
			);
			path = Main;
			sourceTree = "<group>";
		};
		CE8C47FF2DEA8DAE003188ED /* My Libarary */ = {
			isa = PBXGroup;
			children = (
				CE8C47FB2DEA8DAE003188ED /* FollowersListView.swift */,
				CE8C47FC2DEA8DAE003188ED /* FollowingListView.swift */,
				CE8C47FD2DEA8DAE003188ED /* FriendLibraryView.swift */,
				CE8C486E2DEB2E39003188ED /* LibraryTabButtonView.swift */,
				CE8C47FE2DEA8DAE003188ED /* LibraryView.swift */,
				CE8C48702DEB5190003188ED /* ProfileView.swift */,
			);
			path = "My Libarary";
			sourceTree = "<group>";
		};
		CE8C48062DEA8DAE003188ED /* Record */ = {
			isa = PBXGroup;
			children = (
				CE8C48002DEA8DAE003188ED /* BookDetailView.swift */,
				CE8C48012DEA8DAE003188ED /* MakeThemaView.swift */,
				CE8C48022DEA8DAE003188ED /* RecordView.swift */,
				CE8C48032DEA8DAE003188ED /* SearchBookView.swift */,
				CE8C48042DEA8DAE003188ED /* SetAndMakeThemaView.swift */,
				CE8C48052DEA8DAE003188ED /* SetThemaView.swift */,
			);
			path = Record;
			sourceTree = "<group>";
		};
		CE8C480D2DEA8DAE003188ED /* Setting */ = {
			isa = PBXGroup;
			children = (
				CE8C48072DEA8DAE003188ED /* BlockedListView.swift */,
				CE8C48082DEA8DAE003188ED /* DeveloperInfoView.swift */,
				CE8C48092DEA8DAE003188ED /* ReportListView.swift */,
				CE8C480A2DEA8DAE003188ED /* SettingView.swift */,
				CE8C480B2DEA8DAE003188ED /* UserProfileView.swift */,
				CE8C480C2DEA8DAE003188ED /* VersionInfoView.swift */,
			);
			path = Setting;
			sourceTree = "<group>";
		};
		CE8C48122DEA8DAE003188ED /* BookStoryView */ = {
			isa = PBXGroup;
			children = (
				CE8C480E2DEA8DAE003188ED /* CommentView.swift */,
				CE8C480F2DEA8DAE003188ED /* BookStoryDetailView.swift */,
				CE8C48102DEA8DAE003188ED /* myBookStoryView.swift */,
				CE8C48112DEA8DAE003188ED /* UpdateStoryView.swift */,
			);
			path = BookStoryView;
			sourceTree = "<group>";
		};
		CE8C48172DEA8DAE003188ED /* ThemaView */ = {
			isa = PBXGroup;
			children = (
				CE8C48132DEA8DAE003188ED /* FriendThemaView.swift */,
				CE8C48142DEA8DAE003188ED /* PublicThemaView.swift */,
				CE8C48152DEA8DAE003188ED /* ThemaView.swift */,
				CE8C48162DEA8DAE003188ED /* UpdateThemaView.swift */,
			);
			path = ThemaView;
			sourceTree = "<group>";
		};
		CE8C481A2DEA8DAE003188ED /* Views */ = {
			isa = PBXGroup;
			children = (
				CE8C47FA2DEA8DAE003188ED /* Main */,
				CE8C47F42DEA8DAE003188ED /* Home */,
				CE8C47F82DEA8DAE003188ED /* Keyword */,
				CE8C47FF2DEA8DAE003188ED /* My Libarary */,
				CE8C48062DEA8DAE003188ED /* Record */,
				CE8C480D2DEA8DAE003188ED /* Setting */,
				CE8C48122DEA8DAE003188ED /* BookStoryView */,
				CE8C48172DEA8DAE003188ED /* ThemaView */,
				CE8C48182DEA8DAE003188ED /* ReportSheetView.swift */,
				CE8C48192DEA8DAE003188ED /* WebView.swift */,
			);
			path = Views;
			sourceTree = "<group>";
		};
		CE8C483E2DEAB3EA003188ED /* Common */ = {
			isa = PBXGroup;
			children = (
				CE8C483F2DEAB3FE003188ED /* AnimatedText.swift */,
				CE8C48722DEBECAC003188ED /* Spacer.swift */,
				CE8C48742DEBECED003188ED /* navBarLogo.swift */,
				CE8C48662DEB0F53003188ED /* CardButtonStyle.swift */,
				CE8C48642DEAE2A9003188ED /* FontManager.swift */,
			);
			path = Common;
			sourceTree = "<group>";
		};
/* End PBXGroup section */

/* Begin PBXNativeTarget section */
		C6B56FD82AA8B60B003905C3 /* QuoteHub */ = {
			isa = PBXNativeTarget;
			buildConfigurationList = C6B56FE72AA8B60D003905C3 /* Build configuration list for PBXNativeTarget "QuoteHub" */;
			buildPhases = (
				C6B56FD52AA8B60B003905C3 /* Sources */,
				C6B56FD62AA8B60B003905C3 /* Frameworks */,
				C6B56FD72AA8B60B003905C3 /* Resources */,
			);
			buildRules = (
			);
			dependencies = (
			);
			fileSystemSynchronizedGroups = (
				CE8C48472DEADAAC003188ED /* Font */,
			);
			name = QuoteHub;
			packageProductDependencies = (
				C694A2DE2AC3FFBA00574D20 /* Alamofire */,
				C697D0F72AC8F64400F0111B /* SDWebImageSwiftUI */,
				C6DE7F552AF76EA30020F5CB /* TabBar */,
			);
			productName = QuoteHub;
			productReference = C6B56FD92AA8B60B003905C3 /* QuoteHub.app */;
			productType = "com.apple.product-type.application";
		};
/* End PBXNativeTarget section */

/* Begin PBXProject section */
		C6B56FD12AA8B60B003905C3 /* Project object */ = {
			isa = PBXProject;
			attributes = {
				BuildIndependentTargetsInParallel = 1;
				LastSwiftUpdateCheck = 1430;
				LastUpgradeCheck = 1540;
				TargetAttributes = {
					C6B56FD82AA8B60B003905C3 = {
						CreatedOnToolsVersion = 14.3;
					};
				};
			};
			buildConfigurationList = C6B56FD42AA8B60B003905C3 /* Build configuration list for PBXProject "QuoteHub" */;
			compatibilityVersion = "Xcode 14.0";
			developmentRegion = ko;
			hasScannedForEncodings = 0;
			knownRegions = (
				Base,
				ko,
			);
			mainGroup = C6B56FD02AA8B60B003905C3;
			packageReferences = (
				C694A2DD2AC3FFBA00574D20 /* XCRemoteSwiftPackageReference "Alamofire" */,
				C697D0F62AC8F64400F0111B /* XCRemoteSwiftPackageReference "SDWebImageSwiftUI" */,
				C6DE7F542AF76EA30020F5CB /* XCRemoteSwiftPackageReference "TabBar" */,
			);
			productRefGroup = C6B56FDA2AA8B60B003905C3 /* Products */;
			projectDirPath = "";
			projectRoot = "";
			targets = (
				C6B56FD82AA8B60B003905C3 /* QuoteHub */,
			);
		};
/* End PBXProject section */

/* Begin PBXResourcesBuildPhase section */
		C6B56FD72AA8B60B003905C3 /* Resources */ = {
			isa = PBXResourcesBuildPhase;
			buildActionMask = 2147483647;
			files = (
				C6B56FE42AA8B60D003905C3 /* Preview Assets.xcassets in Resources */,
				C6B56FE12AA8B60D003905C3 /* Assets.xcassets in Resources */,
			);
			runOnlyForDeploymentPostprocessing = 0;
		};
/* End PBXResourcesBuildPhase section */

/* Begin PBXSourcesBuildPhase section */
		C6B56FD52AA8B60B003905C3 /* Sources */ = {
			isa = PBXSourcesBuildPhase;
			buildActionMask = 2147483647;
			files = (
				C63DB3B02B118C280026B668 /* ReportViewModel.swift in Sources */,
				C65330352B02540300E6B283 /* FollowService.swift in Sources */,
				C667E97E2AC9DE7F006EE7A9 /* BookStoriesViewModel.swift in Sources */,
				C6B56FDF2AA8B60B003905C3 /* ContentView.swift in Sources */,
				C6DE7F512AF76B480020F5CB /* StoryCommentService.swift in Sources */,
				CE8C478E2DEA8D93003188ED /* APIResponse.swift in Sources */,
				CE8C478F2DEA8D93003188ED /* Book.swift in Sources */,
				CE8C47902DEA8D93003188ED /* BookStory.swift in Sources */,
				CE8C47912DEA8D93003188ED /* BookStoryComment.swift in Sources */,
				CE8C47922DEA8D93003188ED /* Folder.swift in Sources */,
				CE8C48652DEAE2A9003188ED /* FontManager.swift in Sources */,
				CE8C47932DEA8D93003188ED /* Follow.swift in Sources */,
				CE8C47942DEA8D93003188ED /* ReportDataModel.swift in Sources */,
				CE8C47952DEA8D93003188ED /* User.swift in Sources */,
				C67AA3CB2AE389F500490DDE /* BooksViewModel.swift in Sources */,
				C694A2ED2AC5778400574D20 /* UserService.swift in Sources */,
				C60700CF2AFE14F1009D202A /* ThemeViewModel.swift in Sources */,
				CE8C481B2DEA8DAE003188ED /* HomeView.swift in Sources */,
				CE8C481C2DEA8DAE003188ED /* PublicStoriesListView.swift in Sources */,
				CE8C481D2DEA8DAE003188ED /* ThemeListView.swift in Sources */,
				CE8C481E2DEA8DAE003188ED /* UserSearchView.swift in Sources */,
				CE8C481F2DEA8DAE003188ED /* FriendSearchKeywordView.swift in Sources */,
				CE8C48202DEA8DAE003188ED /* MySearchKeywordView.swift in Sources */,
				CE8C48212DEA8DAE003188ED /* SearchKeywordView.swift in Sources */,
				CE8C48222DEA8DAE003188ED /* MainView.swift in Sources */,
				CE8C48232DEA8DAE003188ED /* FollowersListView.swift in Sources */,
				CE8C486D2DEB2A62003188ED /* LaunchScreenView.swift in Sources */,
				CE8C48242DEA8DAE003188ED /* FollowingListView.swift in Sources */,
				CE8C48252DEA8DAE003188ED /* FriendLibraryView.swift in Sources */,
				CE8C48262DEA8DAE003188ED /* LibraryView.swift in Sources */,
				CE8C48772DEBEDE0003188ED /* RandomBookListView.swift in Sources */,
				CE8C48272DEA8DAE003188ED /* BookDetailView.swift in Sources */,
				CE8C48282DEA8DAE003188ED /* MakeThemaView.swift in Sources */,
				CE8C48292DEA8DAE003188ED /* RecordView.swift in Sources */,
				CE8C482A2DEA8DAE003188ED /* SearchBookView.swift in Sources */,
				CE8C482B2DEA8DAE003188ED /* SetAndMakeThemaView.swift in Sources */,
				CE8C482C2DEA8DAE003188ED /* SetThemaView.swift in Sources */,
				CE8C48692DEB1972003188ED /* ThemeToggleButton.swift in Sources */,
				CE8C48732DEBECAC003188ED /* Spacer.swift in Sources */,
				CE8C482D2DEA8DAE003188ED /* BlockedListView.swift in Sources */,
				CE8C482E2DEA8DAE003188ED /* DeveloperInfoView.swift in Sources */,
				CE8C482F2DEA8DAE003188ED /* ReportListView.swift in Sources */,
				CE8C48462DEAD67D003188ED /* FloatingActionOverlay.swift in Sources */,
				CE8C48302DEA8DAE003188ED /* SettingView.swift in Sources */,
				CE8C48312DEA8DAE003188ED /* UserProfileView.swift in Sources */,
				CE8C48322DEA8DAE003188ED /* VersionInfoView.swift in Sources */,
				CE8C48332DEA8DAE003188ED /* CommentView.swift in Sources */,
				CE8C48712DEB5190003188ED /* ProfileView.swift in Sources */,
				CE8C48342DEA8DAE003188ED /* BookStoryDetailView.swift in Sources */,
				CE8C48352DEA8DAE003188ED /* myBookStoryView.swift in Sources */,
				CE8C48362DEA8DAE003188ED /* UpdateStoryView.swift in Sources */,
				CE8C48372DEA8DAE003188ED /* FriendThemaView.swift in Sources */,
				CE8C48382DEA8DAE003188ED /* PublicThemaView.swift in Sources */,
				CE8C48392DEA8DAE003188ED /* ThemaView.swift in Sources */,
				CE8C483A2DEA8DAE003188ED /* UpdateThemaView.swift in Sources */,
				CE8C483B2DEA8DAE003188ED /* ReportSheetView.swift in Sources */,
				CE8C483C2DEA8DAE003188ED /* WebView.swift in Sources */,
				C67AA3C92AE3839F00490DDE /* BookSearchService.swift in Sources */,
				C6DE7F612AF7C2940020F5CB /* CommentViewModel.swift in Sources */,
				C697D1002AC9535B00F0111B /* BookStoryService.swift in Sources */,
				CE8C48672DEB0F53003188ED /* CardButtonStyle.swift in Sources */,
				CE8C48752DEBECED003188ED /* navBarLogo.swift in Sources */,
				C6B56FDD2AA8B60B003905C3 /* QuoteHubApp.swift in Sources */,
				C63DB3AC2B1188C50026B668 /* ReportService.swift in Sources */,
				C6D78A0A2AD03B2900F03FB8 /* APIEndpoint.swift in Sources */,
				C6691C5A2B0619C10083C678 /* UserSearchViewModel.swift in Sources */,
				CE8C486F2DEB2E39003188ED /* LibraryTabButtonView.swift in Sources */,
				CE8C477F2DEA8D84003188ED /* LoginView.swift in Sources */,
				CE8C47802DEA8D84003188ED /* OnboardingView.swift in Sources */,
				CE8C47812DEA8D84003188ED /* SignInWithAppleView.swift in Sources */,
				CE8C47822DEA8D84003188ED /* KeyChain.swift in Sources */,
				CE8C47832DEA8D84003188ED /* UserAuthenticationManager.swift in Sources */,
				CE8C479D2DEA8D97003188ED /* APIClient.swift in Sources */,
				CE8C48402DEAB3FE003188ED /* AnimatedText.swift in Sources */,
				CE8C48442DEAD467003188ED /* CustomTabbar.swift in Sources */,
				CE8C479E2DEA8D97003188ED /* AuthEndpoints.swift in Sources */,
				CE8C479F2DEA8D97003188ED /* BookEndpoints.swift in Sources */,
				CE8C47A02DEA8D97003188ED /* EndpointProtocol.swift in Sources */,
				CE8C47A12DEA8D97003188ED /* NetworkError.swift in Sources */,
				CE8C47A22DEA8D97003188ED /* UserEndpoints.swift in Sources */,
				C60700CD2AFE05D9009D202A /* FolderService.swift in Sources */,
				C667E9802ACA388C006EE7A9 /* UserViewModel.swift in Sources */,
				C6336CF32AAF1AA0007355EC /* ImagePicker.swift in Sources */,
				C627C8CC2AE25831004D867B /* ColorExtension.swift in Sources */,
				C6691C522B04DA8C0083C678 /* FollowViewModel.swift in Sources */,
				C6E465582ADEAB66002F5FA0 /* CheckboxStyle.swift in Sources */,
			);
			runOnlyForDeploymentPostprocessing = 0;
		};
/* End PBXSourcesBuildPhase section */

/* Begin XCBuildConfiguration section */
		C6B56FE52AA8B60D003905C3 /* Debug */ = {
			isa = XCBuildConfiguration;
			buildSettings = {
				ALWAYS_SEARCH_USER_PATHS = NO;
				CLANG_ANALYZER_NONNULL = YES;
				CLANG_ANALYZER_NUMBER_OBJECT_CONVERSION = YES_AGGRESSIVE;
				CLANG_CXX_LANGUAGE_STANDARD = "gnu++20";
				CLANG_ENABLE_MODULES = YES;
				CLANG_ENABLE_OBJC_ARC = YES;
				CLANG_ENABLE_OBJC_WEAK = YES;
				CLANG_WARN_BLOCK_CAPTURE_AUTORELEASING = YES;
				CLANG_WARN_BOOL_CONVERSION = YES;
				CLANG_WARN_COMMA = YES;
				CLANG_WARN_CONSTANT_CONVERSION = YES;
				CLANG_WARN_DEPRECATED_OBJC_IMPLEMENTATIONS = YES;
				CLANG_WARN_DIRECT_OBJC_ISA_USAGE = YES_ERROR;
				CLANG_WARN_DOCUMENTATION_COMMENTS = YES;
				CLANG_WARN_EMPTY_BODY = YES;
				CLANG_WARN_ENUM_CONVERSION = YES;
				CLANG_WARN_INFINITE_RECURSION = YES;
				CLANG_WARN_INT_CONVERSION = YES;
				CLANG_WARN_NON_LITERAL_NULL_CONVERSION = YES;
				CLANG_WARN_OBJC_IMPLICIT_RETAIN_SELF = YES;
				CLANG_WARN_OBJC_LITERAL_CONVERSION = YES;
				CLANG_WARN_OBJC_ROOT_CLASS = YES_ERROR;
				CLANG_WARN_QUOTED_INCLUDE_IN_FRAMEWORK_HEADER = YES;
				CLANG_WARN_RANGE_LOOP_ANALYSIS = YES;
				CLANG_WARN_STRICT_PROTOTYPES = YES;
				CLANG_WARN_SUSPICIOUS_MOVE = YES;
				CLANG_WARN_UNGUARDED_AVAILABILITY = YES_AGGRESSIVE;
				CLANG_WARN_UNREACHABLE_CODE = YES;
				CLANG_WARN__DUPLICATE_METHOD_MATCH = YES;
				COPY_PHASE_STRIP = NO;
				DEBUG_INFORMATION_FORMAT = dwarf;
				ENABLE_STRICT_OBJC_MSGSEND = YES;
				ENABLE_TESTABILITY = YES;
				ENABLE_USER_SCRIPT_SANDBOXING = YES;
				GCC_C_LANGUAGE_STANDARD = gnu11;
				GCC_DYNAMIC_NO_PIC = NO;
				GCC_NO_COMMON_BLOCKS = YES;
				GCC_OPTIMIZATION_LEVEL = 0;
				GCC_PREPROCESSOR_DEFINITIONS = (
					"DEBUG=1",
					"$(inherited)",
				);
				GCC_WARN_64_TO_32_BIT_CONVERSION = YES;
				GCC_WARN_ABOUT_RETURN_TYPE = YES_ERROR;
				GCC_WARN_UNDECLARED_SELECTOR = YES;
				GCC_WARN_UNINITIALIZED_AUTOS = YES_AGGRESSIVE;
				GCC_WARN_UNUSED_FUNCTION = YES;
				GCC_WARN_UNUSED_VARIABLE = YES;
				IPHONEOS_DEPLOYMENT_TARGET = 16.4;
				MTL_ENABLE_DEBUG_INFO = INCLUDE_SOURCE;
				MTL_FAST_MATH = YES;
				ONLY_ACTIVE_ARCH = YES;
				SDKROOT = iphoneos;
				SWIFT_ACTIVE_COMPILATION_CONDITIONS = DEBUG;
				SWIFT_OPTIMIZATION_LEVEL = "-Onone";
			};
			name = Debug;
		};
		C6B56FE62AA8B60D003905C3 /* Release */ = {
			isa = XCBuildConfiguration;
			buildSettings = {
				ALWAYS_SEARCH_USER_PATHS = NO;
				CLANG_ANALYZER_NONNULL = YES;
				CLANG_ANALYZER_NUMBER_OBJECT_CONVERSION = YES_AGGRESSIVE;
				CLANG_CXX_LANGUAGE_STANDARD = "gnu++20";
				CLANG_ENABLE_MODULES = YES;
				CLANG_ENABLE_OBJC_ARC = YES;
				CLANG_ENABLE_OBJC_WEAK = YES;
				CLANG_WARN_BLOCK_CAPTURE_AUTORELEASING = YES;
				CLANG_WARN_BOOL_CONVERSION = YES;
				CLANG_WARN_COMMA = YES;
				CLANG_WARN_CONSTANT_CONVERSION = YES;
				CLANG_WARN_DEPRECATED_OBJC_IMPLEMENTATIONS = YES;
				CLANG_WARN_DIRECT_OBJC_ISA_USAGE = YES_ERROR;
				CLANG_WARN_DOCUMENTATION_COMMENTS = YES;
				CLANG_WARN_EMPTY_BODY = YES;
				CLANG_WARN_ENUM_CONVERSION = YES;
				CLANG_WARN_INFINITE_RECURSION = YES;
				CLANG_WARN_INT_CONVERSION = YES;
				CLANG_WARN_NON_LITERAL_NULL_CONVERSION = YES;
				CLANG_WARN_OBJC_IMPLICIT_RETAIN_SELF = YES;
				CLANG_WARN_OBJC_LITERAL_CONVERSION = YES;
				CLANG_WARN_OBJC_ROOT_CLASS = YES_ERROR;
				CLANG_WARN_QUOTED_INCLUDE_IN_FRAMEWORK_HEADER = YES;
				CLANG_WARN_RANGE_LOOP_ANALYSIS = YES;
				CLANG_WARN_STRICT_PROTOTYPES = YES;
				CLANG_WARN_SUSPICIOUS_MOVE = YES;
				CLANG_WARN_UNGUARDED_AVAILABILITY = YES_AGGRESSIVE;
				CLANG_WARN_UNREACHABLE_CODE = YES;
				CLANG_WARN__DUPLICATE_METHOD_MATCH = YES;
				COPY_PHASE_STRIP = NO;
				DEBUG_INFORMATION_FORMAT = "dwarf-with-dsym";
				ENABLE_NS_ASSERTIONS = NO;
				ENABLE_STRICT_OBJC_MSGSEND = YES;
				ENABLE_USER_SCRIPT_SANDBOXING = YES;
				GCC_C_LANGUAGE_STANDARD = gnu11;
				GCC_NO_COMMON_BLOCKS = YES;
				GCC_WARN_64_TO_32_BIT_CONVERSION = YES;
				GCC_WARN_ABOUT_RETURN_TYPE = YES_ERROR;
				GCC_WARN_UNDECLARED_SELECTOR = YES;
				GCC_WARN_UNINITIALIZED_AUTOS = YES_AGGRESSIVE;
				GCC_WARN_UNUSED_FUNCTION = YES;
				GCC_WARN_UNUSED_VARIABLE = YES;
				IPHONEOS_DEPLOYMENT_TARGET = 16.4;
				MTL_ENABLE_DEBUG_INFO = NO;
				MTL_FAST_MATH = YES;
				SDKROOT = iphoneos;
				SWIFT_COMPILATION_MODE = wholemodule;
				SWIFT_OPTIMIZATION_LEVEL = "-O";
				VALIDATE_PRODUCT = YES;
			};
			name = Release;
		};
		C6B56FE82AA8B60D003905C3 /* Debug */ = {
			isa = XCBuildConfiguration;
			buildSettings = {
				ASSETCATALOG_COMPILER_ALTERNATE_APPICON_NAMES = "";
				ASSETCATALOG_COMPILER_APPICON_NAME = AppIcon;
				ASSETCATALOG_COMPILER_GLOBAL_ACCENT_COLOR_NAME = AccentColor;
				CODE_SIGN_ENTITLEMENTS = QuoteHub/QuoteHub.entitlements;
				CODE_SIGN_IDENTITY = "Apple Development";
				"CODE_SIGN_IDENTITY[sdk=iphoneos*]" = "iPhone Developer";
				CODE_SIGN_STYLE = Manual;
				CURRENT_PROJECT_VERSION = 2;
				DEBUG_INFORMATION_FORMAT = dwarf;
				DEVELOPMENT_ASSET_PATHS = "\"QuoteHub/Preview Content\"";
				DEVELOPMENT_TEAM = "";
				"DEVELOPMENT_TEAM[sdk=iphoneos*]" = 285ZKW5MPR;
				ENABLE_DEBUG_DYLIB = YES;
				ENABLE_PREVIEWS = YES;
				GENERATE_INFOPLIST_FILE = YES;
				INFOPLIST_FILE = QuoteHub/Info.plist;
				INFOPLIST_KEY_CFBundleDisplayName = "문장모아";
				INFOPLIST_KEY_LSApplicationCategoryType = "public.app-category.social-networking";
				INFOPLIST_KEY_NSCameraUsageDescription = "이 앱은 사용자가 새로운 사진을 촬영하여 게시물로 바로 사용할 수 있도록 카메라 접근 권한을 요청합니다. 이 권한을 허용하면, 앱 내에서 직접 카메라를 활성화하여 새로운 이미지를 촬영하고 업로드할 수 있습니다. 카메라 권한은 오직 이 목적으로만 사용됩니다.";
				INFOPLIST_KEY_NSPhotoLibraryAddUsageDescription = "앱에서 촬영한 사진을 저장하려면 권한이 필요합니다.";
				INFOPLIST_KEY_NSPhotoLibraryUsageDescription = "앱에서 게시물에 사용할 사진을 선택하려면 사진 라이브러리 접근 권한이 필요합니다. 이 권한을 허용하면, 귀하의 기기에 저장된 사진들 중에서 원하는 이미지를 선택하여 앱 내에서 업로드하고 공유할 수 있습니다.";
				INFOPLIST_KEY_UIApplicationSceneManifest_Generation = YES;
				INFOPLIST_KEY_UIApplicationSupportsIndirectInputEvents = YES;
				INFOPLIST_KEY_UILaunchStoryboardName = "Launch Screen";
				INFOPLIST_KEY_UISupportedInterfaceOrientations = UIInterfaceOrientationPortrait;
				INFOPLIST_KEY_UISupportedInterfaceOrientations_iPad = "UIInterfaceOrientationLandscapeRight UIInterfaceOrientationPortrait";
				IPHONEOS_DEPLOYMENT_TARGET = 17.6;
				LD_RUNPATH_SEARCH_PATHS = (
					"$(inherited)",
					"@executable_path/Frameworks",
				);
				MARKETING_VERSION = 1.01;
				PRODUCT_BUNDLE_IDENTIFIER = com.yungui.QuoteHub;
				PRODUCT_NAME = "$(TARGET_NAME)";
				PROVISIONING_PROFILE_SPECIFIER = "";
				"PROVISIONING_PROFILE_SPECIFIER[sdk=iphoneos*]" = "quote hub_doc";
				SUPPORTED_PLATFORMS = "iphoneos iphonesimulator";
				SUPPORTS_MACCATALYST = NO;
				SWIFT_EMIT_LOC_STRINGS = YES;
				SWIFT_VERSION = 5.0;
				TARGETED_DEVICE_FAMILY = 1;
			};
			name = Debug;
		};
		C6B56FE92AA8B60D003905C3 /* Release */ = {
			isa = XCBuildConfiguration;
			buildSettings = {
				ASSETCATALOG_COMPILER_APPICON_NAME = AppIcon;
				ASSETCATALOG_COMPILER_GLOBAL_ACCENT_COLOR_NAME = AccentColor;
				CODE_SIGN_ENTITLEMENTS = QuoteHub/QuoteHub.entitlements;
				CODE_SIGN_IDENTITY = "Apple Development";
				"CODE_SIGN_IDENTITY[sdk=iphoneos*]" = "iPhone Distribution";
				CODE_SIGN_STYLE = Manual;
				CURRENT_PROJECT_VERSION = 2;
				DEBUG_INFORMATION_FORMAT = dwarf;
				DEVELOPMENT_ASSET_PATHS = "\"QuoteHub/Preview Content\"";
				DEVELOPMENT_TEAM = "";
				"DEVELOPMENT_TEAM[sdk=iphoneos*]" = 285ZKW5MPR;
				ENABLE_DEBUG_DYLIB = YES;
				ENABLE_PREVIEWS = YES;
				GENERATE_INFOPLIST_FILE = YES;
				INFOPLIST_FILE = QuoteHub/Info.plist;
				INFOPLIST_KEY_CFBundleDisplayName = "문장모아";
				INFOPLIST_KEY_LSApplicationCategoryType = "public.app-category.social-networking";
				INFOPLIST_KEY_NSCameraUsageDescription = "이 앱은 사용자가 새로운 사진을 촬영하여 게시물로 바로 사용할 수 있도록 카메라 접근 권한을 요청합니다. 이 권한을 허용하면, 앱 내에서 직접 카메라를 활성화하여 새로운 이미지를 촬영하고 업로드할 수 있습니다. 카메라 권한은 오직 이 목적으로만 사용됩니다.";
				INFOPLIST_KEY_NSPhotoLibraryAddUsageDescription = "앱에서 촬영한 사진을 저장하려면 권한이 필요합니다.";
				INFOPLIST_KEY_NSPhotoLibraryUsageDescription = "앱에서 게시물에 사용할 사진을 선택하려면 사진 라이브러리 접근 권한이 필요합니다. 이 권한을 허용하면, 귀하의 기기에 저장된 사진들 중에서 원하는 이미지를 선택하여 앱 내에서 업로드하고 공유할 수 있습니다.";
				INFOPLIST_KEY_UIApplicationSceneManifest_Generation = YES;
				INFOPLIST_KEY_UIApplicationSupportsIndirectInputEvents = YES;
				INFOPLIST_KEY_UILaunchStoryboardName = "Launch Screen";
				INFOPLIST_KEY_UISupportedInterfaceOrientations = UIInterfaceOrientationPortrait;
				INFOPLIST_KEY_UISupportedInterfaceOrientations_iPad = "UIInterfaceOrientationLandscapeRight UIInterfaceOrientationPortrait";
				IPHONEOS_DEPLOYMENT_TARGET = 17.6;
				LD_RUNPATH_SEARCH_PATHS = (
					"$(inherited)",
					"@executable_path/Frameworks",
				);
				MARKETING_VERSION = 1.01;
				PRODUCT_BUNDLE_IDENTIFIER = com.yungui.QuoteHub;
				PRODUCT_NAME = "$(TARGET_NAME)";
				PROVISIONING_PROFILE_SPECIFIER = "";
				"PROVISIONING_PROFILE_SPECIFIER[sdk=iphoneos*]" = "quote hub_adhoc";
				SUPPORTED_PLATFORMS = "iphoneos iphonesimulator";
				SUPPORTS_MACCATALYST = NO;
				SWIFT_EMIT_LOC_STRINGS = YES;
				SWIFT_VERSION = 5.0;
				TARGETED_DEVICE_FAMILY = 1;
			};
			name = Release;
		};
/* End XCBuildConfiguration section */

/* Begin XCConfigurationList section */
		C6B56FD42AA8B60B003905C3 /* Build configuration list for PBXProject "QuoteHub" */ = {
			isa = XCConfigurationList;
			buildConfigurations = (
				C6B56FE52AA8B60D003905C3 /* Debug */,
				C6B56FE62AA8B60D003905C3 /* Release */,
			);
			defaultConfigurationIsVisible = 0;
			defaultConfigurationName = Release;
		};
		C6B56FE72AA8B60D003905C3 /* Build configuration list for PBXNativeTarget "QuoteHub" */ = {
			isa = XCConfigurationList;
			buildConfigurations = (
				C6B56FE82AA8B60D003905C3 /* Debug */,
				C6B56FE92AA8B60D003905C3 /* Release */,
			);
			defaultConfigurationIsVisible = 0;
			defaultConfigurationName = Release;
		};
/* End XCConfigurationList section */

/* Begin XCRemoteSwiftPackageReference section */
		C694A2DD2AC3FFBA00574D20 /* XCRemoteSwiftPackageReference "Alamofire" */ = {
			isa = XCRemoteSwiftPackageReference;
			repositoryURL = "https://github.com/Alamofire/Alamofire.git";
			requirement = {
				kind = upToNextMajorVersion;
				minimumVersion = 5.0.0;
			};
		};
		C697D0F62AC8F64400F0111B /* XCRemoteSwiftPackageReference "SDWebImageSwiftUI" */ = {
			isa = XCRemoteSwiftPackageReference;
			repositoryURL = "https://github.com/SDWebImage/SDWebImageSwiftUI.git";
			requirement = {
				kind = upToNextMajorVersion;
				minimumVersion = 2.0.0;
			};
		};
		C6DE7F542AF76EA30020F5CB /* XCRemoteSwiftPackageReference "TabBar" */ = {
			isa = XCRemoteSwiftPackageReference;
			repositoryURL = "https://github.com/onl1ner/TabBar.git";
			requirement = {
				kind = upToNextMajorVersion;
				minimumVersion = 1.3.0;
			};
		};
/* End XCRemoteSwiftPackageReference section */

/* Begin XCSwiftPackageProductDependency section */
		C694A2DE2AC3FFBA00574D20 /* Alamofire */ = {
			isa = XCSwiftPackageProductDependency;
			package = C694A2DD2AC3FFBA00574D20 /* XCRemoteSwiftPackageReference "Alamofire" */;
			productName = Alamofire;
		};
		C697D0F72AC8F64400F0111B /* SDWebImageSwiftUI */ = {
			isa = XCSwiftPackageProductDependency;
			package = C697D0F62AC8F64400F0111B /* XCRemoteSwiftPackageReference "SDWebImageSwiftUI" */;
			productName = SDWebImageSwiftUI;
		};
		C6DE7F552AF76EA30020F5CB /* TabBar */ = {
			isa = XCSwiftPackageProductDependency;
			package = C6DE7F542AF76EA30020F5CB /* XCRemoteSwiftPackageReference "TabBar" */;
			productName = TabBar;
		};
/* End XCSwiftPackageProductDependency section */
	};
	rootObject = C6B56FD12AA8B60B003905C3 /* Project object */;
}
