// !$*UTF8*$!
{
	archiveVersion = 1;
	classes = {
	};
	objectVersion = 56;
	objects = {

/* Begin PBXBuildFile section */
		974D0B732CA2EFE5009135A8 /* GoogleSignIn in Frameworks */ = {isa = PBXBuildFile; productRef = 974D0B722CA2EFE5009135A8 /* GoogleSignIn */; };
		974D0B752CA2EFE5009135A8 /* GoogleSignInSwift in Frameworks */ = {isa = PBXBuildFile; productRef = 974D0B742CA2EFE5009135A8 /* GoogleSignInSwift */; };
		C60700CD2AFE05D9009D202A /* FolderService.swift in Sources */ = {isa = PBXBuildFile; fileRef = C60700CC2AFE05D9009D202A /* FolderService.swift */; };
		C60700CF2AFE14F1009D202A /* FolderViewModel.swift in Sources */ = {isa = PBXBuildFile; fileRef = C60700CE2AFE14F1009D202A /* FolderViewModel.swift */; };
		C60700D52AFF55F1009D202A /* ListThemaView.swift in Sources */ = {isa = PBXBuildFile; fileRef = C60700D42AFF55F1009D202A /* ListThemaView.swift */; };
		C627C8CC2AE25831004D867B /* ColorExtension.swift in Sources */ = {isa = PBXBuildFile; fileRef = C627C8CB2AE25831004D867B /* ColorExtension.swift */; };
		C6336CF32AAF1AA0007355EC /* ImagePicker.swift in Sources */ = {isa = PBXBuildFile; fileRef = C6336CF22AAF1AA0007355EC /* ImagePicker.swift */; };
		C63DB3AC2B1188C50026B668 /* ReportService.swift in Sources */ = {isa = PBXBuildFile; fileRef = C63DB3AB2B1188C50026B668 /* ReportService.swift */; };
		C63DB3AE2B1189F10026B668 /* ReportDataModel.swift in Sources */ = {isa = PBXBuildFile; fileRef = C63DB3AD2B1189F10026B668 /* ReportDataModel.swift */; };
		C63DB3B02B118C280026B668 /* ReportViewModel.swift in Sources */ = {isa = PBXBuildFile; fileRef = C63DB3AF2B118C280026B668 /* ReportViewModel.swift */; };
		C63DB3B22B11978A0026B668 /* ReportSheetView.swift in Sources */ = {isa = PBXBuildFile; fileRef = C63DB3B12B11978A0026B668 /* ReportSheetView.swift */; };
		C63DB3B82B1245250026B668 /* BlockedListView.swift in Sources */ = {isa = PBXBuildFile; fileRef = C63DB3B72B1245250026B668 /* BlockedListView.swift */; };
		C63DB3BA2B132B210026B668 /* CustomTabView.swift in Sources */ = {isa = PBXBuildFile; fileRef = C63DB3B92B132B210026B668 /* CustomTabView.swift */; };
		C653302A2B00FE0000E6B283 /* PublicThemaView.swift in Sources */ = {isa = PBXBuildFile; fileRef = C65330292B00FE0000E6B283 /* PublicThemaView.swift */; };
		C653302C2B014BD500E6B283 /* UpdateThemaView.swift in Sources */ = {isa = PBXBuildFile; fileRef = C653302B2B014BD500E6B283 /* UpdateThemaView.swift */; };
		C653302F2B0161C000E6B283 /* MySearchKeywordView.swift in Sources */ = {isa = PBXBuildFile; fileRef = C653302E2B0161C000E6B283 /* MySearchKeywordView.swift */; };
		C65330312B0161CE00E6B283 /* FriendSearchKeywordView.swift in Sources */ = {isa = PBXBuildFile; fileRef = C65330302B0161CE00E6B283 /* FriendSearchKeywordView.swift */; };
		C65330332B022AEA00E6B283 /* CommentView.swift in Sources */ = {isa = PBXBuildFile; fileRef = C65330322B022AEA00E6B283 /* CommentView.swift */; };
		C65330352B02540300E6B283 /* FollowService.swift in Sources */ = {isa = PBXBuildFile; fileRef = C65330342B02540300E6B283 /* FollowService.swift */; };
		C667E97E2AC9DE7F006EE7A9 /* BookStoriesViewModel.swift in Sources */ = {isa = PBXBuildFile; fileRef = C667E97D2AC9DE7F006EE7A9 /* BookStoriesViewModel.swift */; };
		C667E9802ACA388C006EE7A9 /* UserViewModel.swift in Sources */ = {isa = PBXBuildFile; fileRef = C667E97F2ACA388C006EE7A9 /* UserViewModel.swift */; };
		C667E9822ACAAC9E006EE7A9 /* UserProfileView.swift in Sources */ = {isa = PBXBuildFile; fileRef = C667E9812ACAAC9E006EE7A9 /* UserProfileView.swift */; };
		C667E9862ACACE73006EE7A9 /* DeveloperInfoView.swift in Sources */ = {isa = PBXBuildFile; fileRef = C667E9852ACACE73006EE7A9 /* DeveloperInfoView.swift */; };
		C667E9882ACAD23F006EE7A9 /* VersionInfoView.swift in Sources */ = {isa = PBXBuildFile; fileRef = C667E9872ACAD23F006EE7A9 /* VersionInfoView.swift */; };
		C6691C522B04DA8C0083C678 /* FollowViewModel.swift in Sources */ = {isa = PBXBuildFile; fileRef = C6691C512B04DA8C0083C678 /* FollowViewModel.swift */; };
		C6691C542B05323C0083C678 /* FollowingListView.swift in Sources */ = {isa = PBXBuildFile; fileRef = C6691C532B05323C0083C678 /* FollowingListView.swift */; };
		C6691C562B0532450083C678 /* FollowersListView.swift in Sources */ = {isa = PBXBuildFile; fileRef = C6691C552B0532450083C678 /* FollowersListView.swift */; };
		C6691C582B0607750083C678 /* UserSearchView.swift in Sources */ = {isa = PBXBuildFile; fileRef = C6691C572B0607750083C678 /* UserSearchView.swift */; };
		C6691C5A2B0619C10083C678 /* UserSearchViewModel.swift in Sources */ = {isa = PBXBuildFile; fileRef = C6691C592B0619C10083C678 /* UserSearchViewModel.swift */; };
		C66B95C12B1858C600E92CA0 /* ReportListView.swift in Sources */ = {isa = PBXBuildFile; fileRef = C66B95C02B1858C600E92CA0 /* ReportListView.swift */; };
		C66B95C32B186CDB00E92CA0 /* WebView.swift in Sources */ = {isa = PBXBuildFile; fileRef = C66B95C22B186CDB00E92CA0 /* WebView.swift */; };
		C66CD1812ACBCB96004ADB0A /* myBookStoryView.swift in Sources */ = {isa = PBXBuildFile; fileRef = C66CD17F2ACBCB96004ADB0A /* myBookStoryView.swift */; };
		C66CD1822ACBCB96004ADB0A /* UpdateStoryView.swift in Sources */ = {isa = PBXBuildFile; fileRef = C66CD1802ACBCB96004ADB0A /* UpdateStoryView.swift */; };
		C670C2342AE4D233003B65D7 /* SignInWithAppleView.swift in Sources */ = {isa = PBXBuildFile; fileRef = C670C2332AE4D232003B65D7 /* SignInWithAppleView.swift */; };
		C670C23E2AE66208003B65D7 /* KeyChain.swift in Sources */ = {isa = PBXBuildFile; fileRef = C670C23D2AE66208003B65D7 /* KeyChain.swift */; };
		C670C2402AE67E35003B65D7 /* UserAuthenticationManager.swift in Sources */ = {isa = PBXBuildFile; fileRef = C670C23F2AE67E35003B65D7 /* UserAuthenticationManager.swift */; };
		C676478D2ADC41600023A4C1 /* FriendLibraryView.swift in Sources */ = {isa = PBXBuildFile; fileRef = C676478C2ADC41600023A4C1 /* FriendLibraryView.swift */; };
		C676F5212AAC023900EC7241 /* SearchBookView.swift in Sources */ = {isa = PBXBuildFile; fileRef = C676F5202AAC023900EC7241 /* SearchBookView.swift */; };
		C676F5272AAC035600EC7241 /* BookDataModel.swift in Sources */ = {isa = PBXBuildFile; fileRef = C676F5262AAC035600EC7241 /* BookDataModel.swift */; };
		C676F5322AAC233000EC7241 /* SettingView.swift in Sources */ = {isa = PBXBuildFile; fileRef = C676F5312AAC233000EC7241 /* SettingView.swift */; };
		C67AA3C92AE3839F00490DDE /* BookSearchService.swift in Sources */ = {isa = PBXBuildFile; fileRef = C67AA3C82AE3839F00490DDE /* BookSearchService.swift */; };
		C67AA3CB2AE389F500490DDE /* BooksViewModel.swift in Sources */ = {isa = PBXBuildFile; fileRef = C67AA3CA2AE389F500490DDE /* BooksViewModel.swift */; };
		C694A2DF2AC3FFBA00574D20 /* Alamofire in Frameworks */ = {isa = PBXBuildFile; productRef = C694A2DE2AC3FFBA00574D20 /* Alamofire */; };
		C694A2ED2AC5778400574D20 /* UserService.swift in Sources */ = {isa = PBXBuildFile; fileRef = C694A2EC2AC5778400574D20 /* UserService.swift */; };
		C694A2EF2AC577C100574D20 /* UserDataModel.swift in Sources */ = {isa = PBXBuildFile; fileRef = C694A2EE2AC577C100574D20 /* UserDataModel.swift */; };
		C697D0F82AC8F64400F0111B /* SDWebImageSwiftUI in Frameworks */ = {isa = PBXBuildFile; productRef = C697D0F72AC8F64400F0111B /* SDWebImageSwiftUI */; };
		C697D1002AC9535B00F0111B /* BookStoryService.swift in Sources */ = {isa = PBXBuildFile; fileRef = C697D0FF2AC9535B00F0111B /* BookStoryService.swift */; };
		C697D1042AC96FB900F0111B /* BookDetailView.swift in Sources */ = {isa = PBXBuildFile; fileRef = C697D1032AC96FB900F0111B /* BookDetailView.swift */; };
		C6B56FDD2AA8B60B003905C3 /* QuoteHubApp.swift in Sources */ = {isa = PBXBuildFile; fileRef = C6B56FDC2AA8B60B003905C3 /* QuoteHubApp.swift */; };
		C6B56FDF2AA8B60B003905C3 /* ContentView.swift in Sources */ = {isa = PBXBuildFile; fileRef = C6B56FDE2AA8B60B003905C3 /* ContentView.swift */; };
		C6B56FE12AA8B60D003905C3 /* Assets.xcassets in Resources */ = {isa = PBXBuildFile; fileRef = C6B56FE02AA8B60D003905C3 /* Assets.xcassets */; };
		C6B56FE42AA8B60D003905C3 /* Preview Assets.xcassets in Resources */ = {isa = PBXBuildFile; fileRef = C6B56FE32AA8B60D003905C3 /* Preview Assets.xcassets */; };
		C6B56FEC2AA8B708003905C3 /* InfoPlist.strings in Resources */ = {isa = PBXBuildFile; fileRef = C6B56FEE2AA8B708003905C3 /* InfoPlist.strings */; };
		C6B56FF22AA8B793003905C3 /* Launch Screen.storyboard in Resources */ = {isa = PBXBuildFile; fileRef = C6B56FF12AA8B793003905C3 /* Launch Screen.storyboard */; };
		C6B56FFC2AA8C3DD003905C3 /* MainView.swift in Sources */ = {isa = PBXBuildFile; fileRef = C6B56FFB2AA8C3DD003905C3 /* MainView.swift */; };
		C6B570062AAA12BE003905C3 /* HomeView.swift in Sources */ = {isa = PBXBuildFile; fileRef = C6B570052AAA12BE003905C3 /* HomeView.swift */; };
		C6B570082AAA12D7003905C3 /* RecordView.swift in Sources */ = {isa = PBXBuildFile; fileRef = C6B570072AAA12D7003905C3 /* RecordView.swift */; };
		C6B5700A2AAA12E6003905C3 /* LibraryView.swift in Sources */ = {isa = PBXBuildFile; fileRef = C6B570092AAA12E6003905C3 /* LibraryView.swift */; };
		C6BDABE92ADC06F000D958B4 /* BookStoryCommentDataModel.swift in Sources */ = {isa = PBXBuildFile; fileRef = C6BDABE82ADC06EF00D958B4 /* BookStoryCommentDataModel.swift */; };
		C6BDABEB2ADC070B00D958B4 /* BookStoryDataModel.swift in Sources */ = {isa = PBXBuildFile; fileRef = C6BDABEA2ADC070B00D958B4 /* BookStoryDataModel.swift */; };
		C6BDABED2ADC086F00D958B4 /* APIResponse.swift in Sources */ = {isa = PBXBuildFile; fileRef = C6BDABEC2ADC086F00D958B4 /* APIResponse.swift */; };
		C6D78A0A2AD03B2900F03FB8 /* APIEndpoint.swift in Sources */ = {isa = PBXBuildFile; fileRef = C6D78A092AD03B2900F03FB8 /* APIEndpoint.swift */; };
		C6DA790E2AFA9F3F00963017 /* ThemaView.swift in Sources */ = {isa = PBXBuildFile; fileRef = C6DA790D2AFA9F3F00963017 /* ThemaView.swift */; };
		C6DA79102AFA9F8900963017 /* SetThemaView.swift in Sources */ = {isa = PBXBuildFile; fileRef = C6DA790F2AFA9F8900963017 /* SetThemaView.swift */; };
		C6DA79122AFAA58000963017 /* SetAndMakeThemaView.swift in Sources */ = {isa = PBXBuildFile; fileRef = C6DA79112AFAA58000963017 /* SetAndMakeThemaView.swift */; };
		C6DA79142AFAD40600963017 /* SearchKeywordView.swift in Sources */ = {isa = PBXBuildFile; fileRef = C6DA79132AFAD40600963017 /* SearchKeywordView.swift */; };
		C6DA791D2AFBACD300963017 /* friendBookStoryView.swift in Sources */ = {isa = PBXBuildFile; fileRef = C6DA791C2AFBACD300963017 /* friendBookStoryView.swift */; };
		C6DA791F2AFBACE100963017 /* FriendThemaView.swift in Sources */ = {isa = PBXBuildFile; fileRef = C6DA791E2AFBACE100963017 /* FriendThemaView.swift */; };
		C6DA79212AFC7DF000963017 /* ListPublicStoriesView.swift in Sources */ = {isa = PBXBuildFile; fileRef = C6DA79202AFC7DF000963017 /* ListPublicStoriesView.swift */; };
		C6DE7F432AEF98ED0020F5CB /* FolderDataModel.swift in Sources */ = {isa = PBXBuildFile; fileRef = C6DE7F422AEF98ED0020F5CB /* FolderDataModel.swift */; };
		C6DE7F492AF698A70020F5CB /* FollowDataModel.swift in Sources */ = {isa = PBXBuildFile; fileRef = C6DE7F482AF698A70020F5CB /* FollowDataModel.swift */; };
		C6DE7F4F2AF75BAF0020F5CB /* CustomTabBar.swift in Sources */ = {isa = PBXBuildFile; fileRef = C6DE7F4E2AF75BAF0020F5CB /* CustomTabBar.swift */; };
		C6DE7F512AF76B480020F5CB /* StoryCommentService.swift in Sources */ = {isa = PBXBuildFile; fileRef = C6DE7F502AF76B480020F5CB /* StoryCommentService.swift */; };
		C6DE7F532AF76D9F0020F5CB /* LoginView.swift in Sources */ = {isa = PBXBuildFile; fileRef = C6DE7F522AF76D9F0020F5CB /* LoginView.swift */; };
		C6DE7F562AF76EA30020F5CB /* TabBar in Frameworks */ = {isa = PBXBuildFile; productRef = C6DE7F552AF76EA30020F5CB /* TabBar */; };
		C6DE7F5F2AF77A5D0020F5CB /* MakeThemaView.swift in Sources */ = {isa = PBXBuildFile; fileRef = C6DE7F5E2AF77A5D0020F5CB /* MakeThemaView.swift */; };
		C6DE7F612AF7C2940020F5CB /* CommentViewModel.swift in Sources */ = {isa = PBXBuildFile; fileRef = C6DE7F602AF7C2940020F5CB /* CommentViewModel.swift */; };
		C6E465582ADEAB66002F5FA0 /* CheckboxStyle.swift in Sources */ = {isa = PBXBuildFile; fileRef = C6E465572ADEAB66002F5FA0 /* CheckboxStyle.swift */; };
		C6FC9FDC2AE779A1003420EB /* OnboardingView.swift in Sources */ = {isa = PBXBuildFile; fileRef = C6FC9FDB2AE779A1003420EB /* OnboardingView.swift */; };
/* End PBXBuildFile section */

/* Begin PBXFileReference section */
		C60700CC2AFE05D9009D202A /* FolderService.swift */ = {isa = PBXFileReference; lastKnownFileType = sourcecode.swift; path = FolderService.swift; sourceTree = "<group>"; };
		C60700CE2AFE14F1009D202A /* FolderViewModel.swift */ = {isa = PBXFileReference; lastKnownFileType = sourcecode.swift; path = FolderViewModel.swift; sourceTree = "<group>"; };
		C60700D42AFF55F1009D202A /* ListThemaView.swift */ = {isa = PBXFileReference; lastKnownFileType = sourcecode.swift; path = ListThemaView.swift; sourceTree = "<group>"; };
		C627C8CB2AE25831004D867B /* ColorExtension.swift */ = {isa = PBXFileReference; lastKnownFileType = sourcecode.swift; path = ColorExtension.swift; sourceTree = "<group>"; };
		C6336CF22AAF1AA0007355EC /* ImagePicker.swift */ = {isa = PBXFileReference; lastKnownFileType = sourcecode.swift; path = ImagePicker.swift; sourceTree = "<group>"; };
		C63DB3AB2B1188C50026B668 /* ReportService.swift */ = {isa = PBXFileReference; lastKnownFileType = sourcecode.swift; path = ReportService.swift; sourceTree = "<group>"; };
		C63DB3AD2B1189F10026B668 /* ReportDataModel.swift */ = {isa = PBXFileReference; lastKnownFileType = sourcecode.swift; path = ReportDataModel.swift; sourceTree = "<group>"; };
		C63DB3AF2B118C280026B668 /* ReportViewModel.swift */ = {isa = PBXFileReference; lastKnownFileType = sourcecode.swift; path = ReportViewModel.swift; sourceTree = "<group>"; };
		C63DB3B12B11978A0026B668 /* ReportSheetView.swift */ = {isa = PBXFileReference; lastKnownFileType = sourcecode.swift; path = ReportSheetView.swift; sourceTree = "<group>"; };
		C63DB3B72B1245250026B668 /* BlockedListView.swift */ = {isa = PBXFileReference; lastKnownFileType = sourcecode.swift; path = BlockedListView.swift; sourceTree = "<group>"; };
		C63DB3B92B132B210026B668 /* CustomTabView.swift */ = {isa = PBXFileReference; lastKnownFileType = sourcecode.swift; path = CustomTabView.swift; sourceTree = "<group>"; };
		C65330292B00FE0000E6B283 /* PublicThemaView.swift */ = {isa = PBXFileReference; lastKnownFileType = sourcecode.swift; path = PublicThemaView.swift; sourceTree = "<group>"; };
		C653302B2B014BD500E6B283 /* UpdateThemaView.swift */ = {isa = PBXFileReference; lastKnownFileType = sourcecode.swift; path = UpdateThemaView.swift; sourceTree = "<group>"; };
		C653302E2B0161C000E6B283 /* MySearchKeywordView.swift */ = {isa = PBXFileReference; lastKnownFileType = sourcecode.swift; path = MySearchKeywordView.swift; sourceTree = "<group>"; };
		C65330302B0161CE00E6B283 /* FriendSearchKeywordView.swift */ = {isa = PBXFileReference; lastKnownFileType = sourcecode.swift; path = FriendSearchKeywordView.swift; sourceTree = "<group>"; };
		C65330322B022AEA00E6B283 /* CommentView.swift */ = {isa = PBXFileReference; lastKnownFileType = sourcecode.swift; path = CommentView.swift; sourceTree = "<group>"; };
		C65330342B02540300E6B283 /* FollowService.swift */ = {isa = PBXFileReference; lastKnownFileType = sourcecode.swift; path = FollowService.swift; sourceTree = "<group>"; };
		C667E97D2AC9DE7F006EE7A9 /* BookStoriesViewModel.swift */ = {isa = PBXFileReference; lastKnownFileType = sourcecode.swift; path = BookStoriesViewModel.swift; sourceTree = "<group>"; };
		C667E97F2ACA388C006EE7A9 /* UserViewModel.swift */ = {isa = PBXFileReference; lastKnownFileType = sourcecode.swift; path = UserViewModel.swift; sourceTree = "<group>"; };
		C667E9812ACAAC9E006EE7A9 /* UserProfileView.swift */ = {isa = PBXFileReference; lastKnownFileType = sourcecode.swift; path = UserProfileView.swift; sourceTree = "<group>"; };
		C667E9852ACACE73006EE7A9 /* DeveloperInfoView.swift */ = {isa = PBXFileReference; lastKnownFileType = sourcecode.swift; path = DeveloperInfoView.swift; sourceTree = "<group>"; };
		C667E9872ACAD23F006EE7A9 /* VersionInfoView.swift */ = {isa = PBXFileReference; lastKnownFileType = sourcecode.swift; path = VersionInfoView.swift; sourceTree = "<group>"; };
		C6691C512B04DA8C0083C678 /* FollowViewModel.swift */ = {isa = PBXFileReference; lastKnownFileType = sourcecode.swift; path = FollowViewModel.swift; sourceTree = "<group>"; };
		C6691C532B05323C0083C678 /* FollowingListView.swift */ = {isa = PBXFileReference; lastKnownFileType = sourcecode.swift; path = FollowingListView.swift; sourceTree = "<group>"; };
		C6691C552B0532450083C678 /* FollowersListView.swift */ = {isa = PBXFileReference; lastKnownFileType = sourcecode.swift; path = FollowersListView.swift; sourceTree = "<group>"; };
		C6691C572B0607750083C678 /* UserSearchView.swift */ = {isa = PBXFileReference; lastKnownFileType = sourcecode.swift; path = UserSearchView.swift; sourceTree = "<group>"; };
		C6691C592B0619C10083C678 /* UserSearchViewModel.swift */ = {isa = PBXFileReference; lastKnownFileType = sourcecode.swift; path = UserSearchViewModel.swift; sourceTree = "<group>"; };
		C66B95C02B1858C600E92CA0 /* ReportListView.swift */ = {isa = PBXFileReference; fileEncoding = 4; lastKnownFileType = sourcecode.swift; path = ReportListView.swift; sourceTree = "<group>"; };
		C66B95C22B186CDB00E92CA0 /* WebView.swift */ = {isa = PBXFileReference; lastKnownFileType = sourcecode.swift; path = WebView.swift; sourceTree = "<group>"; };
		C66CD17F2ACBCB96004ADB0A /* myBookStoryView.swift */ = {isa = PBXFileReference; fileEncoding = 4; lastKnownFileType = sourcecode.swift; path = myBookStoryView.swift; sourceTree = "<group>"; };
		C66CD1802ACBCB96004ADB0A /* UpdateStoryView.swift */ = {isa = PBXFileReference; fileEncoding = 4; lastKnownFileType = sourcecode.swift; path = UpdateStoryView.swift; sourceTree = "<group>"; };
		C670C2332AE4D232003B65D7 /* SignInWithAppleView.swift */ = {isa = PBXFileReference; lastKnownFileType = sourcecode.swift; path = SignInWithAppleView.swift; sourceTree = "<group>"; };
		C670C23D2AE66208003B65D7 /* KeyChain.swift */ = {isa = PBXFileReference; lastKnownFileType = sourcecode.swift; path = KeyChain.swift; sourceTree = "<group>"; };
		C670C23F2AE67E35003B65D7 /* UserAuthenticationManager.swift */ = {isa = PBXFileReference; lastKnownFileType = sourcecode.swift; path = UserAuthenticationManager.swift; sourceTree = "<group>"; };
		C676478C2ADC41600023A4C1 /* FriendLibraryView.swift */ = {isa = PBXFileReference; lastKnownFileType = sourcecode.swift; path = FriendLibraryView.swift; sourceTree = "<group>"; };
		C676F5202AAC023900EC7241 /* SearchBookView.swift */ = {isa = PBXFileReference; lastKnownFileType = sourcecode.swift; path = SearchBookView.swift; sourceTree = "<group>"; };
		C676F5262AAC035600EC7241 /* BookDataModel.swift */ = {isa = PBXFileReference; lastKnownFileType = sourcecode.swift; path = BookDataModel.swift; sourceTree = "<group>"; };
		C676F5312AAC233000EC7241 /* SettingView.swift */ = {isa = PBXFileReference; lastKnownFileType = sourcecode.swift; path = SettingView.swift; sourceTree = "<group>"; };
		C67AA3C82AE3839F00490DDE /* BookSearchService.swift */ = {isa = PBXFileReference; lastKnownFileType = sourcecode.swift; path = BookSearchService.swift; sourceTree = "<group>"; };
		C67AA3CA2AE389F500490DDE /* BooksViewModel.swift */ = {isa = PBXFileReference; lastKnownFileType = sourcecode.swift; path = BooksViewModel.swift; sourceTree = "<group>"; };
		C694A2EC2AC5778400574D20 /* UserService.swift */ = {isa = PBXFileReference; lastKnownFileType = sourcecode.swift; path = UserService.swift; sourceTree = "<group>"; };
		C694A2EE2AC577C100574D20 /* UserDataModel.swift */ = {isa = PBXFileReference; lastKnownFileType = sourcecode.swift; path = UserDataModel.swift; sourceTree = "<group>"; };
		C697D0FF2AC9535B00F0111B /* BookStoryService.swift */ = {isa = PBXFileReference; lastKnownFileType = sourcecode.swift; path = BookStoryService.swift; sourceTree = "<group>"; };
		C697D1032AC96FB900F0111B /* BookDetailView.swift */ = {isa = PBXFileReference; lastKnownFileType = sourcecode.swift; path = BookDetailView.swift; sourceTree = "<group>"; };
		C6B56FD92AA8B60B003905C3 /* QuoteHub.app */ = {isa = PBXFileReference; explicitFileType = wrapper.application; includeInIndex = 0; path = QuoteHub.app; sourceTree = BUILT_PRODUCTS_DIR; };
		C6B56FDC2AA8B60B003905C3 /* QuoteHubApp.swift */ = {isa = PBXFileReference; lastKnownFileType = sourcecode.swift; path = QuoteHubApp.swift; sourceTree = "<group>"; };
		C6B56FDE2AA8B60B003905C3 /* ContentView.swift */ = {isa = PBXFileReference; lastKnownFileType = sourcecode.swift; path = ContentView.swift; sourceTree = "<group>"; };
		C6B56FE02AA8B60D003905C3 /* Assets.xcassets */ = {isa = PBXFileReference; lastKnownFileType = folder.assetcatalog; path = Assets.xcassets; sourceTree = "<group>"; };
		C6B56FE32AA8B60D003905C3 /* Preview Assets.xcassets */ = {isa = PBXFileReference; lastKnownFileType = folder.assetcatalog; path = "Preview Assets.xcassets"; sourceTree = "<group>"; };
		C6B56FED2AA8B708003905C3 /* ko */ = {isa = PBXFileReference; lastKnownFileType = text.plist.strings; name = ko; path = ko.lproj/InfoPlist.strings; sourceTree = "<group>"; };
		C6B56FF12AA8B793003905C3 /* Launch Screen.storyboard */ = {isa = PBXFileReference; lastKnownFileType = file.storyboard; path = "Launch Screen.storyboard"; sourceTree = "<group>"; };
		C6B56FFB2AA8C3DD003905C3 /* MainView.swift */ = {isa = PBXFileReference; lastKnownFileType = sourcecode.swift; path = MainView.swift; sourceTree = "<group>"; };
		C6B56FFD2AA8CC1B003905C3 /* QuoteHub.entitlements */ = {isa = PBXFileReference; lastKnownFileType = text.plist.entitlements; path = QuoteHub.entitlements; sourceTree = "<group>"; };
		C6B570052AAA12BE003905C3 /* HomeView.swift */ = {isa = PBXFileReference; lastKnownFileType = sourcecode.swift; path = HomeView.swift; sourceTree = "<group>"; };
		C6B570072AAA12D7003905C3 /* RecordView.swift */ = {isa = PBXFileReference; lastKnownFileType = sourcecode.swift; path = RecordView.swift; sourceTree = "<group>"; };
		C6B570092AAA12E6003905C3 /* LibraryView.swift */ = {isa = PBXFileReference; lastKnownFileType = sourcecode.swift; path = LibraryView.swift; sourceTree = "<group>"; };
		C6BDABE82ADC06EF00D958B4 /* BookStoryCommentDataModel.swift */ = {isa = PBXFileReference; lastKnownFileType = sourcecode.swift; path = BookStoryCommentDataModel.swift; sourceTree = "<group>"; };
		C6BDABEA2ADC070B00D958B4 /* BookStoryDataModel.swift */ = {isa = PBXFileReference; lastKnownFileType = sourcecode.swift; path = BookStoryDataModel.swift; sourceTree = "<group>"; };
		C6BDABEC2ADC086F00D958B4 /* APIResponse.swift */ = {isa = PBXFileReference; lastKnownFileType = sourcecode.swift; path = APIResponse.swift; sourceTree = "<group>"; };
		C6D78A092AD03B2900F03FB8 /* APIEndpoint.swift */ = {isa = PBXFileReference; lastKnownFileType = sourcecode.swift; path = APIEndpoint.swift; sourceTree = "<group>"; };
		C6DA790D2AFA9F3F00963017 /* ThemaView.swift */ = {isa = PBXFileReference; lastKnownFileType = sourcecode.swift; path = ThemaView.swift; sourceTree = "<group>"; };
		C6DA790F2AFA9F8900963017 /* SetThemaView.swift */ = {isa = PBXFileReference; lastKnownFileType = sourcecode.swift; path = SetThemaView.swift; sourceTree = "<group>"; };
		C6DA79112AFAA58000963017 /* SetAndMakeThemaView.swift */ = {isa = PBXFileReference; lastKnownFileType = sourcecode.swift; path = SetAndMakeThemaView.swift; sourceTree = "<group>"; };
		C6DA79132AFAD40600963017 /* SearchKeywordView.swift */ = {isa = PBXFileReference; lastKnownFileType = sourcecode.swift; path = SearchKeywordView.swift; sourceTree = "<group>"; };
		C6DA791C2AFBACD300963017 /* friendBookStoryView.swift */ = {isa = PBXFileReference; lastKnownFileType = sourcecode.swift; path = friendBookStoryView.swift; sourceTree = "<group>"; };
		C6DA791E2AFBACE100963017 /* FriendThemaView.swift */ = {isa = PBXFileReference; lastKnownFileType = sourcecode.swift; path = FriendThemaView.swift; sourceTree = "<group>"; };
		C6DA79202AFC7DF000963017 /* ListPublicStoriesView.swift */ = {isa = PBXFileReference; lastKnownFileType = sourcecode.swift; path = ListPublicStoriesView.swift; sourceTree = "<group>"; };
		C6DE7F422AEF98ED0020F5CB /* FolderDataModel.swift */ = {isa = PBXFileReference; lastKnownFileType = sourcecode.swift; path = FolderDataModel.swift; sourceTree = "<group>"; };
		C6DE7F482AF698A70020F5CB /* FollowDataModel.swift */ = {isa = PBXFileReference; lastKnownFileType = sourcecode.swift; path = FollowDataModel.swift; sourceTree = "<group>"; };
		C6DE7F4E2AF75BAF0020F5CB /* CustomTabBar.swift */ = {isa = PBXFileReference; lastKnownFileType = sourcecode.swift; path = CustomTabBar.swift; sourceTree = "<group>"; };
		C6DE7F502AF76B480020F5CB /* StoryCommentService.swift */ = {isa = PBXFileReference; lastKnownFileType = sourcecode.swift; path = StoryCommentService.swift; sourceTree = "<group>"; };
		C6DE7F522AF76D9F0020F5CB /* LoginView.swift */ = {isa = PBXFileReference; lastKnownFileType = sourcecode.swift; path = LoginView.swift; sourceTree = "<group>"; };
		C6DE7F5E2AF77A5D0020F5CB /* MakeThemaView.swift */ = {isa = PBXFileReference; lastKnownFileType = sourcecode.swift; path = MakeThemaView.swift; sourceTree = "<group>"; };
		C6DE7F602AF7C2940020F5CB /* CommentViewModel.swift */ = {isa = PBXFileReference; lastKnownFileType = sourcecode.swift; path = CommentViewModel.swift; sourceTree = "<group>"; };
		C6E465572ADEAB66002F5FA0 /* CheckboxStyle.swift */ = {isa = PBXFileReference; lastKnownFileType = sourcecode.swift; path = CheckboxStyle.swift; sourceTree = "<group>"; };
		C6FC9FDB2AE779A1003420EB /* OnboardingView.swift */ = {isa = PBXFileReference; lastKnownFileType = sourcecode.swift; path = OnboardingView.swift; sourceTree = "<group>"; };
/* End PBXFileReference section */

/* Begin PBXFrameworksBuildPhase section */
		C6B56FD62AA8B60B003905C3 /* Frameworks */ = {
			isa = PBXFrameworksBuildPhase;
			buildActionMask = 2147483647;
			files = (
				974D0B752CA2EFE5009135A8 /* GoogleSignInSwift in Frameworks */,
				C6DE7F562AF76EA30020F5CB /* TabBar in Frameworks */,
				974D0B732CA2EFE5009135A8 /* GoogleSignIn in Frameworks */,
				C697D0F82AC8F64400F0111B /* SDWebImageSwiftUI in Frameworks */,
				C694A2DF2AC3FFBA00574D20 /* Alamofire in Frameworks */,
			);
			runOnlyForDeploymentPostprocessing = 0;
		};
/* End PBXFrameworksBuildPhase section */

/* Begin PBXGroup section */
		C6336CF12AAF1A91007355EC /* Extension */ = {
			isa = PBXGroup;
			children = (
				C6336CF22AAF1AA0007355EC /* ImagePicker.swift */,
				C63DB3B92B132B210026B668 /* CustomTabView.swift */,
				C6DE7F4E2AF75BAF0020F5CB /* CustomTabBar.swift */,
				C627C8CB2AE25831004D867B /* ColorExtension.swift */,
				C6E465572ADEAB66002F5FA0 /* CheckboxStyle.swift */,
			);
			path = Extension;
			sourceTree = "<group>";
		};
		C653302D2B01611500E6B283 /* Keyword */ = {
			isa = PBXGroup;
			children = (
				C6DA79132AFAD40600963017 /* SearchKeywordView.swift */,
				C65330302B0161CE00E6B283 /* FriendSearchKeywordView.swift */,
				C653302E2B0161C000E6B283 /* MySearchKeywordView.swift */,
			);
			path = Keyword;
			sourceTree = "<group>";
		};
		C676F5242AAC02B500EC7241 /* Record */ = {
			isa = PBXGroup;
			children = (
				C676F5202AAC023900EC7241 /* SearchBookView.swift */,
				C697D1032AC96FB900F0111B /* BookDetailView.swift */,
				C6B570072AAA12D7003905C3 /* RecordView.swift */,
				C6DA79112AFAA58000963017 /* SetAndMakeThemaView.swift */,
				C6DE7F5E2AF77A5D0020F5CB /* MakeThemaView.swift */,
				C6DA790F2AFA9F8900963017 /* SetThemaView.swift */,
			);
			path = Record;
			sourceTree = "<group>";
		};
		C676F5252AAC02CB00EC7241 /* ViewModel */ = {
			isa = PBXGroup;
			children = (
				C667E97F2ACA388C006EE7A9 /* UserViewModel.swift */,
				C6691C592B0619C10083C678 /* UserSearchViewModel.swift */,
				C67AA3CA2AE389F500490DDE /* BooksViewModel.swift */,
				C667E97D2AC9DE7F006EE7A9 /* BookStoriesViewModel.swift */,
				C60700CE2AFE14F1009D202A /* FolderViewModel.swift */,
				C6DE7F602AF7C2940020F5CB /* CommentViewModel.swift */,
				C6691C512B04DA8C0083C678 /* FollowViewModel.swift */,
				C63DB3AF2B118C280026B668 /* ReportViewModel.swift */,
			);
			path = ViewModel;
			sourceTree = "<group>";
		};
		C676F5282AAC1A1800EC7241 /* Home */ = {
			isa = PBXGroup;
			children = (
				C6B570052AAA12BE003905C3 /* HomeView.swift */,
				C60700D42AFF55F1009D202A /* ListThemaView.swift */,
				C6691C572B0607750083C678 /* UserSearchView.swift */,
				C6DA79202AFC7DF000963017 /* ListPublicStoriesView.swift */,
			);
			path = Home;
			sourceTree = "<group>";
		};
		C676F52A2AAC1AED00EC7241 /* My Libarary */ = {
			isa = PBXGroup;
			children = (
				C6B570092AAA12E6003905C3 /* LibraryView.swift */,
				C6691C532B05323C0083C678 /* FollowingListView.swift */,
				C6691C552B0532450083C678 /* FollowersListView.swift */,
				C676478C2ADC41600023A4C1 /* FriendLibraryView.swift */,
			);
			path = "My Libarary";
			sourceTree = "<group>";
		};
		C676F5372AAC432800EC7241 /* DataModel */ = {
			isa = PBXGroup;
			children = (
				C6BDABE82ADC06EF00D958B4 /* BookStoryCommentDataModel.swift */,
				C676F5262AAC035600EC7241 /* BookDataModel.swift */,
				C6DE7F422AEF98ED0020F5CB /* FolderDataModel.swift */,
				C6BDABEA2ADC070B00D958B4 /* BookStoryDataModel.swift */,
				C6BDABEC2ADC086F00D958B4 /* APIResponse.swift */,
				C694A2EE2AC577C100574D20 /* UserDataModel.swift */,
				C6DE7F482AF698A70020F5CB /* FollowDataModel.swift */,
				C63DB3AD2B1189F10026B668 /* ReportDataModel.swift */,
			);
			path = DataModel;
			sourceTree = "<group>";
		};
		C676F5422AAC443500EC7241 /* API */ = {
			isa = PBXGroup;
			children = (
				C6D78A092AD03B2900F03FB8 /* APIEndpoint.swift */,
				C694A2EC2AC5778400574D20 /* UserService.swift */,
				C697D0FF2AC9535B00F0111B /* BookStoryService.swift */,
				C6DE7F502AF76B480020F5CB /* StoryCommentService.swift */,
				C60700CC2AFE05D9009D202A /* FolderService.swift */,
				C65330342B02540300E6B283 /* FollowService.swift */,
				C670C23D2AE66208003B65D7 /* KeyChain.swift */,
				C67AA3C82AE3839F00490DDE /* BookSearchService.swift */,
				C63DB3AB2B1188C50026B668 /* ReportService.swift */,
			);
			path = API;
			sourceTree = "<group>";
		};
		C69350262AB05DEA00597194 /* Setting */ = {
			isa = PBXGroup;
			children = (
				C676F5312AAC233000EC7241 /* SettingView.swift */,
				C667E9872ACAD23F006EE7A9 /* VersionInfoView.swift */,
				C667E9812ACAAC9E006EE7A9 /* UserProfileView.swift */,
				C63DB3B72B1245250026B668 /* BlockedListView.swift */,
				C66B95C02B1858C600E92CA0 /* ReportListView.swift */,
				C667E9852ACACE73006EE7A9 /* DeveloperInfoView.swift */,
			);
			path = Setting;
			sourceTree = "<group>";
		};
		C6B56FD02AA8B60B003905C3 = {
			isa = PBXGroup;
			children = (
				C6B56FDB2AA8B60B003905C3 /* QuoteHub */,
				C6B56FDA2AA8B60B003905C3 /* Products */,
			);
			sourceTree = "<group>";
		};
		C6B56FDA2AA8B60B003905C3 /* Products */ = {
			isa = PBXGroup;
			children = (
				C6B56FD92AA8B60B003905C3 /* QuoteHub.app */,
			);
			name = Products;
			sourceTree = "<group>";
		};
		C6B56FDB2AA8B60B003905C3 /* QuoteHub */ = {
			isa = PBXGroup;
			children = (
				C6B56FFD2AA8CC1B003905C3 /* QuoteHub.entitlements */,
				C6B56FEE2AA8B708003905C3 /* InfoPlist.strings */,
				C6B56FDC2AA8B60B003905C3 /* QuoteHubApp.swift */,
				C6B570022AAA1287003905C3 /* View */,
				C676F5422AAC443500EC7241 /* API */,
				C676F5252AAC02CB00EC7241 /* ViewModel */,
				C676F5372AAC432800EC7241 /* DataModel */,
				C6B56FE02AA8B60D003905C3 /* Assets.xcassets */,
				C6B56FF12AA8B793003905C3 /* Launch Screen.storyboard */,
				C6336CF12AAF1A91007355EC /* Extension */,
				C6B56FE22AA8B60D003905C3 /* Preview Content */,
			);
			path = QuoteHub;
			sourceTree = "<group>";
		};
		C6B56FE22AA8B60D003905C3 /* Preview Content */ = {
			isa = PBXGroup;
			children = (
				C6B56FE32AA8B60D003905C3 /* Preview Assets.xcassets */,
			);
			path = "Preview Content";
			sourceTree = "<group>";
		};
		C6B570022AAA1287003905C3 /* View */ = {
			isa = PBXGroup;
			children = (
				C670C23F2AE67E35003B65D7 /* UserAuthenticationManager.swift */,
				C63DB3B12B11978A0026B668 /* ReportSheetView.swift */,
				C66B95C22B186CDB00E92CA0 /* WebView.swift */,
				C6FC9FDD2AE77A8D003420EB /* Onboarding */,
				C6B570032AAA1295003905C3 /* Login */,
				C6B570042AAA12AF003905C3 /* Main */,
			);
			path = View;
			sourceTree = "<group>";
		};
		C6B570032AAA1295003905C3 /* Login */ = {
			isa = PBXGroup;
			children = (
				C670C2332AE4D232003B65D7 /* SignInWithAppleView.swift */,
			);
			path = Login;
			sourceTree = "<group>";
		};
		C6B570042AAA12AF003905C3 /* Main */ = {
			isa = PBXGroup;
			children = (
				C6B56FFB2AA8C3DD003905C3 /* MainView.swift */,
				C6DA790C2AFA9F0E00963017 /* ThemaView */,
				C6DA790B2AFA9EF300963017 /* StoryView */,
				C653302D2B01611500E6B283 /* Keyword */,
				C676F5282AAC1A1800EC7241 /* Home */,
				C676F5242AAC02B500EC7241 /* Record */,
				C69350262AB05DEA00597194 /* Setting */,
				C676F52A2AAC1AED00EC7241 /* My Libarary */,
			);
			path = Main;
			sourceTree = "<group>";
		};
		C6DA790B2AFA9EF300963017 /* StoryView */ = {
			isa = PBXGroup;
			children = (
				C66CD17F2ACBCB96004ADB0A /* myBookStoryView.swift */,
				C6DA791C2AFBACD300963017 /* friendBookStoryView.swift */,
				C65330322B022AEA00E6B283 /* CommentView.swift */,
				C66CD1802ACBCB96004ADB0A /* UpdateStoryView.swift */,
			);
			path = StoryView;
			sourceTree = "<group>";
		};
		C6DA790C2AFA9F0E00963017 /* ThemaView */ = {
			isa = PBXGroup;
			children = (
				C6DA790D2AFA9F3F00963017 /* ThemaView.swift */,
				C6DA791E2AFBACE100963017 /* FriendThemaView.swift */,
				C65330292B00FE0000E6B283 /* PublicThemaView.swift */,
				C653302B2B014BD500E6B283 /* UpdateThemaView.swift */,
			);
			path = ThemaView;
			sourceTree = "<group>";
		};
		C6FC9FDD2AE77A8D003420EB /* Onboarding */ = {
			isa = PBXGroup;
			children = (
				C6FC9FDB2AE779A1003420EB /* OnboardingView.swift */,
				C6B56FDE2AA8B60B003905C3 /* ContentView.swift */,
				C6DE7F522AF76D9F0020F5CB /* LoginView.swift */,
			);
			path = Onboarding;
			sourceTree = "<group>";
		};
/* End PBXGroup section */

/* Begin PBXNativeTarget section */
		C6B56FD82AA8B60B003905C3 /* QuoteHub */ = {
			isa = PBXNativeTarget;
			buildConfigurationList = C6B56FE72AA8B60D003905C3 /* Build configuration list for PBXNativeTarget "QuoteHub" */;
			buildPhases = (
				C6B56FD52AA8B60B003905C3 /* Sources */,
				C6B56FD62AA8B60B003905C3 /* Frameworks */,
				C6B56FD72AA8B60B003905C3 /* Resources */,
			);
			buildRules = (
			);
			dependencies = (
			);
			name = QuoteHub;
			packageProductDependencies = (
				C694A2DE2AC3FFBA00574D20 /* Alamofire */,
				C697D0F72AC8F64400F0111B /* SDWebImageSwiftUI */,
				C6DE7F552AF76EA30020F5CB /* TabBar */,
				974D0B722CA2EFE5009135A8 /* GoogleSignIn */,
				974D0B742CA2EFE5009135A8 /* GoogleSignInSwift */,
			);
			productName = QuoteHub;
			productReference = C6B56FD92AA8B60B003905C3 /* QuoteHub.app */;
			productType = "com.apple.product-type.application";
		};
/* End PBXNativeTarget section */

/* Begin PBXProject section */
		C6B56FD12AA8B60B003905C3 /* Project object */ = {
			isa = PBXProject;
			attributes = {
				BuildIndependentTargetsInParallel = 1;
				LastSwiftUpdateCheck = 1430;
				LastUpgradeCheck = 1540;
				TargetAttributes = {
					C6B56FD82AA8B60B003905C3 = {
						CreatedOnToolsVersion = 14.3;
					};
				};
			};
			buildConfigurationList = C6B56FD42AA8B60B003905C3 /* Build configuration list for PBXProject "QuoteHub" */;
			compatibilityVersion = "Xcode 14.0";
			developmentRegion = ko;
			hasScannedForEncodings = 0;
			knownRegions = (
				Base,
				ko,
			);
			mainGroup = C6B56FD02AA8B60B003905C3;
			packageReferences = (
				C694A2DD2AC3FFBA00574D20 /* XCRemoteSwiftPackageReference "Alamofire" */,
				C697D0F62AC8F64400F0111B /* XCRemoteSwiftPackageReference "SDWebImageSwiftUI" */,
				C6DE7F542AF76EA30020F5CB /* XCRemoteSwiftPackageReference "TabBar" */,
				974D0B712CA2EFE5009135A8 /* XCRemoteSwiftPackageReference "GoogleSignIn-iOS" */,
			);
			productRefGroup = C6B56FDA2AA8B60B003905C3 /* Products */;
			projectDirPath = "";
			projectRoot = "";
			targets = (
				C6B56FD82AA8B60B003905C3 /* QuoteHub */,
			);
		};
/* End PBXProject section */

/* Begin PBXResourcesBuildPhase section */
		C6B56FD72AA8B60B003905C3 /* Resources */ = {
			isa = PBXResourcesBuildPhase;
			buildActionMask = 2147483647;
			files = (
				C6B56FE42AA8B60D003905C3 /* Preview Assets.xcassets in Resources */,
				C6B56FEC2AA8B708003905C3 /* InfoPlist.strings in Resources */,
				C6B56FF22AA8B793003905C3 /* Launch Screen.storyboard in Resources */,
				C6B56FE12AA8B60D003905C3 /* Assets.xcassets in Resources */,
			);
			runOnlyForDeploymentPostprocessing = 0;
		};
/* End PBXResourcesBuildPhase section */

/* Begin PBXSourcesBuildPhase section */
		C6B56FD52AA8B60B003905C3 /* Sources */ = {
			isa = PBXSourcesBuildPhase;
			buildActionMask = 2147483647;
			files = (
				C63DB3B02B118C280026B668 /* ReportViewModel.swift in Sources */,
				C65330312B0161CE00E6B283 /* FriendSearchKeywordView.swift in Sources */,
				C6DE7F492AF698A70020F5CB /* FollowDataModel.swift in Sources */,
				C6DA79122AFAA58000963017 /* SetAndMakeThemaView.swift in Sources */,
				C697D1042AC96FB900F0111B /* BookDetailView.swift in Sources */,
				C65330332B022AEA00E6B283 /* CommentView.swift in Sources */,
				C667E9862ACACE73006EE7A9 /* DeveloperInfoView.swift in Sources */,
				C676F5212AAC023900EC7241 /* SearchBookView.swift in Sources */,
				C65330352B02540300E6B283 /* FollowService.swift in Sources */,
				C667E97E2AC9DE7F006EE7A9 /* BookStoriesViewModel.swift in Sources */,
				C66CD1822ACBCB96004ADB0A /* UpdateStoryView.swift in Sources */,
				C670C23E2AE66208003B65D7 /* KeyChain.swift in Sources */,
				C6B56FDF2AA8B60B003905C3 /* ContentView.swift in Sources */,
				C6B570062AAA12BE003905C3 /* HomeView.swift in Sources */,
				C6DE7F512AF76B480020F5CB /* StoryCommentService.swift in Sources */,
				C6DA790E2AFA9F3F00963017 /* ThemaView.swift in Sources */,
				C67AA3CB2AE389F500490DDE /* BooksViewModel.swift in Sources */,
				C6BDABE92ADC06F000D958B4 /* BookStoryCommentDataModel.swift in Sources */,
				C6DE7F532AF76D9F0020F5CB /* LoginView.swift in Sources */,
				C6BDABEB2ADC070B00D958B4 /* BookStoryDataModel.swift in Sources */,
				C676478D2ADC41600023A4C1 /* FriendLibraryView.swift in Sources */,
				C6DA79102AFA9F8900963017 /* SetThemaView.swift in Sources */,
				C66B95C12B1858C600E92CA0 /* ReportListView.swift in Sources */,
				C670C2342AE4D233003B65D7 /* SignInWithAppleView.swift in Sources */,
				C694A2ED2AC5778400574D20 /* UserService.swift in Sources */,
				C653302C2B014BD500E6B283 /* UpdateThemaView.swift in Sources */,
				C6DA791F2AFBACE100963017 /* FriendThemaView.swift in Sources */,
				C676F5272AAC035600EC7241 /* BookDataModel.swift in Sources */,
				C60700CF2AFE14F1009D202A /* FolderViewModel.swift in Sources */,
				C6B56FFC2AA8C3DD003905C3 /* MainView.swift in Sources */,
				C676F5322AAC233000EC7241 /* SettingView.swift in Sources */,
				C6B5700A2AAA12E6003905C3 /* LibraryView.swift in Sources */,
				C67AA3C92AE3839F00490DDE /* BookSearchService.swift in Sources */,
				C6DA79142AFAD40600963017 /* SearchKeywordView.swift in Sources */,
				C6DE7F612AF7C2940020F5CB /* CommentViewModel.swift in Sources */,
				C697D1002AC9535B00F0111B /* BookStoryService.swift in Sources */,
				C653302F2B0161C000E6B283 /* MySearchKeywordView.swift in Sources */,
				C63DB3B82B1245250026B668 /* BlockedListView.swift in Sources */,
				C6691C562B0532450083C678 /* FollowersListView.swift in Sources */,
				C63DB3AE2B1189F10026B668 /* ReportDataModel.swift in Sources */,
				C6B56FDD2AA8B60B003905C3 /* QuoteHubApp.swift in Sources */,
				C66B95C32B186CDB00E92CA0 /* WebView.swift in Sources */,
				C63DB3AC2B1188C50026B668 /* ReportService.swift in Sources */,
				C6D78A0A2AD03B2900F03FB8 /* APIEndpoint.swift in Sources */,
				C6691C5A2B0619C10083C678 /* UserSearchViewModel.swift in Sources */,
				C63DB3B22B11978A0026B668 /* ReportSheetView.swift in Sources */,
				C60700CD2AFE05D9009D202A /* FolderService.swift in Sources */,
				C667E9802ACA388C006EE7A9 /* UserViewModel.swift in Sources */,
				C6691C582B0607750083C678 /* UserSearchView.swift in Sources */,
				C60700D52AFF55F1009D202A /* ListThemaView.swift in Sources */,
				C670C2402AE67E35003B65D7 /* UserAuthenticationManager.swift in Sources */,
				C6B570082AAA12D7003905C3 /* RecordView.swift in Sources */,
				C667E9822ACAAC9E006EE7A9 /* UserProfileView.swift in Sources */,
				C653302A2B00FE0000E6B283 /* PublicThemaView.swift in Sources */,
				C6FC9FDC2AE779A1003420EB /* OnboardingView.swift in Sources */,
				C6DA791D2AFBACD300963017 /* friendBookStoryView.swift in Sources */,
				C63DB3BA2B132B210026B668 /* CustomTabView.swift in Sources */,
				C6BDABED2ADC086F00D958B4 /* APIResponse.swift in Sources */,
				C6DA79212AFC7DF000963017 /* ListPublicStoriesView.swift in Sources */,
				C6DE7F5F2AF77A5D0020F5CB /* MakeThemaView.swift in Sources */,
				C6336CF32AAF1AA0007355EC /* ImagePicker.swift in Sources */,
				C694A2EF2AC577C100574D20 /* UserDataModel.swift in Sources */,
				C627C8CC2AE25831004D867B /* ColorExtension.swift in Sources */,
				C667E9882ACAD23F006EE7A9 /* VersionInfoView.swift in Sources */,
				C66CD1812ACBCB96004ADB0A /* myBookStoryView.swift in Sources */,
				C6691C542B05323C0083C678 /* FollowingListView.swift in Sources */,
				C6691C522B04DA8C0083C678 /* FollowViewModel.swift in Sources */,
				C6E465582ADEAB66002F5FA0 /* CheckboxStyle.swift in Sources */,
				C6DE7F4F2AF75BAF0020F5CB /* CustomTabBar.swift in Sources */,
				C6DE7F432AEF98ED0020F5CB /* FolderDataModel.swift in Sources */,
			);
			runOnlyForDeploymentPostprocessing = 0;
		};
/* End PBXSourcesBuildPhase section */

/* Begin PBXVariantGroup section */
		C6B56FEE2AA8B708003905C3 /* InfoPlist.strings */ = {
			isa = PBXVariantGroup;
			children = (
				C6B56FED2AA8B708003905C3 /* ko */,
			);
			name = InfoPlist.strings;
			sourceTree = "<group>";
		};
/* End PBXVariantGroup section */

/* Begin XCBuildConfiguration section */
		C6B56FE52AA8B60D003905C3 /* Debug */ = {
			isa = XCBuildConfiguration;
			buildSettings = {
				ALWAYS_SEARCH_USER_PATHS = NO;
				CLANG_ANALYZER_NONNULL = YES;
				CLANG_ANALYZER_NUMBER_OBJECT_CONVERSION = YES_AGGRESSIVE;
				CLANG_CXX_LANGUAGE_STANDARD = "gnu++20";
				CLANG_ENABLE_MODULES = YES;
				CLANG_ENABLE_OBJC_ARC = YES;
				CLANG_ENABLE_OBJC_WEAK = YES;
				CLANG_WARN_BLOCK_CAPTURE_AUTORELEASING = YES;
				CLANG_WARN_BOOL_CONVERSION = YES;
				CLANG_WARN_COMMA = YES;
				CLANG_WARN_CONSTANT_CONVERSION = YES;
				CLANG_WARN_DEPRECATED_OBJC_IMPLEMENTATIONS = YES;
				CLANG_WARN_DIRECT_OBJC_ISA_USAGE = YES_ERROR;
				CLANG_WARN_DOCUMENTATION_COMMENTS = YES;
				CLANG_WARN_EMPTY_BODY = YES;
				CLANG_WARN_ENUM_CONVERSION = YES;
				CLANG_WARN_INFINITE_RECURSION = YES;
				CLANG_WARN_INT_CONVERSION = YES;
				CLANG_WARN_NON_LITERAL_NULL_CONVERSION = YES;
				CLANG_WARN_OBJC_IMPLICIT_RETAIN_SELF = YES;
				CLANG_WARN_OBJC_LITERAL_CONVERSION = YES;
				CLANG_WARN_OBJC_ROOT_CLASS = YES_ERROR;
				CLANG_WARN_QUOTED_INCLUDE_IN_FRAMEWORK_HEADER = YES;
				CLANG_WARN_RANGE_LOOP_ANALYSIS = YES;
				CLANG_WARN_STRICT_PROTOTYPES = YES;
				CLANG_WARN_SUSPICIOUS_MOVE = YES;
				CLANG_WARN_UNGUARDED_AVAILABILITY = YES_AGGRESSIVE;
				CLANG_WARN_UNREACHABLE_CODE = YES;
				CLANG_WARN__DUPLICATE_METHOD_MATCH = YES;
				COPY_PHASE_STRIP = NO;
				DEBUG_INFORMATION_FORMAT = dwarf;
				ENABLE_STRICT_OBJC_MSGSEND = YES;
				ENABLE_TESTABILITY = YES;
				ENABLE_USER_SCRIPT_SANDBOXING = YES;
				GCC_C_LANGUAGE_STANDARD = gnu11;
				GCC_DYNAMIC_NO_PIC = NO;
				GCC_NO_COMMON_BLOCKS = YES;
				GCC_OPTIMIZATION_LEVEL = 0;
				GCC_PREPROCESSOR_DEFINITIONS = (
					"DEBUG=1",
					"$(inherited)",
				);
				GCC_WARN_64_TO_32_BIT_CONVERSION = YES;
				GCC_WARN_ABOUT_RETURN_TYPE = YES_ERROR;
				GCC_WARN_UNDECLARED_SELECTOR = YES;
				GCC_WARN_UNINITIALIZED_AUTOS = YES_AGGRESSIVE;
				GCC_WARN_UNUSED_FUNCTION = YES;
				GCC_WARN_UNUSED_VARIABLE = YES;
				IPHONEOS_DEPLOYMENT_TARGET = 16.4;
				MTL_ENABLE_DEBUG_INFO = INCLUDE_SOURCE;
				MTL_FAST_MATH = YES;
				ONLY_ACTIVE_ARCH = YES;
				SDKROOT = iphoneos;
				SWIFT_ACTIVE_COMPILATION_CONDITIONS = DEBUG;
				SWIFT_OPTIMIZATION_LEVEL = "-Onone";
			};
			name = Debug;
		};
		C6B56FE62AA8B60D003905C3 /* Release */ = {
			isa = XCBuildConfiguration;
			buildSettings = {
				ALWAYS_SEARCH_USER_PATHS = NO;
				CLANG_ANALYZER_NONNULL = YES;
				CLANG_ANALYZER_NUMBER_OBJECT_CONVERSION = YES_AGGRESSIVE;
				CLANG_CXX_LANGUAGE_STANDARD = "gnu++20";
				CLANG_ENABLE_MODULES = YES;
				CLANG_ENABLE_OBJC_ARC = YES;
				CLANG_ENABLE_OBJC_WEAK = YES;
				CLANG_WARN_BLOCK_CAPTURE_AUTORELEASING = YES;
				CLANG_WARN_BOOL_CONVERSION = YES;
				CLANG_WARN_COMMA = YES;
				CLANG_WARN_CONSTANT_CONVERSION = YES;
				CLANG_WARN_DEPRECATED_OBJC_IMPLEMENTATIONS = YES;
				CLANG_WARN_DIRECT_OBJC_ISA_USAGE = YES_ERROR;
				CLANG_WARN_DOCUMENTATION_COMMENTS = YES;
				CLANG_WARN_EMPTY_BODY = YES;
				CLANG_WARN_ENUM_CONVERSION = YES;
				CLANG_WARN_INFINITE_RECURSION = YES;
				CLANG_WARN_INT_CONVERSION = YES;
				CLANG_WARN_NON_LITERAL_NULL_CONVERSION = YES;
				CLANG_WARN_OBJC_IMPLICIT_RETAIN_SELF = YES;
				CLANG_WARN_OBJC_LITERAL_CONVERSION = YES;
				CLANG_WARN_OBJC_ROOT_CLASS = YES_ERROR;
				CLANG_WARN_QUOTED_INCLUDE_IN_FRAMEWORK_HEADER = YES;
				CLANG_WARN_RANGE_LOOP_ANALYSIS = YES;
				CLANG_WARN_STRICT_PROTOTYPES = YES;
				CLANG_WARN_SUSPICIOUS_MOVE = YES;
				CLANG_WARN_UNGUARDED_AVAILABILITY = YES_AGGRESSIVE;
				CLANG_WARN_UNREACHABLE_CODE = YES;
				CLANG_WARN__DUPLICATE_METHOD_MATCH = YES;
				COPY_PHASE_STRIP = NO;
				DEBUG_INFORMATION_FORMAT = "dwarf-with-dsym";
				ENABLE_NS_ASSERTIONS = NO;
				ENABLE_STRICT_OBJC_MSGSEND = YES;
				ENABLE_USER_SCRIPT_SANDBOXING = YES;
				GCC_C_LANGUAGE_STANDARD = gnu11;
				GCC_NO_COMMON_BLOCKS = YES;
				GCC_WARN_64_TO_32_BIT_CONVERSION = YES;
				GCC_WARN_ABOUT_RETURN_TYPE = YES_ERROR;
				GCC_WARN_UNDECLARED_SELECTOR = YES;
				GCC_WARN_UNINITIALIZED_AUTOS = YES_AGGRESSIVE;
				GCC_WARN_UNUSED_FUNCTION = YES;
				GCC_WARN_UNUSED_VARIABLE = YES;
				IPHONEOS_DEPLOYMENT_TARGET = 16.4;
				MTL_ENABLE_DEBUG_INFO = NO;
				MTL_FAST_MATH = YES;
				SDKROOT = iphoneos;
				SWIFT_COMPILATION_MODE = wholemodule;
				SWIFT_OPTIMIZATION_LEVEL = "-O";
				VALIDATE_PRODUCT = YES;
			};
			name = Release;
		};
		C6B56FE82AA8B60D003905C3 /* Debug */ = {
			isa = XCBuildConfiguration;
			buildSettings = {
				ASSETCATALOG_COMPILER_ALTERNATE_APPICON_NAMES = "";
				ASSETCATALOG_COMPILER_APPICON_NAME = AppIcon;
				ASSETCATALOG_COMPILER_GLOBAL_ACCENT_COLOR_NAME = AccentColor;
				CODE_SIGN_ENTITLEMENTS = QuoteHub/QuoteHub.entitlements;
				CODE_SIGN_IDENTITY = "Apple Development";
				"CODE_SIGN_IDENTITY[sdk=iphoneos*]" = "iPhone Developer";
				CODE_SIGN_STYLE = Manual;
				CURRENT_PROJECT_VERSION = 1;
				DEVELOPMENT_ASSET_PATHS = "\"QuoteHub/Preview Content\"";
				DEVELOPMENT_TEAM = "";
				"DEVELOPMENT_TEAM[sdk=iphoneos*]" = 285ZKW5MPR;
				ENABLE_PREVIEWS = YES;
				GENERATE_INFOPLIST_FILE = YES;
				INFOPLIST_FILE = QuoteHub/Info.plist;
				INFOPLIST_KEY_LSApplicationCategoryType = "public.app-category.social-networking";
				INFOPLIST_KEY_NSCameraUsageDescription = "이 앱은 사용자가 새로운 사진을 촬영하여 게시물로 바로 사용할 수 있도록 카메라 접근 권한을 요청합니다. 이 권한을 허용하면, 앱 내에서 직접 카메라를 활성화하여 새로운 이미지를 촬영하고 업로드할 수 있습니다. 카메라 권한은 오직 이 목적으로만 사용됩니다.";
				INFOPLIST_KEY_NSPhotoLibraryAddUsageDescription = "앱에서 촬영한 사진을 저장하려면 권한이 필요합니다.";
				INFOPLIST_KEY_NSPhotoLibraryUsageDescription = "앱에서 게시물에 사용할 사진을 선택하려면 사진 라이브러리 접근 권한이 필요합니다. 이 권한을 허용하면, 귀하의 기기에 저장된 사진들 중에서 원하는 이미지를 선택하여 앱 내에서 업로드하고 공유할 수 있습니다.";
				INFOPLIST_KEY_UIApplicationSceneManifest_Generation = YES;
				INFOPLIST_KEY_UIApplicationSupportsIndirectInputEvents = YES;
				INFOPLIST_KEY_UILaunchStoryboardName = "Launch Screen";
				INFOPLIST_KEY_UISupportedInterfaceOrientations = UIInterfaceOrientationPortrait;
				INFOPLIST_KEY_UISupportedInterfaceOrientations_iPad = "UIInterfaceOrientationLandscapeRight UIInterfaceOrientationPortrait";
				LD_RUNPATH_SEARCH_PATHS = (
					"$(inherited)",
					"@executable_path/Frameworks",
				);
				MARKETING_VERSION = 1.0;
				PRODUCT_BUNDLE_IDENTIFIER = me.iyungui.quotehub;
				PRODUCT_NAME = "$(TARGET_NAME)";
				PROVISIONING_PROFILE_SPECIFIER = "";
				"PROVISIONING_PROFILE_SPECIFIER[sdk=iphoneos*]" = "quote hub_doc";
				SUPPORTED_PLATFORMS = "iphoneos iphonesimulator";
				SUPPORTS_MACCATALYST = NO;
				SWIFT_EMIT_LOC_STRINGS = YES;
				SWIFT_VERSION = 5.0;
				TARGETED_DEVICE_FAMILY = 1;
			};
			name = Debug;
		};
		C6B56FE92AA8B60D003905C3 /* Release */ = {
			isa = XCBuildConfiguration;
			buildSettings = {
				ASSETCATALOG_COMPILER_APPICON_NAME = AppIcon;
				ASSETCATALOG_COMPILER_GLOBAL_ACCENT_COLOR_NAME = AccentColor;
				CODE_SIGN_ENTITLEMENTS = QuoteHub/QuoteHub.entitlements;
				CODE_SIGN_IDENTITY = "Apple Development";
				"CODE_SIGN_IDENTITY[sdk=iphoneos*]" = "iPhone Distribution";
				CODE_SIGN_STYLE = Manual;
				CURRENT_PROJECT_VERSION = 1;
				DEVELOPMENT_ASSET_PATHS = "\"QuoteHub/Preview Content\"";
				DEVELOPMENT_TEAM = "";
				"DEVELOPMENT_TEAM[sdk=iphoneos*]" = 285ZKW5MPR;
				ENABLE_PREVIEWS = YES;
				GENERATE_INFOPLIST_FILE = YES;
				INFOPLIST_FILE = QuoteHub/Info.plist;
				INFOPLIST_KEY_LSApplicationCategoryType = "public.app-category.social-networking";
				INFOPLIST_KEY_NSCameraUsageDescription = "이 앱은 사용자가 새로운 사진을 촬영하여 게시물로 바로 사용할 수 있도록 카메라 접근 권한을 요청합니다. 이 권한을 허용하면, 앱 내에서 직접 카메라를 활성화하여 새로운 이미지를 촬영하고 업로드할 수 있습니다. 카메라 권한은 오직 이 목적으로만 사용됩니다.";
				INFOPLIST_KEY_NSPhotoLibraryAddUsageDescription = "앱에서 촬영한 사진을 저장하려면 권한이 필요합니다.";
				INFOPLIST_KEY_NSPhotoLibraryUsageDescription = "앱에서 게시물에 사용할 사진을 선택하려면 사진 라이브러리 접근 권한이 필요합니다. 이 권한을 허용하면, 귀하의 기기에 저장된 사진들 중에서 원하는 이미지를 선택하여 앱 내에서 업로드하고 공유할 수 있습니다.";
				INFOPLIST_KEY_UIApplicationSceneManifest_Generation = YES;
				INFOPLIST_KEY_UIApplicationSupportsIndirectInputEvents = YES;
				INFOPLIST_KEY_UILaunchStoryboardName = "Launch Screen";
				INFOPLIST_KEY_UISupportedInterfaceOrientations = UIInterfaceOrientationPortrait;
				INFOPLIST_KEY_UISupportedInterfaceOrientations_iPad = "UIInterfaceOrientationLandscapeRight UIInterfaceOrientationPortrait";
				LD_RUNPATH_SEARCH_PATHS = (
					"$(inherited)",
					"@executable_path/Frameworks",
				);
				MARKETING_VERSION = 1.0;
				PRODUCT_BUNDLE_IDENTIFIER = me.iyungui.quotehub;
				PRODUCT_NAME = "$(TARGET_NAME)";
				PROVISIONING_PROFILE_SPECIFIER = "";
				"PROVISIONING_PROFILE_SPECIFIER[sdk=iphoneos*]" = "quote hub_adhoc";
				SUPPORTED_PLATFORMS = "iphoneos iphonesimulator";
				SUPPORTS_MACCATALYST = NO;
				SWIFT_EMIT_LOC_STRINGS = YES;
				SWIFT_VERSION = 5.0;
				TARGETED_DEVICE_FAMILY = 1;
			};
			name = Release;
		};
/* End XCBuildConfiguration section */

/* Begin XCConfigurationList section */
		C6B56FD42AA8B60B003905C3 /* Build configuration list for PBXProject "QuoteHub" */ = {
			isa = XCConfigurationList;
			buildConfigurations = (
				C6B56FE52AA8B60D003905C3 /* Debug */,
				C6B56FE62AA8B60D003905C3 /* Release */,
			);
			defaultConfigurationIsVisible = 0;
			defaultConfigurationName = Release;
		};
		C6B56FE72AA8B60D003905C3 /* Build configuration list for PBXNativeTarget "QuoteHub" */ = {
			isa = XCConfigurationList;
			buildConfigurations = (
				C6B56FE82AA8B60D003905C3 /* Debug */,
				C6B56FE92AA8B60D003905C3 /* Release */,
			);
			defaultConfigurationIsVisible = 0;
			defaultConfigurationName = Release;
		};
/* End XCConfigurationList section */

/* Begin XCRemoteSwiftPackageReference section */
		974D0B712CA2EFE5009135A8 /* XCRemoteSwiftPackageReference "GoogleSignIn-iOS" */ = {
			isa = XCRemoteSwiftPackageReference;
			repositoryURL = "https://github.com/google/GoogleSignIn-iOS";
			requirement = {
				kind = upToNextMajorVersion;
				minimumVersion = 8.0.0;
			};
		};
		C694A2DD2AC3FFBA00574D20 /* XCRemoteSwiftPackageReference "Alamofire" */ = {
			isa = XCRemoteSwiftPackageReference;
			repositoryURL = "https://github.com/Alamofire/Alamofire.git";
			requirement = {
				kind = upToNextMajorVersion;
				minimumVersion = 5.0.0;
			};
		};
		C697D0F62AC8F64400F0111B /* XCRemoteSwiftPackageReference "SDWebImageSwiftUI" */ = {
			isa = XCRemoteSwiftPackageReference;
			repositoryURL = "https://github.com/SDWebImage/SDWebImageSwiftUI.git";
			requirement = {
				kind = upToNextMajorVersion;
				minimumVersion = 2.0.0;
			};
		};
		C6DE7F542AF76EA30020F5CB /* XCRemoteSwiftPackageReference "TabBar" */ = {
			isa = XCRemoteSwiftPackageReference;
			repositoryURL = "https://github.com/onl1ner/TabBar.git";
			requirement = {
				kind = upToNextMajorVersion;
				minimumVersion = 1.3.0;
			};
		};
/* End XCRemoteSwiftPackageReference section */

/* Begin XCSwiftPackageProductDependency section */
		974D0B722CA2EFE5009135A8 /* GoogleSignIn */ = {
			isa = XCSwiftPackageProductDependency;
			package = 974D0B712CA2EFE5009135A8 /* XCRemoteSwiftPackageReference "GoogleSignIn-iOS" */;
			productName = GoogleSignIn;
		};
		974D0B742CA2EFE5009135A8 /* GoogleSignInSwift */ = {
			isa = XCSwiftPackageProductDependency;
			package = 974D0B712CA2EFE5009135A8 /* XCRemoteSwiftPackageReference "GoogleSignIn-iOS" */;
			productName = GoogleSignInSwift;
		};
		C694A2DE2AC3FFBA00574D20 /* Alamofire */ = {
			isa = XCSwiftPackageProductDependency;
			package = C694A2DD2AC3FFBA00574D20 /* XCRemoteSwiftPackageReference "Alamofire" */;
			productName = Alamofire;
		};
		C697D0F72AC8F64400F0111B /* SDWebImageSwiftUI */ = {
			isa = XCSwiftPackageProductDependency;
			package = C697D0F62AC8F64400F0111B /* XCRemoteSwiftPackageReference "SDWebImageSwiftUI" */;
			productName = SDWebImageSwiftUI;
		};
		C6DE7F552AF76EA30020F5CB /* TabBar */ = {
			isa = XCSwiftPackageProductDependency;
			package = C6DE7F542AF76EA30020F5CB /* XCRemoteSwiftPackageReference "TabBar" */;
			productName = TabBar;
		};
/* End XCSwiftPackageProductDependency section */
	};
	rootObject = C6B56FD12AA8B60B003905C3 /* Project object */;
}
